
Microsoft Visual Studio Solution File, Format Version 12.00
# Visual Studio 2010
Project("{2150E333-8FDC-42A3-9474-1A3956D46DE8}") = "src", "src", "{A9836F9E-6DB3-4D9F-ADCA-CF42D8C8BA93}"
EndProject
Project("{2150E333-8FDC-42A3-9474-1A3956D46DE8}") = "test", "test", "{C40883CD-366D-4534-8B58-3EA0D13136DF}"
EndProject
Project("{FAE04EC0-301F-11D3-BF4B-00C04F79EFBC}") = "System.Web.Razor", "src\System.Web.Razor\System.Web.Razor.csproj", "{8F18041B-9410-4C36-A9C5-067813DF5F31}"
EndProject
Project("{FAE04EC0-301F-11D3-BF4B-00C04F79EFBC}") = "System.Web.WebPages.Deployment", "src\System.Web.WebPages.Deployment\System.Web.WebPages.Deployment.csproj", "{22BABB60-8F02-4027-AFFC-ACF069954536}"
EndProject
Project("{FAE04EC0-301F-11D3-BF4B-00C04F79EFBC}") = "System.Web.WebPages", "src\System.Web.WebPages\System.Web.WebPages.csproj", "{76EFA9C5-8D7E-4FDF-B710-E20F8B6B00D2}"
EndProject
Project("{FAE04EC0-301F-11D3-BF4B-00C04F79EFBC}") = "System.Web.Helpers", "src\System.Web.Helpers\System.Web.Helpers.csproj", "{9B7E3740-6161-4548-833C-4BBCA43B970E}"
EndProject
Project("{FAE04EC0-301F-11D3-BF4B-00C04F79EFBC}") = "System.Web.WebPages.Razor", "src\System.Web.WebPages.Razor\System.Web.WebPages.Razor.csproj", "{0939B11A-FE4E-4BA1-8AD6-D97741EE314F}"
EndProject
Project("{FAE04EC0-301F-11D3-BF4B-00C04F79EFBC}") = "WebMatrix.Data", "src\WebMatrix.Data\WebMatrix.Data.csproj", "{4D39BAAF-8A96-473E-AB79-C8A341885137}"
EndProject
Project("{FAE04EC0-301F-11D3-BF4B-00C04F79EFBC}") = "WebMatrix.WebData", "src\WebMatrix.WebData\WebMatrix.WebData.csproj", "{55A15F40-1435-4248-A7F2-2A146BB83586}"
EndProject
Project("{FAE04EC0-301F-11D3-BF4B-00C04F79EFBC}") = "Microsoft.Web.Helpers", "src\Microsoft.Web.Helpers\Microsoft.Web.Helpers.csproj", "{0C7CE809-0F72-4C19-8C64-D6573E4D9521}"
EndProject
Project("{FAE04EC0-301F-11D3-BF4B-00C04F79EFBC}") = "System.Web.WebPages.Administration", "src\System.Web.WebPages.Administration\System.Web.WebPages.Administration.csproj", "{C23F02FC-4538-43F5-ABBA-38BA069AEA8F}"
EndProject
Project("{FAE04EC0-301F-11D3-BF4B-00C04F79EFBC}") = "System.Web.Mvc", "src\System.Web.Mvc\System.Web.Mvc.csproj", "{3D3FFD8A-624D-4E9B-954B-E1C105507975}"
EndProject
Project("{FAE04EC0-301F-11D3-BF4B-00C04F79EFBC}") = "Microsoft.Web.Mvc", "src\Microsoft.Web.Mvc\Microsoft.Web.Mvc.csproj", "{D3CF7430-6DA4-42B0-BD90-CA39D16687B2}"
EndProject
Project("{FAE04EC0-301F-11D3-BF4B-00C04F79EFBC}") = "System.Web.Razor.Test", "test\System.Web.Razor.Test\System.Web.Razor.Test.csproj", "{0BB62A1D-E6B5-49FA-9E3C-6AF679A66DFE}"
EndProject
Project("{FAE04EC0-301F-11D3-BF4B-00C04F79EFBC}") = "System.Web.WebPages.Deployment.Test", "test\System.Web.WebPages.Deployment.Test\System.Web.WebPages.Deployment.Test.csproj", "{268DEE9D-F323-4A00-8ED8-3784388C3E3A}"
EndProject
Project("{FAE04EC0-301F-11D3-BF4B-00C04F79EFBC}") = "System.Web.WebPages.Test", "test\System.Web.WebPages.Test\System.Web.WebPages.Test.csproj", "{0F4870DB-A799-4DBA-99DF-0D74BB52FEC2}"
EndProject
Project("{FAE04EC0-301F-11D3-BF4B-00C04F79EFBC}") = "System.Web.Helpers.Test", "test\System.Web.Helpers.Test\System.Web.Helpers.Test.csproj", "{D3313BDF-8071-4AC8-9D98-ABF7F9E88A57}"
EndProject
Project("{FAE04EC0-301F-11D3-BF4B-00C04F79EFBC}") = "System.Web.WebPages.Razor.Test", "test\System.Web.WebPages.Razor.Test\System.Web.WebPages.Razor.Test.csproj", "{66A74F3C-A106-4C1E-BAA0-001908FEA2CA}"
EndProject
Project("{FAE04EC0-301F-11D3-BF4B-00C04F79EFBC}") = "WebMatrix.Data.Test", "test\WebMatrix.Data.Test\WebMatrix.Data.Test.csproj", "{E2D008A9-4D1D-4F6B-8325-4ED717D6EA0A}"
EndProject
Project("{FAE04EC0-301F-11D3-BF4B-00C04F79EFBC}") = "WebMatrix.WebData.Test", "test\WebMatrix.WebData.Test\WebMatrix.WebData.Test.csproj", "{CD48EB41-92A5-4628-A0F7-6A43DF58827E}"
EndProject
Project("{FAE04EC0-301F-11D3-BF4B-00C04F79EFBC}") = "Microsoft.Web.Helpers.Test", "test\Microsoft.Web.Helpers.Test\Microsoft.Web.Helpers.Test.csproj", "{2C653A66-8159-4A41-954F-A67915DFDA87}"
EndProject
Project("{FAE04EC0-301F-11D3-BF4B-00C04F79EFBC}") = "System.Web.WebPages.Administration.Test", "test\System.Web.WebPages.Administration.Test\System.Web.WebPages.Administration.Test.csproj", "{21C729D6-ECF8-47EF-A236-7C6A4272EAF0}"
EndProject
Project("{FAE04EC0-301F-11D3-BF4B-00C04F79EFBC}") = "System.Web.Mvc.Test", "test\System.Web.Mvc.Test\System.Web.Mvc.Test.csproj", "{8AC2A2E4-2F11-4D40-A887-62E2583A65E6}"
EndProject
Project("{FAE04EC0-301F-11D3-BF4B-00C04F79EFBC}") = "Microsoft.Web.Mvc.Test", "test\Microsoft.Web.Mvc.Test\Microsoft.Web.Mvc.Test.csproj", "{6C28DA70-60F1-4442-967F-591BF3962EC5}"
EndProject
Project("{FAE04EC0-301F-11D3-BF4B-00C04F79EFBC}") = "System.Web.Http", "src\System.Web.Http\System.Web.Http.csproj", "{DDC1CE0C-486E-4E35-BB3B-EAB61F8F9440}"
EndProject
Project("{FAE04EC0-301F-11D3-BF4B-00C04F79EFBC}") = "System.Web.Http.Test", "test\System.Web.Http.Test\System.Web.Http.Test.csproj", "{7F2C796F-43B2-4F8F-ABFF-A154EC8AAFA1}"
EndProject
Project("{FAE04EC0-301F-11D3-BF4B-00C04F79EFBC}") = "System.Json", "src\System.Json\System.Json.csproj", "{F0441BE9-BDC0-4629-BE5A-8765FFAA2481}"
EndProject
Project("{FAE04EC0-301F-11D3-BF4B-00C04F79EFBC}") = "System.Net.Http.Formatting", "src\System.Net.Http.Formatting\System.Net.Http.Formatting.csproj", "{668E9021-CE84-49D9-98FB-DF125A9FCDB0}"
EndProject
Project("{FAE04EC0-301F-11D3-BF4B-00C04F79EFBC}") = "Microsoft.TestCommon", "test\Microsoft.TestCommon\Microsoft.TestCommon.csproj", "{FCCC4CB7-BAF7-4A57-9F89-E5766FE536C0}"
EndProject
Project("{FAE04EC0-301F-11D3-BF4B-00C04F79EFBC}") = "System.Json.Test.Unit", "test\System.Json.Test.Unit\System.Json.Test.Unit.csproj", "{EB09CD33-992B-4A31-AB95-8673BA90F1CD}"
EndProject
Project("{FAE04EC0-301F-11D3-BF4B-00C04F79EFBC}") = "System.Net.Http.Formatting.Test.Unit", "test\System.Net.Http.Formatting.Test.Unit\System.Net.Http.Formatting.Test.Unit.csproj", "{7AF77741-9158-4D5F-8782-8F21FADF025F}"
EndProject
Project("{FAE04EC0-301F-11D3-BF4B-00C04F79EFBC}") = "System.Json.Test.Integration", "test\System.Json.Test.Integration\System.Json.Test.Integration.csproj", "{A7B1264E-BCE5-42A8-8B5E-001A5360B128}"
EndProject
Project("{FAE04EC0-301F-11D3-BF4B-00C04F79EFBC}") = "System.Net.Http.Formatting.Test.Integration", "test\System.Net.Http.Formatting.Test.Integration\System.Net.Http.Formatting.Test.Integration.csproj", "{6C18CC83-1E4C-42D2-B93E-55D6C363850C}"
EndProject
Project("{FAE04EC0-301F-11D3-BF4B-00C04F79EFBC}") = "System.Web.Http.SelfHost", "src\System.Web.Http.SelfHost\System.Web.Http.SelfHost.csproj", "{66492E69-CE4C-4FB1-9B1F-88DEE09D06F1}"
EndProject
Project("{FAE04EC0-301F-11D3-BF4B-00C04F79EFBC}") = "System.Web.Http.WebHost", "src\System.Web.Http.WebHost\System.Web.Http.WebHost.csproj", "{A0187BC2-8325-4BB2-8697-7F955CF4173E}"
EndProject
Project("{FAE04EC0-301F-11D3-BF4B-00C04F79EFBC}") = "Microsoft.Web.Http.Data", "src\Microsoft.Web.Http.Data\Microsoft.Web.Http.Data.csproj", "{ACE91549-D86E-4EB6-8C2A-5FF51386BB68}"
EndProject
Project("{FAE04EC0-301F-11D3-BF4B-00C04F79EFBC}") = "Microsoft.Web.Http.Data.EntityFramework", "src\Microsoft.Web.Http.Data.EntityFramework\Microsoft.Web.Http.Data.EntityFramework.csproj", "{653F3946-541C-42D3-BBC1-CE89B392BDA9}"
EndProject
Project("{FAE04EC0-301F-11D3-BF4B-00C04F79EFBC}") = "Microsoft.Web.Http.Data.Test", "test\Microsoft.Web.Http.Data.Test\Microsoft.Web.Http.Data.Test.csproj", "{81876811-6C36-492A-9609-F0E85990FBC9}"
EndProject
Project("{FAE04EC0-301F-11D3-BF4B-00C04F79EFBC}") = "System.Web.Http.Integration.Test", "test\System.Web.Http.Integration.Test\System.Web.Http.Integration.Test.csproj", "{3267DFC6-B34D-4011-BC0F-D3B56AF6F608}"
EndProject
Project("{FAE04EC0-301F-11D3-BF4B-00C04F79EFBC}") = "System.Web.Http.WebHost.Test", "test\System.Web.Http.WebHost.Test\System.Web.Http.WebHost.Test.csproj", "{EA62944F-BD25-4730-9405-9BE8FF5BEACD}"
EndProject
Project("{FAE04EC0-301F-11D3-BF4B-00C04F79EFBC}") = "Microsoft.Web.Http.Data.Helpers", "src\Microsoft.Web.Http.Data.Helpers\Microsoft.Web.Http.Data.Helpers.csproj", "{B6895A1B-382F-4A69-99EC-E965E19B0AB3}"
EndProject
Project("{FAE04EC0-301F-11D3-BF4B-00C04F79EFBC}") = "SPA", "src\SPA\SPA.csproj", "{1ACEF677-B6A0-4680-A076-7893DE176D6B}"
EndProject
Project("{FAE04EC0-301F-11D3-BF4B-00C04F79EFBC}") = "SPA.Test", "test\SPA.Test\SPA.Test.csproj", "{7B8601F8-8D1F-4B9C-8C20-772B673A2FA6}"
	ProjectSection(ProjectDependencies) = postProject
		{1ACEF677-B6A0-4680-A076-7893DE176D6B} = {1ACEF677-B6A0-4680-A076-7893DE176D6B}
	EndProjectSection
EndProject
Project("{FAE04EC0-301F-11D3-BF4B-00C04F79EFBC}") = "Microsoft.Web.WebPages.OAuth", "src\Microsoft.Web.WebPages.OAuth\Microsoft.Web.WebPages.OAuth.csproj", "{4CBFC7D3-1600-4CE5-BC6B-AC7BC2D6F853}"
EndProject
Project("{FAE04EC0-301F-11D3-BF4B-00C04F79EFBC}") = "Microsoft.Web.WebPages.OAuth.Test", "test\Microsoft.Web.WebPages.OAuth.Test\Microsoft.Web.WebPages.OAuth.Test.csproj", "{694C6EDF-EA52-438F-B745-82B025ECC0E7}"
EndProject
Project("{FAE04EC0-301F-11D3-BF4B-00C04F79EFBC}") = "System.Web.Http.SelfHost.Test", "test\System.Web.Http.SelfHost.Test\System.Web.Http.SelfHost.Test.csproj", "{7F29EE87-6A63-43C6-B7FF-74DD06815830}"
EndProject
Global
	GlobalSection(SolutionConfigurationPlatforms) = preSolution
		Debug|Any CPU = Debug|Any CPU
		Release|Any CPU = Release|Any CPU
	EndGlobalSection
	GlobalSection(ProjectConfigurationPlatforms) = postSolution
		{8F18041B-9410-4C36-A9C5-067813DF5F31}.Debug|Any CPU.ActiveCfg = Debug|Any CPU
		{8F18041B-9410-4C36-A9C5-067813DF5F31}.Debug|Any CPU.Build.0 = Debug|Any CPU
		{8F18041B-9410-4C36-A9C5-067813DF5F31}.Release|Any CPU.ActiveCfg = Release|Any CPU
		{8F18041B-9410-4C36-A9C5-067813DF5F31}.Release|Any CPU.Build.0 = Release|Any CPU
		{22BABB60-8F02-4027-AFFC-ACF069954536}.Debug|Any CPU.ActiveCfg = Debug|Any CPU
		{22BABB60-8F02-4027-AFFC-ACF069954536}.Debug|Any CPU.Build.0 = Debug|Any CPU
		{22BABB60-8F02-4027-AFFC-ACF069954536}.Release|Any CPU.ActiveCfg = Release|Any CPU
		{22BABB60-8F02-4027-AFFC-ACF069954536}.Release|Any CPU.Build.0 = Release|Any CPU
		{76EFA9C5-8D7E-4FDF-B710-E20F8B6B00D2}.Debug|Any CPU.ActiveCfg = Debug|Any CPU
		{76EFA9C5-8D7E-4FDF-B710-E20F8B6B00D2}.Debug|Any CPU.Build.0 = Debug|Any CPU
		{76EFA9C5-8D7E-4FDF-B710-E20F8B6B00D2}.Release|Any CPU.ActiveCfg = Release|Any CPU
		{76EFA9C5-8D7E-4FDF-B710-E20F8B6B00D2}.Release|Any CPU.Build.0 = Release|Any CPU
		{9B7E3740-6161-4548-833C-4BBCA43B970E}.Debug|Any CPU.ActiveCfg = Debug|Any CPU
		{9B7E3740-6161-4548-833C-4BBCA43B970E}.Debug|Any CPU.Build.0 = Debug|Any CPU
		{9B7E3740-6161-4548-833C-4BBCA43B970E}.Release|Any CPU.ActiveCfg = Release|Any CPU
		{9B7E3740-6161-4548-833C-4BBCA43B970E}.Release|Any CPU.Build.0 = Release|Any CPU
		{0939B11A-FE4E-4BA1-8AD6-D97741EE314F}.Debug|Any CPU.ActiveCfg = Debug|Any CPU
		{0939B11A-FE4E-4BA1-8AD6-D97741EE314F}.Debug|Any CPU.Build.0 = Debug|Any CPU
		{0939B11A-FE4E-4BA1-8AD6-D97741EE314F}.Release|Any CPU.ActiveCfg = Release|Any CPU
		{0939B11A-FE4E-4BA1-8AD6-D97741EE314F}.Release|Any CPU.Build.0 = Release|Any CPU
		{4D39BAAF-8A96-473E-AB79-C8A341885137}.Debug|Any CPU.ActiveCfg = Debug|Any CPU
		{4D39BAAF-8A96-473E-AB79-C8A341885137}.Debug|Any CPU.Build.0 = Debug|Any CPU
		{4D39BAAF-8A96-473E-AB79-C8A341885137}.Release|Any CPU.ActiveCfg = Release|Any CPU
		{4D39BAAF-8A96-473E-AB79-C8A341885137}.Release|Any CPU.Build.0 = Release|Any CPU
		{55A15F40-1435-4248-A7F2-2A146BB83586}.Debug|Any CPU.ActiveCfg = Debug|Any CPU
		{55A15F40-1435-4248-A7F2-2A146BB83586}.Debug|Any CPU.Build.0 = Debug|Any CPU
		{55A15F40-1435-4248-A7F2-2A146BB83586}.Release|Any CPU.ActiveCfg = Release|Any CPU
		{55A15F40-1435-4248-A7F2-2A146BB83586}.Release|Any CPU.Build.0 = Release|Any CPU
		{0C7CE809-0F72-4C19-8C64-D6573E4D9521}.Debug|Any CPU.ActiveCfg = Debug|Any CPU
		{0C7CE809-0F72-4C19-8C64-D6573E4D9521}.Debug|Any CPU.Build.0 = Debug|Any CPU
		{0C7CE809-0F72-4C19-8C64-D6573E4D9521}.Release|Any CPU.ActiveCfg = Release|Any CPU
		{0C7CE809-0F72-4C19-8C64-D6573E4D9521}.Release|Any CPU.Build.0 = Release|Any CPU
		{C23F02FC-4538-43F5-ABBA-38BA069AEA8F}.Debug|Any CPU.ActiveCfg = Debug|Any CPU
		{C23F02FC-4538-43F5-ABBA-38BA069AEA8F}.Debug|Any CPU.Build.0 = Debug|Any CPU
		{C23F02FC-4538-43F5-ABBA-38BA069AEA8F}.Release|Any CPU.ActiveCfg = Release|Any CPU
		{C23F02FC-4538-43F5-ABBA-38BA069AEA8F}.Release|Any CPU.Build.0 = Release|Any CPU
		{3D3FFD8A-624D-4E9B-954B-E1C105507975}.Debug|Any CPU.ActiveCfg = Debug|Any CPU
		{3D3FFD8A-624D-4E9B-954B-E1C105507975}.Debug|Any CPU.Build.0 = Debug|Any CPU
		{3D3FFD8A-624D-4E9B-954B-E1C105507975}.Release|Any CPU.ActiveCfg = Release|Any CPU
		{3D3FFD8A-624D-4E9B-954B-E1C105507975}.Release|Any CPU.Build.0 = Release|Any CPU
		{D3CF7430-6DA4-42B0-BD90-CA39D16687B2}.Debug|Any CPU.ActiveCfg = Debug|Any CPU
		{D3CF7430-6DA4-42B0-BD90-CA39D16687B2}.Debug|Any CPU.Build.0 = Debug|Any CPU
		{D3CF7430-6DA4-42B0-BD90-CA39D16687B2}.Release|Any CPU.ActiveCfg = Release|Any CPU
		{D3CF7430-6DA4-42B0-BD90-CA39D16687B2}.Release|Any CPU.Build.0 = Release|Any CPU
		{0BB62A1D-E6B5-49FA-9E3C-6AF679A66DFE}.Debug|Any CPU.ActiveCfg = Debug|Any CPU
		{0BB62A1D-E6B5-49FA-9E3C-6AF679A66DFE}.Debug|Any CPU.Build.0 = Debug|Any CPU
		{0BB62A1D-E6B5-49FA-9E3C-6AF679A66DFE}.Release|Any CPU.ActiveCfg = Release|Any CPU
		{0BB62A1D-E6B5-49FA-9E3C-6AF679A66DFE}.Release|Any CPU.Build.0 = Release|Any CPU
		{268DEE9D-F323-4A00-8ED8-3784388C3E3A}.Debug|Any CPU.ActiveCfg = Debug|Any CPU
		{268DEE9D-F323-4A00-8ED8-3784388C3E3A}.Debug|Any CPU.Build.0 = Debug|Any CPU
		{268DEE9D-F323-4A00-8ED8-3784388C3E3A}.Release|Any CPU.ActiveCfg = Release|Any CPU
		{268DEE9D-F323-4A00-8ED8-3784388C3E3A}.Release|Any CPU.Build.0 = Release|Any CPU
		{0F4870DB-A799-4DBA-99DF-0D74BB52FEC2}.Debug|Any CPU.ActiveCfg = Debug|Any CPU
		{0F4870DB-A799-4DBA-99DF-0D74BB52FEC2}.Debug|Any CPU.Build.0 = Debug|Any CPU
		{0F4870DB-A799-4DBA-99DF-0D74BB52FEC2}.Release|Any CPU.ActiveCfg = Release|Any CPU
		{0F4870DB-A799-4DBA-99DF-0D74BB52FEC2}.Release|Any CPU.Build.0 = Release|Any CPU
		{D3313BDF-8071-4AC8-9D98-ABF7F9E88A57}.Debug|Any CPU.ActiveCfg = Debug|Any CPU
		{D3313BDF-8071-4AC8-9D98-ABF7F9E88A57}.Debug|Any CPU.Build.0 = Debug|Any CPU
		{D3313BDF-8071-4AC8-9D98-ABF7F9E88A57}.Release|Any CPU.ActiveCfg = Release|Any CPU
		{D3313BDF-8071-4AC8-9D98-ABF7F9E88A57}.Release|Any CPU.Build.0 = Release|Any CPU
		{66A74F3C-A106-4C1E-BAA0-001908FEA2CA}.Debug|Any CPU.ActiveCfg = Debug|Any CPU
		{66A74F3C-A106-4C1E-BAA0-001908FEA2CA}.Debug|Any CPU.Build.0 = Debug|Any CPU
		{66A74F3C-A106-4C1E-BAA0-001908FEA2CA}.Release|Any CPU.ActiveCfg = Release|Any CPU
		{66A74F3C-A106-4C1E-BAA0-001908FEA2CA}.Release|Any CPU.Build.0 = Release|Any CPU
		{E2D008A9-4D1D-4F6B-8325-4ED717D6EA0A}.Debug|Any CPU.ActiveCfg = Debug|Any CPU
		{E2D008A9-4D1D-4F6B-8325-4ED717D6EA0A}.Debug|Any CPU.Build.0 = Debug|Any CPU
		{E2D008A9-4D1D-4F6B-8325-4ED717D6EA0A}.Release|Any CPU.ActiveCfg = Release|Any CPU
		{E2D008A9-4D1D-4F6B-8325-4ED717D6EA0A}.Release|Any CPU.Build.0 = Release|Any CPU
		{CD48EB41-92A5-4628-A0F7-6A43DF58827E}.Debug|Any CPU.ActiveCfg = Debug|Any CPU
		{CD48EB41-92A5-4628-A0F7-6A43DF58827E}.Debug|Any CPU.Build.0 = Debug|Any CPU
		{CD48EB41-92A5-4628-A0F7-6A43DF58827E}.Release|Any CPU.ActiveCfg = Release|Any CPU
		{CD48EB41-92A5-4628-A0F7-6A43DF58827E}.Release|Any CPU.Build.0 = Release|Any CPU
		{2C653A66-8159-4A41-954F-A67915DFDA87}.Debug|Any CPU.ActiveCfg = Debug|Any CPU
		{2C653A66-8159-4A41-954F-A67915DFDA87}.Debug|Any CPU.Build.0 = Debug|Any CPU
		{2C653A66-8159-4A41-954F-A67915DFDA87}.Release|Any CPU.ActiveCfg = Release|Any CPU
		{2C653A66-8159-4A41-954F-A67915DFDA87}.Release|Any CPU.Build.0 = Release|Any CPU
		{21C729D6-ECF8-47EF-A236-7C6A4272EAF0}.Debug|Any CPU.ActiveCfg = Debug|Any CPU
		{21C729D6-ECF8-47EF-A236-7C6A4272EAF0}.Debug|Any CPU.Build.0 = Debug|Any CPU
		{21C729D6-ECF8-47EF-A236-7C6A4272EAF0}.Release|Any CPU.ActiveCfg = Release|Any CPU
		{21C729D6-ECF8-47EF-A236-7C6A4272EAF0}.Release|Any CPU.Build.0 = Release|Any CPU
		{8AC2A2E4-2F11-4D40-A887-62E2583A65E6}.Debug|Any CPU.ActiveCfg = Debug|Any CPU
		{8AC2A2E4-2F11-4D40-A887-62E2583A65E6}.Debug|Any CPU.Build.0 = Debug|Any CPU
		{8AC2A2E4-2F11-4D40-A887-62E2583A65E6}.Release|Any CPU.ActiveCfg = Release|Any CPU
		{8AC2A2E4-2F11-4D40-A887-62E2583A65E6}.Release|Any CPU.Build.0 = Release|Any CPU
		{6C28DA70-60F1-4442-967F-591BF3962EC5}.Debug|Any CPU.ActiveCfg = Debug|Any CPU
		{6C28DA70-60F1-4442-967F-591BF3962EC5}.Debug|Any CPU.Build.0 = Debug|Any CPU
		{6C28DA70-60F1-4442-967F-591BF3962EC5}.Release|Any CPU.ActiveCfg = Release|Any CPU
		{6C28DA70-60F1-4442-967F-591BF3962EC5}.Release|Any CPU.Build.0 = Release|Any CPU
		{DDC1CE0C-486E-4E35-BB3B-EAB61F8F9440}.Debug|Any CPU.ActiveCfg = Debug|Any CPU
		{DDC1CE0C-486E-4E35-BB3B-EAB61F8F9440}.Debug|Any CPU.Build.0 = Debug|Any CPU
		{DDC1CE0C-486E-4E35-BB3B-EAB61F8F9440}.Release|Any CPU.ActiveCfg = Release|Any CPU
		{DDC1CE0C-486E-4E35-BB3B-EAB61F8F9440}.Release|Any CPU.Build.0 = Release|Any CPU
		{7F2C796F-43B2-4F8F-ABFF-A154EC8AAFA1}.Debug|Any CPU.ActiveCfg = Debug|Any CPU
		{7F2C796F-43B2-4F8F-ABFF-A154EC8AAFA1}.Debug|Any CPU.Build.0 = Debug|Any CPU
		{7F2C796F-43B2-4F8F-ABFF-A154EC8AAFA1}.Release|Any CPU.ActiveCfg = Release|Any CPU
		{7F2C796F-43B2-4F8F-ABFF-A154EC8AAFA1}.Release|Any CPU.Build.0 = Release|Any CPU
		{F0441BE9-BDC0-4629-BE5A-8765FFAA2481}.Debug|Any CPU.ActiveCfg = Debug|Any CPU
		{F0441BE9-BDC0-4629-BE5A-8765FFAA2481}.Debug|Any CPU.Build.0 = Debug|Any CPU
		{F0441BE9-BDC0-4629-BE5A-8765FFAA2481}.Release|Any CPU.ActiveCfg = Release|Any CPU
		{F0441BE9-BDC0-4629-BE5A-8765FFAA2481}.Release|Any CPU.Build.0 = Release|Any CPU
		{668E9021-CE84-49D9-98FB-DF125A9FCDB0}.Debug|Any CPU.ActiveCfg = Debug|Any CPU
		{668E9021-CE84-49D9-98FB-DF125A9FCDB0}.Debug|Any CPU.Build.0 = Debug|Any CPU
		{668E9021-CE84-49D9-98FB-DF125A9FCDB0}.Release|Any CPU.ActiveCfg = Release|Any CPU
		{668E9021-CE84-49D9-98FB-DF125A9FCDB0}.Release|Any CPU.Build.0 = Release|Any CPU
		{FCCC4CB7-BAF7-4A57-9F89-E5766FE536C0}.Debug|Any CPU.ActiveCfg = Debug|Any CPU
		{FCCC4CB7-BAF7-4A57-9F89-E5766FE536C0}.Debug|Any CPU.Build.0 = Debug|Any CPU
		{FCCC4CB7-BAF7-4A57-9F89-E5766FE536C0}.Release|Any CPU.ActiveCfg = Release|Any CPU
		{FCCC4CB7-BAF7-4A57-9F89-E5766FE536C0}.Release|Any CPU.Build.0 = Release|Any CPU
		{EB09CD33-992B-4A31-AB95-8673BA90F1CD}.Debug|Any CPU.ActiveCfg = Debug|Any CPU
		{EB09CD33-992B-4A31-AB95-8673BA90F1CD}.Debug|Any CPU.Build.0 = Debug|Any CPU
		{EB09CD33-992B-4A31-AB95-8673BA90F1CD}.Release|Any CPU.ActiveCfg = Release|Any CPU
		{EB09CD33-992B-4A31-AB95-8673BA90F1CD}.Release|Any CPU.Build.0 = Release|Any CPU
		{7AF77741-9158-4D5F-8782-8F21FADF025F}.Debug|Any CPU.ActiveCfg = Debug|Any CPU
		{7AF77741-9158-4D5F-8782-8F21FADF025F}.Debug|Any CPU.Build.0 = Debug|Any CPU
		{7AF77741-9158-4D5F-8782-8F21FADF025F}.Release|Any CPU.ActiveCfg = Release|Any CPU
		{7AF77741-9158-4D5F-8782-8F21FADF025F}.Release|Any CPU.Build.0 = Release|Any CPU
		{A7B1264E-BCE5-42A8-8B5E-001A5360B128}.Debug|Any CPU.ActiveCfg = Debug|Any CPU
		{A7B1264E-BCE5-42A8-8B5E-001A5360B128}.Debug|Any CPU.Build.0 = Debug|Any CPU
		{A7B1264E-BCE5-42A8-8B5E-001A5360B128}.Release|Any CPU.ActiveCfg = Release|Any CPU
		{A7B1264E-BCE5-42A8-8B5E-001A5360B128}.Release|Any CPU.Build.0 = Release|Any CPU
		{6C18CC83-1E4C-42D2-B93E-55D6C363850C}.Debug|Any CPU.ActiveCfg = Debug|Any CPU
		{6C18CC83-1E4C-42D2-B93E-55D6C363850C}.Debug|Any CPU.Build.0 = Debug|Any CPU
		{6C18CC83-1E4C-42D2-B93E-55D6C363850C}.Release|Any CPU.ActiveCfg = Release|Any CPU
		{6C18CC83-1E4C-42D2-B93E-55D6C363850C}.Release|Any CPU.Build.0 = Release|Any CPU
		{66492E69-CE4C-4FB1-9B1F-88DEE09D06F1}.Debug|Any CPU.ActiveCfg = Debug|Any CPU
		{66492E69-CE4C-4FB1-9B1F-88DEE09D06F1}.Debug|Any CPU.Build.0 = Debug|Any CPU
		{66492E69-CE4C-4FB1-9B1F-88DEE09D06F1}.Release|Any CPU.ActiveCfg = Release|Any CPU
		{66492E69-CE4C-4FB1-9B1F-88DEE09D06F1}.Release|Any CPU.Build.0 = Release|Any CPU
		{A0187BC2-8325-4BB2-8697-7F955CF4173E}.Debug|Any CPU.ActiveCfg = Debug|Any CPU
		{A0187BC2-8325-4BB2-8697-7F955CF4173E}.Debug|Any CPU.Build.0 = Debug|Any CPU
		{A0187BC2-8325-4BB2-8697-7F955CF4173E}.Release|Any CPU.ActiveCfg = Release|Any CPU
		{A0187BC2-8325-4BB2-8697-7F955CF4173E}.Release|Any CPU.Build.0 = Release|Any CPU
		{ACE91549-D86E-4EB6-8C2A-5FF51386BB68}.Debug|Any CPU.ActiveCfg = Debug|Any CPU
		{ACE91549-D86E-4EB6-8C2A-5FF51386BB68}.Debug|Any CPU.Build.0 = Debug|Any CPU
		{ACE91549-D86E-4EB6-8C2A-5FF51386BB68}.Release|Any CPU.ActiveCfg = Release|Any CPU
		{ACE91549-D86E-4EB6-8C2A-5FF51386BB68}.Release|Any CPU.Build.0 = Release|Any CPU
		{653F3946-541C-42D3-BBC1-CE89B392BDA9}.Debug|Any CPU.ActiveCfg = Debug|Any CPU
		{653F3946-541C-42D3-BBC1-CE89B392BDA9}.Debug|Any CPU.Build.0 = Debug|Any CPU
		{653F3946-541C-42D3-BBC1-CE89B392BDA9}.Release|Any CPU.ActiveCfg = Release|Any CPU
		{653F3946-541C-42D3-BBC1-CE89B392BDA9}.Release|Any CPU.Build.0 = Release|Any CPU
		{81876811-6C36-492A-9609-F0E85990FBC9}.Debug|Any CPU.ActiveCfg = Debug|Any CPU
		{81876811-6C36-492A-9609-F0E85990FBC9}.Debug|Any CPU.Build.0 = Debug|Any CPU
		{81876811-6C36-492A-9609-F0E85990FBC9}.Release|Any CPU.ActiveCfg = Release|Any CPU
		{81876811-6C36-492A-9609-F0E85990FBC9}.Release|Any CPU.Build.0 = Release|Any CPU
		{3267DFC6-B34D-4011-BC0F-D3B56AF6F608}.Debug|Any CPU.ActiveCfg = Debug|Any CPU
		{3267DFC6-B34D-4011-BC0F-D3B56AF6F608}.Debug|Any CPU.Build.0 = Debug|Any CPU
		{3267DFC6-B34D-4011-BC0F-D3B56AF6F608}.Release|Any CPU.ActiveCfg = Release|Any CPU
		{3267DFC6-B34D-4011-BC0F-D3B56AF6F608}.Release|Any CPU.Build.0 = Release|Any CPU
		{EA62944F-BD25-4730-9405-9BE8FF5BEACD}.Debug|Any CPU.ActiveCfg = Debug|Any CPU
		{EA62944F-BD25-4730-9405-9BE8FF5BEACD}.Debug|Any CPU.Build.0 = Debug|Any CPU
		{EA62944F-BD25-4730-9405-9BE8FF5BEACD}.Release|Any CPU.ActiveCfg = Release|Any CPU
		{EA62944F-BD25-4730-9405-9BE8FF5BEACD}.Release|Any CPU.Build.0 = Release|Any CPU
		{B6895A1B-382F-4A69-99EC-E965E19B0AB3}.Debug|Any CPU.ActiveCfg = Debug|Any CPU
		{B6895A1B-382F-4A69-99EC-E965E19B0AB3}.Debug|Any CPU.Build.0 = Debug|Any CPU
		{B6895A1B-382F-4A69-99EC-E965E19B0AB3}.Release|Any CPU.ActiveCfg = Release|Any CPU
		{B6895A1B-382F-4A69-99EC-E965E19B0AB3}.Release|Any CPU.Build.0 = Release|Any CPU
		{1ACEF677-B6A0-4680-A076-7893DE176D6B}.Debug|Any CPU.ActiveCfg = Debug|Any CPU
		{1ACEF677-B6A0-4680-A076-7893DE176D6B}.Debug|Any CPU.Build.0 = Debug|Any CPU
		{1ACEF677-B6A0-4680-A076-7893DE176D6B}.Release|Any CPU.ActiveCfg = Release|Any CPU
		{1ACEF677-B6A0-4680-A076-7893DE176D6B}.Release|Any CPU.Build.0 = Release|Any CPU
		{7B8601F8-8D1F-4B9C-8C20-772B673A2FA6}.Debug|Any CPU.ActiveCfg = Debug|Any CPU
		{7B8601F8-8D1F-4B9C-8C20-772B673A2FA6}.Release|Any CPU.ActiveCfg = Release|Any CPU
		{4CBFC7D3-1600-4CE5-BC6B-AC7BC2D6F853}.Debug|Any CPU.ActiveCfg = Debug|Any CPU
		{4CBFC7D3-1600-4CE5-BC6B-AC7BC2D6F853}.Debug|Any CPU.Build.0 = Debug|Any CPU
		{4CBFC7D3-1600-4CE5-BC6B-AC7BC2D6F853}.Release|Any CPU.ActiveCfg = Release|Any CPU
		{4CBFC7D3-1600-4CE5-BC6B-AC7BC2D6F853}.Release|Any CPU.Build.0 = Release|Any CPU
		{694C6EDF-EA52-438F-B745-82B025ECC0E7}.Debug|Any CPU.ActiveCfg = Debug|Any CPU
		{694C6EDF-EA52-438F-B745-82B025ECC0E7}.Debug|Any CPU.Build.0 = Debug|Any CPU
		{694C6EDF-EA52-438F-B745-82B025ECC0E7}.Release|Any CPU.ActiveCfg = Release|Any CPU
		{694C6EDF-EA52-438F-B745-82B025ECC0E7}.Release|Any CPU.Build.0 = Release|Any CPU
		{7F29EE87-6A63-43C6-B7FF-74DD06815830}.Debug|Any CPU.ActiveCfg = Debug|Any CPU
		{7F29EE87-6A63-43C6-B7FF-74DD06815830}.Debug|Any CPU.Build.0 = Debug|Any CPU
		{7F29EE87-6A63-43C6-B7FF-74DD06815830}.Release|Any CPU.ActiveCfg = Release|Any CPU
		{7F29EE87-6A63-43C6-B7FF-74DD06815830}.Release|Any CPU.Build.0 = Release|Any CPU
	EndGlobalSection
	GlobalSection(SolutionProperties) = preSolution
		HideSolutionNode = FALSE
	EndGlobalSection
	GlobalSection(NestedProjects) = preSolution
		{8F18041B-9410-4C36-A9C5-067813DF5F31} = {A9836F9E-6DB3-4D9F-ADCA-CF42D8C8BA93}
		{22BABB60-8F02-4027-AFFC-ACF069954536} = {A9836F9E-6DB3-4D9F-ADCA-CF42D8C8BA93}
		{76EFA9C5-8D7E-4FDF-B710-E20F8B6B00D2} = {A9836F9E-6DB3-4D9F-ADCA-CF42D8C8BA93}
		{9B7E3740-6161-4548-833C-4BBCA43B970E} = {A9836F9E-6DB3-4D9F-ADCA-CF42D8C8BA93}
		{0939B11A-FE4E-4BA1-8AD6-D97741EE314F} = {A9836F9E-6DB3-4D9F-ADCA-CF42D8C8BA93}
		{4D39BAAF-8A96-473E-AB79-C8A341885137} = {A9836F9E-6DB3-4D9F-ADCA-CF42D8C8BA93}
		{55A15F40-1435-4248-A7F2-2A146BB83586} = {A9836F9E-6DB3-4D9F-ADCA-CF42D8C8BA93}
		{0C7CE809-0F72-4C19-8C64-D6573E4D9521} = {A9836F9E-6DB3-4D9F-ADCA-CF42D8C8BA93}
		{C23F02FC-4538-43F5-ABBA-38BA069AEA8F} = {A9836F9E-6DB3-4D9F-ADCA-CF42D8C8BA93}
		{3D3FFD8A-624D-4E9B-954B-E1C105507975} = {A9836F9E-6DB3-4D9F-ADCA-CF42D8C8BA93}
		{D3CF7430-6DA4-42B0-BD90-CA39D16687B2} = {A9836F9E-6DB3-4D9F-ADCA-CF42D8C8BA93}
		{DDC1CE0C-486E-4E35-BB3B-EAB61F8F9440} = {A9836F9E-6DB3-4D9F-ADCA-CF42D8C8BA93}
		{F0441BE9-BDC0-4629-BE5A-8765FFAA2481} = {A9836F9E-6DB3-4D9F-ADCA-CF42D8C8BA93}
		{668E9021-CE84-49D9-98FB-DF125A9FCDB0} = {A9836F9E-6DB3-4D9F-ADCA-CF42D8C8BA93}
		{66492E69-CE4C-4FB1-9B1F-88DEE09D06F1} = {A9836F9E-6DB3-4D9F-ADCA-CF42D8C8BA93}
		{A0187BC2-8325-4BB2-8697-7F955CF4173E} = {A9836F9E-6DB3-4D9F-ADCA-CF42D8C8BA93}
		{ACE91549-D86E-4EB6-8C2A-5FF51386BB68} = {A9836F9E-6DB3-4D9F-ADCA-CF42D8C8BA93}
		{653F3946-541C-42D3-BBC1-CE89B392BDA9} = {A9836F9E-6DB3-4D9F-ADCA-CF42D8C8BA93}
		{B6895A1B-382F-4A69-99EC-E965E19B0AB3} = {A9836F9E-6DB3-4D9F-ADCA-CF42D8C8BA93}
		{1ACEF677-B6A0-4680-A076-7893DE176D6B} = {A9836F9E-6DB3-4D9F-ADCA-CF42D8C8BA93}
		{4CBFC7D3-1600-4CE5-BC6B-AC7BC2D6F853} = {A9836F9E-6DB3-4D9F-ADCA-CF42D8C8BA93}
		{0BB62A1D-E6B5-49FA-9E3C-6AF679A66DFE} = {C40883CD-366D-4534-8B58-3EA0D13136DF}
		{268DEE9D-F323-4A00-8ED8-3784388C3E3A} = {C40883CD-366D-4534-8B58-3EA0D13136DF}
		{0F4870DB-A799-4DBA-99DF-0D74BB52FEC2} = {C40883CD-366D-4534-8B58-3EA0D13136DF}
		{D3313BDF-8071-4AC8-9D98-ABF7F9E88A57} = {C40883CD-366D-4534-8B58-3EA0D13136DF}
		{66A74F3C-A106-4C1E-BAA0-001908FEA2CA} = {C40883CD-366D-4534-8B58-3EA0D13136DF}
		{E2D008A9-4D1D-4F6B-8325-4ED717D6EA0A} = {C40883CD-366D-4534-8B58-3EA0D13136DF}
		{CD48EB41-92A5-4628-A0F7-6A43DF58827E} = {C40883CD-366D-4534-8B58-3EA0D13136DF}
		{2C653A66-8159-4A41-954F-A67915DFDA87} = {C40883CD-366D-4534-8B58-3EA0D13136DF}
		{21C729D6-ECF8-47EF-A236-7C6A4272EAF0} = {C40883CD-366D-4534-8B58-3EA0D13136DF}
		{8AC2A2E4-2F11-4D40-A887-62E2583A65E6} = {C40883CD-366D-4534-8B58-3EA0D13136DF}
		{6C28DA70-60F1-4442-967F-591BF3962EC5} = {C40883CD-366D-4534-8B58-3EA0D13136DF}
		{7F2C796F-43B2-4F8F-ABFF-A154EC8AAFA1} = {C40883CD-366D-4534-8B58-3EA0D13136DF}
		{FCCC4CB7-BAF7-4A57-9F89-E5766FE536C0} = {C40883CD-366D-4534-8B58-3EA0D13136DF}
		{EB09CD33-992B-4A31-AB95-8673BA90F1CD} = {C40883CD-366D-4534-8B58-3EA0D13136DF}
		{7AF77741-9158-4D5F-8782-8F21FADF025F} = {C40883CD-366D-4534-8B58-3EA0D13136DF}
		{A7B1264E-BCE5-42A8-8B5E-001A5360B128} = {C40883CD-366D-4534-8B58-3EA0D13136DF}
		{6C18CC83-1E4C-42D2-B93E-55D6C363850C} = {C40883CD-366D-4534-8B58-3EA0D13136DF}
		{81876811-6C36-492A-9609-F0E85990FBC9} = {C40883CD-366D-4534-8B58-3EA0D13136DF}
		{3267DFC6-B34D-4011-BC0F-D3B56AF6F608} = {C40883CD-366D-4534-8B58-3EA0D13136DF}
		{EA62944F-BD25-4730-9405-9BE8FF5BEACD} = {C40883CD-366D-4534-8B58-3EA0D13136DF}
		{7B8601F8-8D1F-4B9C-8C20-772B673A2FA6} = {C40883CD-366D-4534-8B58-3EA0D13136DF}
		{694C6EDF-EA52-438F-B745-82B025ECC0E7} = {C40883CD-366D-4534-8B58-3EA0D13136DF}
		{7F29EE87-6A63-43C6-B7FF-74DD06815830} = {C40883CD-366D-4534-8B58-3EA0D13136DF}
	EndGlobalSection
EndGlobal
