
Microsoft Visual Studio Solution File, Format Version 12.00
# Visual Studio 14
VisualStudioVersion = 14.0.23107.0
MinimumVisualStudioVersion = 10.0.40219.1
Project("{2150E333-8FDC-42A3-9474-1A3956D46DE8}") = "RESTier", "RESTier", "{DC013D33-01F8-497B-9E53-B110A62F6463}"
EndProject
Project("{2150E333-8FDC-42A3-9474-1A3956D46DE8}") = "src", "src", "{D5E947EB-03CB-4D04-8937-FF2131BB1F04}"
EndProject
Project("{2150E333-8FDC-42A3-9474-1A3956D46DE8}") = "Core", "Core", "{3F748477-9CDD-485C-A885-1FEC14A24331}"
EndProject
Project("{FAE04EC0-301F-11D3-BF4B-00C04F79EFBC}") = "Microsoft.Restier.Core", "..\..\RESTier\src\Microsoft.Restier.Core\Microsoft.Restier.Core.csproj", "{F1BEAB8D-82D4-4BBB-A5C6-BA0E6872E508}"
EndProject
Project("{2150E333-8FDC-42A3-9474-1A3956D46DE8}") = "Modules", "Modules", "{8C1F84BA-3888-4FC5-A286-506A11C54463}"
EndProject
Project("{FAE04EC0-301F-11D3-BF4B-00C04F79EFBC}") = "Microsoft.Restier.Conventions", "..\..\RESTier\src\Microsoft.Restier.Conventions\Microsoft.Restier.Conventions.csproj", "{5A10C8BB-5CA0-4D41-A731-45CD29A30D34}"
EndProject
Project("{FAE04EC0-301F-11D3-BF4B-00C04F79EFBC}") = "Microsoft.Restier.Security", "..\..\RESTier\src\Microsoft.Restier.Security\Microsoft.Restier.Security.csproj", "{B15A5064-F0D2-480C-A51E-3430A8360827}"
EndProject
Project("{2150E333-8FDC-42A3-9474-1A3956D46DE8}") = "Providers", "Providers", "{0355FEC8-17CF-44B4-9D24-685266A349FB}"
EndProject
Project("{FAE04EC0-301F-11D3-BF4B-00C04F79EFBC}") = "Microsoft.Restier.EntityFramework", "..\..\RESTier\src\Microsoft.Restier.EntityFramework\Microsoft.Restier.EntityFramework.csproj", "{F7EC910E-17CE-4579-84C5-36D3777B3218}"
EndProject
Project("{2150E333-8FDC-42A3-9474-1A3956D46DE8}") = "Publishers", "Publishers", "{432208D4-54DF-453E-96AE-CB7721461030}"
EndProject
Project("{FAE04EC0-301F-11D3-BF4B-00C04F79EFBC}") = "Microsoft.Restier.WebApi", "..\..\RESTier\src\Microsoft.Restier.WebApi\Microsoft.Restier.WebApi.csproj", "{186F667E-54E5-4B57-9998-21D74CB77C24}"
EndProject
Project("{2150E333-8FDC-42A3-9474-1A3956D46DE8}") = "test", "test", "{552DD8A7-2F3A-4D0F-B623-B7D832C6C62B}"
EndProject
Project("{FAE04EC0-301F-11D3-BF4B-00C04F79EFBC}") = "Microsoft.Restier.Core.Tests", "..\..\RESTier\test\Microsoft.Restier.Core.Tests\Microsoft.Restier.Core.Tests.csproj", "{D1F0FA28-73A1-4202-807B-DCAF5FFEDC2F}"
EndProject
Project("{2150E333-8FDC-42A3-9474-1A3956D46DE8}") = "Samples", "Samples", "{E136CA13-ECD1-4565-B183-A48F78570DE3}"
EndProject
Project("{FAE04EC0-301F-11D3-BF4B-00C04F79EFBC}") = "Microsoft.Restier.Samples.Northwind", "..\..\RESTier\src\Microsoft.Restier.Samples.Northwind\Microsoft.Restier.Samples.Northwind.csproj", "{BCE769AD-2D64-4EAD-B83D-1328621CF6E6}"
EndProject
Project("{2150E333-8FDC-42A3-9474-1A3956D46DE8}") = "ODataEndToEndTests", "ODataEndToEndTests", "{4AC28EC2-FBCF-44CA-A922-0B257F55DE0D}"
EndProject
Project("{FAE04EC0-301F-11D3-BF4B-00C04F79EFBC}") = "Microsoft.Restier.WebApi.Test.Scenario", "..\..\RESTier\test\ODataEndToEndTests\Microsoft.Restier.WebApi.Test.Scenario\Microsoft.Restier.WebApi.Test.Scenario.csproj", "{C5FDAD47-4449-42FC-904F-C7FEBD0F4DB7}"
EndProject
Project("{FAE04EC0-301F-11D3-BF4B-00C04F79EFBC}") = "Microsoft.Restier.WebApi.Test.Services.Trippin", "..\..\RESTier\test\ODataEndToEndTests\Microsoft.Restier.WebApi.Test.Services.Trippin\Microsoft.Restier.WebApi.Test.Services.Trippin.csproj", "{B379640E-9064-438D-8DA5-6F7B394C2C46}"
EndProject
Project("{FAE04EC0-301F-11D3-BF4B-00C04F79EFBC}") = "Microsoft.Restier.WebApi.Test", "..\..\RESTier\test\Microsoft.Restier.WebApi.Test\Microsoft.Restier.WebApi.Test.csproj", "{31FE1F5B-7CD8-48F1-9CE3-4E57A0066440}"
EndProject
Project("{FAE04EC0-301F-11D3-BF4B-00C04F79EFBC}") = "Microsoft.Restier.Conventions.Test", "..\..\RESTier\test\Microsoft.Restier.Conventions.Test\Microsoft.Restier.Conventions.Test.csproj", "{1629B189-52CE-4450-8377-7A9503C98C74}"
EndProject
Project("{FAE04EC0-301F-11D3-BF4B-00C04F79EFBC}") = "Microsoft.Restier.EntityFramework.Tests", "..\..\RESTier\test\Microsoft.Restier.EntityFramework.Tests\Microsoft.Restier.EntityFramework.Tests.csproj", "{04B29D57-8004-45FF-8C41-C49E0F20707C}"
EndProject
Project("{FAE04EC0-301F-11D3-BF4B-00C04F79EFBC}") = "Microsoft.Restier.TestCommon", "..\..\RESTier\test\Microsoft.Restier.TestCommon\Microsoft.Restier.TestCommon.csproj", "{C2CC463B-9F69-401E-89B3-FA1F9A44E253}"
EndProject
Project("{2150E333-8FDC-42A3-9474-1A3956D46DE8}") = "OData.net", "OData.net", "{1BCDC2B5-41C1-4D1E-9C55-D83DEEEE6C29}"
EndProject
Project("{FAE04EC0-301F-11D3-BF4B-00C04F79EFBC}") = "Microsoft.OData.Core", "..\..\odata.net\src\Microsoft.OData.Core\Microsoft.OData.Core.csproj", "{989A83CC-B864-4A75-8BF3-5EDA99203A86}"
EndProject
Project("{FAE04EC0-301F-11D3-BF4B-00C04F79EFBC}") = "Microsoft.OData.Edm", "..\..\odata.net\src\Microsoft.OData.Edm\Microsoft.OData.Edm.csproj", "{7D921888-FE03-4C3F-80FE-2F624505461C}"
EndProject
Project("{FAE04EC0-301F-11D3-BF4B-00C04F79EFBC}") = "Microsoft.Spatial", "..\..\odata.net\src\Microsoft.Spatial\Microsoft.Spatial.csproj", "{5D921888-FE03-4C3F-40FE-2F624505461D}"
EndProject
Project("{2150E333-8FDC-42A3-9474-1A3956D46DE8}") = "WebApi", "WebApi", "{4D1C4AB5-0407-4D17-BEBD-7E82D1E4FF45}"
EndProject
Project("{2150E333-8FDC-42A3-9474-1A3956D46DE8}") = "src", "src", "{37602CEE-9596-4A1B-B987-097368F47293}"
EndProject
Project("{2150E333-8FDC-42A3-9474-1A3956D46DE8}") = "test", "test", "{930DD223-DF23-4C4A-B63A-C68983CD0F41}"
EndProject
Project("{FAE04EC0-301F-11D3-BF4B-00C04F79EFBC}") = "System.Web.OData", "src\System.Web.OData\System.Web.OData.csproj", "{D23E28F1-CCD0-43E0-8C0D-36731EC91318}"
EndProject
Project("{FAE04EC0-301F-11D3-BF4B-00C04F79EFBC}") = "Microsoft.TestCommon", "test\UnitTest\Microsoft.TestCommon\Microsoft.TestCommon.csproj", "{FCCC4CB7-BAF7-4A57-9F89-E5766FE536C0}"
EndProject
Project("{FAE04EC0-301F-11D3-BF4B-00C04F79EFBC}") = "System.Web.OData.Test", "test\UnitTest\System.Web.OData.Test\System.Web.OData.Test.csproj", "{66EFD03D-95B7-4C7E-83AC-1A8BD6C12612}"
EndProject
Project("{FAE04EC0-301F-11D3-BF4B-00C04F79EFBC}") = "Microsoft.OData.Client", "..\..\odata.net\src\Microsoft.OData.Client\Microsoft.OData.Client.csproj", "{D1567C63-4A0D-4E18-A14E-79699B9BFFFF}"
EndProject
Global
	GlobalSection(SolutionConfigurationPlatforms) = preSolution
		CodeAnalysis|Any CPU = CodeAnalysis|Any CPU
		CodeAnalysis|x64 = CodeAnalysis|x64
		CodeAnalysis|x86 = CodeAnalysis|x86
		Cover|Any CPU = Cover|Any CPU
		Cover|x64 = Cover|x64
		Cover|x86 = Cover|x86
		Debug|Any CPU = Debug|Any CPU
		Debug|x64 = Debug|x64
		Debug|x86 = Debug|x86
		Release|Any CPU = Release|Any CPU
		Release|x64 = Release|x64
		Release|x86 = Release|x86
	EndGlobalSection
	GlobalSection(ProjectConfigurationPlatforms) = postSolution
		{F1BEAB8D-82D4-4BBB-A5C6-BA0E6872E508}.CodeAnalysis|Any CPU.ActiveCfg = Release|Any CPU
		{F1BEAB8D-82D4-4BBB-A5C6-BA0E6872E508}.CodeAnalysis|Any CPU.Build.0 = Release|Any CPU
		{F1BEAB8D-82D4-4BBB-A5C6-BA0E6872E508}.CodeAnalysis|x64.ActiveCfg = Release|Any CPU
		{F1BEAB8D-82D4-4BBB-A5C6-BA0E6872E508}.CodeAnalysis|x64.Build.0 = Release|Any CPU
		{F1BEAB8D-82D4-4BBB-A5C6-BA0E6872E508}.CodeAnalysis|x86.ActiveCfg = Release|Any CPU
		{F1BEAB8D-82D4-4BBB-A5C6-BA0E6872E508}.CodeAnalysis|x86.Build.0 = Release|Any CPU
		{F1BEAB8D-82D4-4BBB-A5C6-BA0E6872E508}.Cover|Any CPU.ActiveCfg = Release|Any CPU
		{F1BEAB8D-82D4-4BBB-A5C6-BA0E6872E508}.Cover|Any CPU.Build.0 = Release|Any CPU
		{F1BEAB8D-82D4-4BBB-A5C6-BA0E6872E508}.Cover|x64.ActiveCfg = Release|Any CPU
		{F1BEAB8D-82D4-4BBB-A5C6-BA0E6872E508}.Cover|x64.Build.0 = Release|Any CPU
		{F1BEAB8D-82D4-4BBB-A5C6-BA0E6872E508}.Cover|x86.ActiveCfg = Release|Any CPU
		{F1BEAB8D-82D4-4BBB-A5C6-BA0E6872E508}.Cover|x86.Build.0 = Release|Any CPU
		{F1BEAB8D-82D4-4BBB-A5C6-BA0E6872E508}.Debug|Any CPU.ActiveCfg = Debug|Any CPU
		{F1BEAB8D-82D4-4BBB-A5C6-BA0E6872E508}.Debug|Any CPU.Build.0 = Debug|Any CPU
		{F1BEAB8D-82D4-4BBB-A5C6-BA0E6872E508}.Debug|x64.ActiveCfg = Debug|Any CPU
		{F1BEAB8D-82D4-4BBB-A5C6-BA0E6872E508}.Debug|x64.Build.0 = Debug|Any CPU
		{F1BEAB8D-82D4-4BBB-A5C6-BA0E6872E508}.Debug|x86.ActiveCfg = Debug|Any CPU
		{F1BEAB8D-82D4-4BBB-A5C6-BA0E6872E508}.Debug|x86.Build.0 = Debug|Any CPU
		{F1BEAB8D-82D4-4BBB-A5C6-BA0E6872E508}.Release|Any CPU.ActiveCfg = Release|Any CPU
		{F1BEAB8D-82D4-4BBB-A5C6-BA0E6872E508}.Release|Any CPU.Build.0 = Release|Any CPU
		{F1BEAB8D-82D4-4BBB-A5C6-BA0E6872E508}.Release|x64.ActiveCfg = Release|Any CPU
		{F1BEAB8D-82D4-4BBB-A5C6-BA0E6872E508}.Release|x64.Build.0 = Release|Any CPU
		{F1BEAB8D-82D4-4BBB-A5C6-BA0E6872E508}.Release|x86.ActiveCfg = Release|Any CPU
		{F1BEAB8D-82D4-4BBB-A5C6-BA0E6872E508}.Release|x86.Build.0 = Release|Any CPU
		{5A10C8BB-5CA0-4D41-A731-45CD29A30D34}.CodeAnalysis|Any CPU.ActiveCfg = Release|Any CPU
		{5A10C8BB-5CA0-4D41-A731-45CD29A30D34}.CodeAnalysis|Any CPU.Build.0 = Release|Any CPU
		{5A10C8BB-5CA0-4D41-A731-45CD29A30D34}.CodeAnalysis|x64.ActiveCfg = Release|Any CPU
		{5A10C8BB-5CA0-4D41-A731-45CD29A30D34}.CodeAnalysis|x64.Build.0 = Release|Any CPU
		{5A10C8BB-5CA0-4D41-A731-45CD29A30D34}.CodeAnalysis|x86.ActiveCfg = Release|Any CPU
		{5A10C8BB-5CA0-4D41-A731-45CD29A30D34}.CodeAnalysis|x86.Build.0 = Release|Any CPU
		{5A10C8BB-5CA0-4D41-A731-45CD29A30D34}.Cover|Any CPU.ActiveCfg = Release|Any CPU
		{5A10C8BB-5CA0-4D41-A731-45CD29A30D34}.Cover|Any CPU.Build.0 = Release|Any CPU
		{5A10C8BB-5CA0-4D41-A731-45CD29A30D34}.Cover|x64.ActiveCfg = Release|Any CPU
		{5A10C8BB-5CA0-4D41-A731-45CD29A30D34}.Cover|x64.Build.0 = Release|Any CPU
		{5A10C8BB-5CA0-4D41-A731-45CD29A30D34}.Cover|x86.ActiveCfg = Release|Any CPU
		{5A10C8BB-5CA0-4D41-A731-45CD29A30D34}.Cover|x86.Build.0 = Release|Any CPU
		{5A10C8BB-5CA0-4D41-A731-45CD29A30D34}.Debug|Any CPU.ActiveCfg = Debug|Any CPU
		{5A10C8BB-5CA0-4D41-A731-45CD29A30D34}.Debug|Any CPU.Build.0 = Debug|Any CPU
		{5A10C8BB-5CA0-4D41-A731-45CD29A30D34}.Debug|x64.ActiveCfg = Debug|Any CPU
		{5A10C8BB-5CA0-4D41-A731-45CD29A30D34}.Debug|x64.Build.0 = Debug|Any CPU
		{5A10C8BB-5CA0-4D41-A731-45CD29A30D34}.Debug|x86.ActiveCfg = Debug|Any CPU
		{5A10C8BB-5CA0-4D41-A731-45CD29A30D34}.Debug|x86.Build.0 = Debug|Any CPU
		{5A10C8BB-5CA0-4D41-A731-45CD29A30D34}.Release|Any CPU.ActiveCfg = Release|Any CPU
		{5A10C8BB-5CA0-4D41-A731-45CD29A30D34}.Release|Any CPU.Build.0 = Release|Any CPU
		{5A10C8BB-5CA0-4D41-A731-45CD29A30D34}.Release|x64.ActiveCfg = Release|Any CPU
		{5A10C8BB-5CA0-4D41-A731-45CD29A30D34}.Release|x64.Build.0 = Release|Any CPU
		{5A10C8BB-5CA0-4D41-A731-45CD29A30D34}.Release|x86.ActiveCfg = Release|Any CPU
		{5A10C8BB-5CA0-4D41-A731-45CD29A30D34}.Release|x86.Build.0 = Release|Any CPU
		{B15A5064-F0D2-480C-A51E-3430A8360827}.CodeAnalysis|Any CPU.ActiveCfg = Release|Any CPU
		{B15A5064-F0D2-480C-A51E-3430A8360827}.CodeAnalysis|Any CPU.Build.0 = Release|Any CPU
		{B15A5064-F0D2-480C-A51E-3430A8360827}.CodeAnalysis|x64.ActiveCfg = Release|Any CPU
		{B15A5064-F0D2-480C-A51E-3430A8360827}.CodeAnalysis|x64.Build.0 = Release|Any CPU
		{B15A5064-F0D2-480C-A51E-3430A8360827}.CodeAnalysis|x86.ActiveCfg = Release|Any CPU
		{B15A5064-F0D2-480C-A51E-3430A8360827}.CodeAnalysis|x86.Build.0 = Release|Any CPU
		{B15A5064-F0D2-480C-A51E-3430A8360827}.Cover|Any CPU.ActiveCfg = Release|Any CPU
		{B15A5064-F0D2-480C-A51E-3430A8360827}.Cover|Any CPU.Build.0 = Release|Any CPU
		{B15A5064-F0D2-480C-A51E-3430A8360827}.Cover|x64.ActiveCfg = Release|Any CPU
		{B15A5064-F0D2-480C-A51E-3430A8360827}.Cover|x64.Build.0 = Release|Any CPU
		{B15A5064-F0D2-480C-A51E-3430A8360827}.Cover|x86.ActiveCfg = Release|Any CPU
		{B15A5064-F0D2-480C-A51E-3430A8360827}.Cover|x86.Build.0 = Release|Any CPU
		{B15A5064-F0D2-480C-A51E-3430A8360827}.Debug|Any CPU.ActiveCfg = Debug|Any CPU
		{B15A5064-F0D2-480C-A51E-3430A8360827}.Debug|Any CPU.Build.0 = Debug|Any CPU
		{B15A5064-F0D2-480C-A51E-3430A8360827}.Debug|x64.ActiveCfg = Debug|Any CPU
		{B15A5064-F0D2-480C-A51E-3430A8360827}.Debug|x64.Build.0 = Debug|Any CPU
		{B15A5064-F0D2-480C-A51E-3430A8360827}.Debug|x86.ActiveCfg = Debug|Any CPU
		{B15A5064-F0D2-480C-A51E-3430A8360827}.Debug|x86.Build.0 = Debug|Any CPU
		{B15A5064-F0D2-480C-A51E-3430A8360827}.Release|Any CPU.ActiveCfg = Release|Any CPU
		{B15A5064-F0D2-480C-A51E-3430A8360827}.Release|Any CPU.Build.0 = Release|Any CPU
		{B15A5064-F0D2-480C-A51E-3430A8360827}.Release|x64.ActiveCfg = Release|Any CPU
		{B15A5064-F0D2-480C-A51E-3430A8360827}.Release|x64.Build.0 = Release|Any CPU
		{B15A5064-F0D2-480C-A51E-3430A8360827}.Release|x86.ActiveCfg = Release|Any CPU
		{B15A5064-F0D2-480C-A51E-3430A8360827}.Release|x86.Build.0 = Release|Any CPU
		{F7EC910E-17CE-4579-84C5-36D3777B3218}.CodeAnalysis|Any CPU.ActiveCfg = Release|Any CPU
		{F7EC910E-17CE-4579-84C5-36D3777B3218}.CodeAnalysis|Any CPU.Build.0 = Release|Any CPU
		{F7EC910E-17CE-4579-84C5-36D3777B3218}.CodeAnalysis|x64.ActiveCfg = Release|Any CPU
		{F7EC910E-17CE-4579-84C5-36D3777B3218}.CodeAnalysis|x64.Build.0 = Release|Any CPU
		{F7EC910E-17CE-4579-84C5-36D3777B3218}.CodeAnalysis|x86.ActiveCfg = Release|Any CPU
		{F7EC910E-17CE-4579-84C5-36D3777B3218}.CodeAnalysis|x86.Build.0 = Release|Any CPU
		{F7EC910E-17CE-4579-84C5-36D3777B3218}.Cover|Any CPU.ActiveCfg = Release|Any CPU
		{F7EC910E-17CE-4579-84C5-36D3777B3218}.Cover|Any CPU.Build.0 = Release|Any CPU
		{F7EC910E-17CE-4579-84C5-36D3777B3218}.Cover|x64.ActiveCfg = Release|Any CPU
		{F7EC910E-17CE-4579-84C5-36D3777B3218}.Cover|x64.Build.0 = Release|Any CPU
		{F7EC910E-17CE-4579-84C5-36D3777B3218}.Cover|x86.ActiveCfg = Release|Any CPU
		{F7EC910E-17CE-4579-84C5-36D3777B3218}.Cover|x86.Build.0 = Release|Any CPU
		{F7EC910E-17CE-4579-84C5-36D3777B3218}.Debug|Any CPU.ActiveCfg = Debug|Any CPU
		{F7EC910E-17CE-4579-84C5-36D3777B3218}.Debug|Any CPU.Build.0 = Debug|Any CPU
		{F7EC910E-17CE-4579-84C5-36D3777B3218}.Debug|x64.ActiveCfg = Debug|Any CPU
		{F7EC910E-17CE-4579-84C5-36D3777B3218}.Debug|x64.Build.0 = Debug|Any CPU
		{F7EC910E-17CE-4579-84C5-36D3777B3218}.Debug|x86.ActiveCfg = Debug|Any CPU
		{F7EC910E-17CE-4579-84C5-36D3777B3218}.Debug|x86.Build.0 = Debug|Any CPU
		{F7EC910E-17CE-4579-84C5-36D3777B3218}.Release|Any CPU.ActiveCfg = Release|Any CPU
		{F7EC910E-17CE-4579-84C5-36D3777B3218}.Release|Any CPU.Build.0 = Release|Any CPU
		{F7EC910E-17CE-4579-84C5-36D3777B3218}.Release|x64.ActiveCfg = Release|Any CPU
		{F7EC910E-17CE-4579-84C5-36D3777B3218}.Release|x64.Build.0 = Release|Any CPU
		{F7EC910E-17CE-4579-84C5-36D3777B3218}.Release|x86.ActiveCfg = Release|Any CPU
		{F7EC910E-17CE-4579-84C5-36D3777B3218}.Release|x86.Build.0 = Release|Any CPU
		{186F667E-54E5-4B57-9998-21D74CB77C24}.CodeAnalysis|Any CPU.ActiveCfg = Release|Any CPU
		{186F667E-54E5-4B57-9998-21D74CB77C24}.CodeAnalysis|Any CPU.Build.0 = Release|Any CPU
		{186F667E-54E5-4B57-9998-21D74CB77C24}.CodeAnalysis|x64.ActiveCfg = Release|Any CPU
		{186F667E-54E5-4B57-9998-21D74CB77C24}.CodeAnalysis|x64.Build.0 = Release|Any CPU
		{186F667E-54E5-4B57-9998-21D74CB77C24}.CodeAnalysis|x86.ActiveCfg = Release|Any CPU
		{186F667E-54E5-4B57-9998-21D74CB77C24}.CodeAnalysis|x86.Build.0 = Release|Any CPU
		{186F667E-54E5-4B57-9998-21D74CB77C24}.Cover|Any CPU.ActiveCfg = Release|Any CPU
		{186F667E-54E5-4B57-9998-21D74CB77C24}.Cover|Any CPU.Build.0 = Release|Any CPU
		{186F667E-54E5-4B57-9998-21D74CB77C24}.Cover|x64.ActiveCfg = Release|Any CPU
		{186F667E-54E5-4B57-9998-21D74CB77C24}.Cover|x64.Build.0 = Release|Any CPU
		{186F667E-54E5-4B57-9998-21D74CB77C24}.Cover|x86.ActiveCfg = Release|Any CPU
		{186F667E-54E5-4B57-9998-21D74CB77C24}.Cover|x86.Build.0 = Release|Any CPU
		{186F667E-54E5-4B57-9998-21D74CB77C24}.Debug|Any CPU.ActiveCfg = Debug|Any CPU
		{186F667E-54E5-4B57-9998-21D74CB77C24}.Debug|Any CPU.Build.0 = Debug|Any CPU
		{186F667E-54E5-4B57-9998-21D74CB77C24}.Debug|x64.ActiveCfg = Debug|Any CPU
		{186F667E-54E5-4B57-9998-21D74CB77C24}.Debug|x64.Build.0 = Debug|Any CPU
		{186F667E-54E5-4B57-9998-21D74CB77C24}.Debug|x86.ActiveCfg = Debug|Any CPU
		{186F667E-54E5-4B57-9998-21D74CB77C24}.Debug|x86.Build.0 = Debug|Any CPU
		{186F667E-54E5-4B57-9998-21D74CB77C24}.Release|Any CPU.ActiveCfg = Release|Any CPU
		{186F667E-54E5-4B57-9998-21D74CB77C24}.Release|Any CPU.Build.0 = Release|Any CPU
		{186F667E-54E5-4B57-9998-21D74CB77C24}.Release|x64.ActiveCfg = Release|Any CPU
		{186F667E-54E5-4B57-9998-21D74CB77C24}.Release|x64.Build.0 = Release|Any CPU
		{186F667E-54E5-4B57-9998-21D74CB77C24}.Release|x86.ActiveCfg = Release|Any CPU
		{186F667E-54E5-4B57-9998-21D74CB77C24}.Release|x86.Build.0 = Release|Any CPU
		{D1F0FA28-73A1-4202-807B-DCAF5FFEDC2F}.CodeAnalysis|Any CPU.ActiveCfg = Release|Any CPU
		{D1F0FA28-73A1-4202-807B-DCAF5FFEDC2F}.CodeAnalysis|Any CPU.Build.0 = Release|Any CPU
		{D1F0FA28-73A1-4202-807B-DCAF5FFEDC2F}.CodeAnalysis|x64.ActiveCfg = Release|Any CPU
		{D1F0FA28-73A1-4202-807B-DCAF5FFEDC2F}.CodeAnalysis|x64.Build.0 = Release|Any CPU
		{D1F0FA28-73A1-4202-807B-DCAF5FFEDC2F}.CodeAnalysis|x86.ActiveCfg = Release|Any CPU
		{D1F0FA28-73A1-4202-807B-DCAF5FFEDC2F}.CodeAnalysis|x86.Build.0 = Release|Any CPU
		{D1F0FA28-73A1-4202-807B-DCAF5FFEDC2F}.Cover|Any CPU.ActiveCfg = Release|Any CPU
		{D1F0FA28-73A1-4202-807B-DCAF5FFEDC2F}.Cover|Any CPU.Build.0 = Release|Any CPU
		{D1F0FA28-73A1-4202-807B-DCAF5FFEDC2F}.Cover|x64.ActiveCfg = Release|Any CPU
		{D1F0FA28-73A1-4202-807B-DCAF5FFEDC2F}.Cover|x64.Build.0 = Release|Any CPU
		{D1F0FA28-73A1-4202-807B-DCAF5FFEDC2F}.Cover|x86.ActiveCfg = Release|Any CPU
		{D1F0FA28-73A1-4202-807B-DCAF5FFEDC2F}.Cover|x86.Build.0 = Release|Any CPU
		{D1F0FA28-73A1-4202-807B-DCAF5FFEDC2F}.Debug|Any CPU.ActiveCfg = Debug|Any CPU
		{D1F0FA28-73A1-4202-807B-DCAF5FFEDC2F}.Debug|Any CPU.Build.0 = Debug|Any CPU
		{D1F0FA28-73A1-4202-807B-DCAF5FFEDC2F}.Debug|x64.ActiveCfg = Debug|Any CPU
		{D1F0FA28-73A1-4202-807B-DCAF5FFEDC2F}.Debug|x64.Build.0 = Debug|Any CPU
		{D1F0FA28-73A1-4202-807B-DCAF5FFEDC2F}.Debug|x86.ActiveCfg = Debug|Any CPU
		{D1F0FA28-73A1-4202-807B-DCAF5FFEDC2F}.Debug|x86.Build.0 = Debug|Any CPU
		{D1F0FA28-73A1-4202-807B-DCAF5FFEDC2F}.Release|Any CPU.ActiveCfg = Release|Any CPU
		{D1F0FA28-73A1-4202-807B-DCAF5FFEDC2F}.Release|Any CPU.Build.0 = Release|Any CPU
		{D1F0FA28-73A1-4202-807B-DCAF5FFEDC2F}.Release|x64.ActiveCfg = Release|Any CPU
		{D1F0FA28-73A1-4202-807B-DCAF5FFEDC2F}.Release|x64.Build.0 = Release|Any CPU
		{D1F0FA28-73A1-4202-807B-DCAF5FFEDC2F}.Release|x86.ActiveCfg = Release|Any CPU
		{D1F0FA28-73A1-4202-807B-DCAF5FFEDC2F}.Release|x86.Build.0 = Release|Any CPU
		{BCE769AD-2D64-4EAD-B83D-1328621CF6E6}.CodeAnalysis|Any CPU.ActiveCfg = Release|Any CPU
		{BCE769AD-2D64-4EAD-B83D-1328621CF6E6}.CodeAnalysis|Any CPU.Build.0 = Release|Any CPU
		{BCE769AD-2D64-4EAD-B83D-1328621CF6E6}.CodeAnalysis|x64.ActiveCfg = Release|Any CPU
		{BCE769AD-2D64-4EAD-B83D-1328621CF6E6}.CodeAnalysis|x64.Build.0 = Release|Any CPU
		{BCE769AD-2D64-4EAD-B83D-1328621CF6E6}.CodeAnalysis|x86.ActiveCfg = Release|Any CPU
		{BCE769AD-2D64-4EAD-B83D-1328621CF6E6}.CodeAnalysis|x86.Build.0 = Release|Any CPU
		{BCE769AD-2D64-4EAD-B83D-1328621CF6E6}.Cover|Any CPU.ActiveCfg = Release|Any CPU
		{BCE769AD-2D64-4EAD-B83D-1328621CF6E6}.Cover|Any CPU.Build.0 = Release|Any CPU
		{BCE769AD-2D64-4EAD-B83D-1328621CF6E6}.Cover|x64.ActiveCfg = Release|Any CPU
		{BCE769AD-2D64-4EAD-B83D-1328621CF6E6}.Cover|x64.Build.0 = Release|Any CPU
		{BCE769AD-2D64-4EAD-B83D-1328621CF6E6}.Cover|x86.ActiveCfg = Release|Any CPU
		{BCE769AD-2D64-4EAD-B83D-1328621CF6E6}.Cover|x86.Build.0 = Release|Any CPU
		{BCE769AD-2D64-4EAD-B83D-1328621CF6E6}.Debug|Any CPU.ActiveCfg = Debug|Any CPU
		{BCE769AD-2D64-4EAD-B83D-1328621CF6E6}.Debug|Any CPU.Build.0 = Debug|Any CPU
		{BCE769AD-2D64-4EAD-B83D-1328621CF6E6}.Debug|x64.ActiveCfg = Debug|Any CPU
		{BCE769AD-2D64-4EAD-B83D-1328621CF6E6}.Debug|x64.Build.0 = Debug|Any CPU
		{BCE769AD-2D64-4EAD-B83D-1328621CF6E6}.Debug|x86.ActiveCfg = Debug|Any CPU
		{BCE769AD-2D64-4EAD-B83D-1328621CF6E6}.Debug|x86.Build.0 = Debug|Any CPU
		{BCE769AD-2D64-4EAD-B83D-1328621CF6E6}.Release|Any CPU.ActiveCfg = Release|Any CPU
		{BCE769AD-2D64-4EAD-B83D-1328621CF6E6}.Release|Any CPU.Build.0 = Release|Any CPU
		{BCE769AD-2D64-4EAD-B83D-1328621CF6E6}.Release|x64.ActiveCfg = Release|Any CPU
		{BCE769AD-2D64-4EAD-B83D-1328621CF6E6}.Release|x64.Build.0 = Release|Any CPU
		{BCE769AD-2D64-4EAD-B83D-1328621CF6E6}.Release|x86.ActiveCfg = Release|Any CPU
		{BCE769AD-2D64-4EAD-B83D-1328621CF6E6}.Release|x86.Build.0 = Release|Any CPU
		{C5FDAD47-4449-42FC-904F-C7FEBD0F4DB7}.CodeAnalysis|Any CPU.ActiveCfg = Release|Any CPU
		{C5FDAD47-4449-42FC-904F-C7FEBD0F4DB7}.CodeAnalysis|Any CPU.Build.0 = Release|Any CPU
		{C5FDAD47-4449-42FC-904F-C7FEBD0F4DB7}.CodeAnalysis|x64.ActiveCfg = Release|Any CPU
		{C5FDAD47-4449-42FC-904F-C7FEBD0F4DB7}.CodeAnalysis|x64.Build.0 = Release|Any CPU
		{C5FDAD47-4449-42FC-904F-C7FEBD0F4DB7}.CodeAnalysis|x86.ActiveCfg = Release|Any CPU
		{C5FDAD47-4449-42FC-904F-C7FEBD0F4DB7}.CodeAnalysis|x86.Build.0 = Release|Any CPU
		{C5FDAD47-4449-42FC-904F-C7FEBD0F4DB7}.Cover|Any CPU.ActiveCfg = Release|Any CPU
		{C5FDAD47-4449-42FC-904F-C7FEBD0F4DB7}.Cover|Any CPU.Build.0 = Release|Any CPU
		{C5FDAD47-4449-42FC-904F-C7FEBD0F4DB7}.Cover|x64.ActiveCfg = Release|Any CPU
		{C5FDAD47-4449-42FC-904F-C7FEBD0F4DB7}.Cover|x64.Build.0 = Release|Any CPU
		{C5FDAD47-4449-42FC-904F-C7FEBD0F4DB7}.Cover|x86.ActiveCfg = Release|Any CPU
		{C5FDAD47-4449-42FC-904F-C7FEBD0F4DB7}.Cover|x86.Build.0 = Release|Any CPU
		{C5FDAD47-4449-42FC-904F-C7FEBD0F4DB7}.Debug|Any CPU.ActiveCfg = Debug|Any CPU
		{C5FDAD47-4449-42FC-904F-C7FEBD0F4DB7}.Debug|Any CPU.Build.0 = Debug|Any CPU
		{C5FDAD47-4449-42FC-904F-C7FEBD0F4DB7}.Debug|x64.ActiveCfg = Debug|Any CPU
		{C5FDAD47-4449-42FC-904F-C7FEBD0F4DB7}.Debug|x64.Build.0 = Debug|Any CPU
		{C5FDAD47-4449-42FC-904F-C7FEBD0F4DB7}.Debug|x86.ActiveCfg = Debug|Any CPU
		{C5FDAD47-4449-42FC-904F-C7FEBD0F4DB7}.Debug|x86.Build.0 = Debug|Any CPU
		{C5FDAD47-4449-42FC-904F-C7FEBD0F4DB7}.Release|Any CPU.ActiveCfg = Release|Any CPU
		{C5FDAD47-4449-42FC-904F-C7FEBD0F4DB7}.Release|Any CPU.Build.0 = Release|Any CPU
		{C5FDAD47-4449-42FC-904F-C7FEBD0F4DB7}.Release|x64.ActiveCfg = Release|Any CPU
		{C5FDAD47-4449-42FC-904F-C7FEBD0F4DB7}.Release|x64.Build.0 = Release|Any CPU
		{C5FDAD47-4449-42FC-904F-C7FEBD0F4DB7}.Release|x86.ActiveCfg = Release|Any CPU
		{C5FDAD47-4449-42FC-904F-C7FEBD0F4DB7}.Release|x86.Build.0 = Release|Any CPU
		{B379640E-9064-438D-8DA5-6F7B394C2C46}.CodeAnalysis|Any CPU.ActiveCfg = Release|Any CPU
		{B379640E-9064-438D-8DA5-6F7B394C2C46}.CodeAnalysis|Any CPU.Build.0 = Release|Any CPU
		{B379640E-9064-438D-8DA5-6F7B394C2C46}.CodeAnalysis|x64.ActiveCfg = Release|Any CPU
		{B379640E-9064-438D-8DA5-6F7B394C2C46}.CodeAnalysis|x64.Build.0 = Release|Any CPU
		{B379640E-9064-438D-8DA5-6F7B394C2C46}.CodeAnalysis|x86.ActiveCfg = Release|Any CPU
		{B379640E-9064-438D-8DA5-6F7B394C2C46}.CodeAnalysis|x86.Build.0 = Release|Any CPU
		{B379640E-9064-438D-8DA5-6F7B394C2C46}.Cover|Any CPU.ActiveCfg = Release|Any CPU
		{B379640E-9064-438D-8DA5-6F7B394C2C46}.Cover|Any CPU.Build.0 = Release|Any CPU
		{B379640E-9064-438D-8DA5-6F7B394C2C46}.Cover|x64.ActiveCfg = Release|Any CPU
		{B379640E-9064-438D-8DA5-6F7B394C2C46}.Cover|x64.Build.0 = Release|Any CPU
		{B379640E-9064-438D-8DA5-6F7B394C2C46}.Cover|x86.ActiveCfg = Release|Any CPU
		{B379640E-9064-438D-8DA5-6F7B394C2C46}.Cover|x86.Build.0 = Release|Any CPU
		{B379640E-9064-438D-8DA5-6F7B394C2C46}.Debug|Any CPU.ActiveCfg = Debug|Any CPU
		{B379640E-9064-438D-8DA5-6F7B394C2C46}.Debug|Any CPU.Build.0 = Debug|Any CPU
		{B379640E-9064-438D-8DA5-6F7B394C2C46}.Debug|x64.ActiveCfg = Debug|Any CPU
		{B379640E-9064-438D-8DA5-6F7B394C2C46}.Debug|x64.Build.0 = Debug|Any CPU
		{B379640E-9064-438D-8DA5-6F7B394C2C46}.Debug|x86.ActiveCfg = Debug|Any CPU
		{B379640E-9064-438D-8DA5-6F7B394C2C46}.Debug|x86.Build.0 = Debug|Any CPU
		{B379640E-9064-438D-8DA5-6F7B394C2C46}.Release|Any CPU.ActiveCfg = Release|Any CPU
		{B379640E-9064-438D-8DA5-6F7B394C2C46}.Release|Any CPU.Build.0 = Release|Any CPU
		{B379640E-9064-438D-8DA5-6F7B394C2C46}.Release|x64.ActiveCfg = Release|Any CPU
		{B379640E-9064-438D-8DA5-6F7B394C2C46}.Release|x64.Build.0 = Release|Any CPU
		{B379640E-9064-438D-8DA5-6F7B394C2C46}.Release|x86.ActiveCfg = Release|Any CPU
		{B379640E-9064-438D-8DA5-6F7B394C2C46}.Release|x86.Build.0 = Release|Any CPU
		{31FE1F5B-7CD8-48F1-9CE3-4E57A0066440}.CodeAnalysis|Any CPU.ActiveCfg = Release|Any CPU
		{31FE1F5B-7CD8-48F1-9CE3-4E57A0066440}.CodeAnalysis|Any CPU.Build.0 = Release|Any CPU
		{31FE1F5B-7CD8-48F1-9CE3-4E57A0066440}.CodeAnalysis|x64.ActiveCfg = Release|Any CPU
		{31FE1F5B-7CD8-48F1-9CE3-4E57A0066440}.CodeAnalysis|x64.Build.0 = Release|Any CPU
		{31FE1F5B-7CD8-48F1-9CE3-4E57A0066440}.CodeAnalysis|x86.ActiveCfg = Release|Any CPU
		{31FE1F5B-7CD8-48F1-9CE3-4E57A0066440}.CodeAnalysis|x86.Build.0 = Release|Any CPU
		{31FE1F5B-7CD8-48F1-9CE3-4E57A0066440}.Cover|Any CPU.ActiveCfg = Release|Any CPU
		{31FE1F5B-7CD8-48F1-9CE3-4E57A0066440}.Cover|Any CPU.Build.0 = Release|Any CPU
		{31FE1F5B-7CD8-48F1-9CE3-4E57A0066440}.Cover|x64.ActiveCfg = Release|Any CPU
		{31FE1F5B-7CD8-48F1-9CE3-4E57A0066440}.Cover|x64.Build.0 = Release|Any CPU
		{31FE1F5B-7CD8-48F1-9CE3-4E57A0066440}.Cover|x86.ActiveCfg = Release|Any CPU
		{31FE1F5B-7CD8-48F1-9CE3-4E57A0066440}.Cover|x86.Build.0 = Release|Any CPU
		{31FE1F5B-7CD8-48F1-9CE3-4E57A0066440}.Debug|Any CPU.ActiveCfg = Debug|Any CPU
		{31FE1F5B-7CD8-48F1-9CE3-4E57A0066440}.Debug|Any CPU.Build.0 = Debug|Any CPU
		{31FE1F5B-7CD8-48F1-9CE3-4E57A0066440}.Debug|x64.ActiveCfg = Debug|Any CPU
		{31FE1F5B-7CD8-48F1-9CE3-4E57A0066440}.Debug|x64.Build.0 = Debug|Any CPU
		{31FE1F5B-7CD8-48F1-9CE3-4E57A0066440}.Debug|x86.ActiveCfg = Debug|Any CPU
		{31FE1F5B-7CD8-48F1-9CE3-4E57A0066440}.Debug|x86.Build.0 = Debug|Any CPU
		{31FE1F5B-7CD8-48F1-9CE3-4E57A0066440}.Release|Any CPU.ActiveCfg = Release|Any CPU
		{31FE1F5B-7CD8-48F1-9CE3-4E57A0066440}.Release|Any CPU.Build.0 = Release|Any CPU
		{31FE1F5B-7CD8-48F1-9CE3-4E57A0066440}.Release|x64.ActiveCfg = Release|Any CPU
		{31FE1F5B-7CD8-48F1-9CE3-4E57A0066440}.Release|x64.Build.0 = Release|Any CPU
		{31FE1F5B-7CD8-48F1-9CE3-4E57A0066440}.Release|x86.ActiveCfg = Release|Any CPU
		{31FE1F5B-7CD8-48F1-9CE3-4E57A0066440}.Release|x86.Build.0 = Release|Any CPU
		{1629B189-52CE-4450-8377-7A9503C98C74}.CodeAnalysis|Any CPU.ActiveCfg = Release|Any CPU
		{1629B189-52CE-4450-8377-7A9503C98C74}.CodeAnalysis|Any CPU.Build.0 = Release|Any CPU
		{1629B189-52CE-4450-8377-7A9503C98C74}.CodeAnalysis|x64.ActiveCfg = Release|Any CPU
		{1629B189-52CE-4450-8377-7A9503C98C74}.CodeAnalysis|x64.Build.0 = Release|Any CPU
		{1629B189-52CE-4450-8377-7A9503C98C74}.CodeAnalysis|x86.ActiveCfg = Release|Any CPU
		{1629B189-52CE-4450-8377-7A9503C98C74}.CodeAnalysis|x86.Build.0 = Release|Any CPU
		{1629B189-52CE-4450-8377-7A9503C98C74}.Cover|Any CPU.ActiveCfg = Release|Any CPU
		{1629B189-52CE-4450-8377-7A9503C98C74}.Cover|Any CPU.Build.0 = Release|Any CPU
		{1629B189-52CE-4450-8377-7A9503C98C74}.Cover|x64.ActiveCfg = Release|Any CPU
		{1629B189-52CE-4450-8377-7A9503C98C74}.Cover|x64.Build.0 = Release|Any CPU
		{1629B189-52CE-4450-8377-7A9503C98C74}.Cover|x86.ActiveCfg = Release|Any CPU
		{1629B189-52CE-4450-8377-7A9503C98C74}.Cover|x86.Build.0 = Release|Any CPU
		{1629B189-52CE-4450-8377-7A9503C98C74}.Debug|Any CPU.ActiveCfg = Debug|Any CPU
		{1629B189-52CE-4450-8377-7A9503C98C74}.Debug|Any CPU.Build.0 = Debug|Any CPU
		{1629B189-52CE-4450-8377-7A9503C98C74}.Debug|x64.ActiveCfg = Debug|Any CPU
		{1629B189-52CE-4450-8377-7A9503C98C74}.Debug|x64.Build.0 = Debug|Any CPU
		{1629B189-52CE-4450-8377-7A9503C98C74}.Debug|x86.ActiveCfg = Debug|Any CPU
		{1629B189-52CE-4450-8377-7A9503C98C74}.Debug|x86.Build.0 = Debug|Any CPU
		{1629B189-52CE-4450-8377-7A9503C98C74}.Release|Any CPU.ActiveCfg = Release|Any CPU
		{1629B189-52CE-4450-8377-7A9503C98C74}.Release|Any CPU.Build.0 = Release|Any CPU
		{1629B189-52CE-4450-8377-7A9503C98C74}.Release|x64.ActiveCfg = Release|Any CPU
		{1629B189-52CE-4450-8377-7A9503C98C74}.Release|x64.Build.0 = Release|Any CPU
		{1629B189-52CE-4450-8377-7A9503C98C74}.Release|x86.ActiveCfg = Release|Any CPU
		{1629B189-52CE-4450-8377-7A9503C98C74}.Release|x86.Build.0 = Release|Any CPU
		{04B29D57-8004-45FF-8C41-C49E0F20707C}.CodeAnalysis|Any CPU.ActiveCfg = Release|Any CPU
		{04B29D57-8004-45FF-8C41-C49E0F20707C}.CodeAnalysis|Any CPU.Build.0 = Release|Any CPU
		{04B29D57-8004-45FF-8C41-C49E0F20707C}.CodeAnalysis|x64.ActiveCfg = Release|Any CPU
		{04B29D57-8004-45FF-8C41-C49E0F20707C}.CodeAnalysis|x64.Build.0 = Release|Any CPU
		{04B29D57-8004-45FF-8C41-C49E0F20707C}.CodeAnalysis|x86.ActiveCfg = Release|Any CPU
		{04B29D57-8004-45FF-8C41-C49E0F20707C}.CodeAnalysis|x86.Build.0 = Release|Any CPU
		{04B29D57-8004-45FF-8C41-C49E0F20707C}.Cover|Any CPU.ActiveCfg = Release|Any CPU
		{04B29D57-8004-45FF-8C41-C49E0F20707C}.Cover|Any CPU.Build.0 = Release|Any CPU
		{04B29D57-8004-45FF-8C41-C49E0F20707C}.Cover|x64.ActiveCfg = Release|Any CPU
		{04B29D57-8004-45FF-8C41-C49E0F20707C}.Cover|x64.Build.0 = Release|Any CPU
		{04B29D57-8004-45FF-8C41-C49E0F20707C}.Cover|x86.ActiveCfg = Release|Any CPU
		{04B29D57-8004-45FF-8C41-C49E0F20707C}.Cover|x86.Build.0 = Release|Any CPU
		{04B29D57-8004-45FF-8C41-C49E0F20707C}.Debug|Any CPU.ActiveCfg = Debug|Any CPU
		{04B29D57-8004-45FF-8C41-C49E0F20707C}.Debug|Any CPU.Build.0 = Debug|Any CPU
		{04B29D57-8004-45FF-8C41-C49E0F20707C}.Debug|x64.ActiveCfg = Debug|Any CPU
		{04B29D57-8004-45FF-8C41-C49E0F20707C}.Debug|x64.Build.0 = Debug|Any CPU
		{04B29D57-8004-45FF-8C41-C49E0F20707C}.Debug|x86.ActiveCfg = Debug|Any CPU
		{04B29D57-8004-45FF-8C41-C49E0F20707C}.Debug|x86.Build.0 = Debug|Any CPU
		{04B29D57-8004-45FF-8C41-C49E0F20707C}.Release|Any CPU.ActiveCfg = Release|Any CPU
		{04B29D57-8004-45FF-8C41-C49E0F20707C}.Release|Any CPU.Build.0 = Release|Any CPU
		{04B29D57-8004-45FF-8C41-C49E0F20707C}.Release|x64.ActiveCfg = Release|Any CPU
		{04B29D57-8004-45FF-8C41-C49E0F20707C}.Release|x64.Build.0 = Release|Any CPU
		{04B29D57-8004-45FF-8C41-C49E0F20707C}.Release|x86.ActiveCfg = Release|Any CPU
		{04B29D57-8004-45FF-8C41-C49E0F20707C}.Release|x86.Build.0 = Release|Any CPU
		{C2CC463B-9F69-401E-89B3-FA1F9A44E253}.CodeAnalysis|Any CPU.ActiveCfg = Release|Any CPU
		{C2CC463B-9F69-401E-89B3-FA1F9A44E253}.CodeAnalysis|Any CPU.Build.0 = Release|Any CPU
		{C2CC463B-9F69-401E-89B3-FA1F9A44E253}.CodeAnalysis|x64.ActiveCfg = Release|Any CPU
		{C2CC463B-9F69-401E-89B3-FA1F9A44E253}.CodeAnalysis|x64.Build.0 = Release|Any CPU
		{C2CC463B-9F69-401E-89B3-FA1F9A44E253}.CodeAnalysis|x86.ActiveCfg = Release|Any CPU
		{C2CC463B-9F69-401E-89B3-FA1F9A44E253}.CodeAnalysis|x86.Build.0 = Release|Any CPU
		{C2CC463B-9F69-401E-89B3-FA1F9A44E253}.Cover|Any CPU.ActiveCfg = Release|Any CPU
		{C2CC463B-9F69-401E-89B3-FA1F9A44E253}.Cover|Any CPU.Build.0 = Release|Any CPU
		{C2CC463B-9F69-401E-89B3-FA1F9A44E253}.Cover|x64.ActiveCfg = Release|Any CPU
		{C2CC463B-9F69-401E-89B3-FA1F9A44E253}.Cover|x64.Build.0 = Release|Any CPU
		{C2CC463B-9F69-401E-89B3-FA1F9A44E253}.Cover|x86.ActiveCfg = Release|Any CPU
		{C2CC463B-9F69-401E-89B3-FA1F9A44E253}.Cover|x86.Build.0 = Release|Any CPU
		{C2CC463B-9F69-401E-89B3-FA1F9A44E253}.Debug|Any CPU.ActiveCfg = Debug|Any CPU
		{C2CC463B-9F69-401E-89B3-FA1F9A44E253}.Debug|Any CPU.Build.0 = Debug|Any CPU
		{C2CC463B-9F69-401E-89B3-FA1F9A44E253}.Debug|x64.ActiveCfg = Debug|Any CPU
		{C2CC463B-9F69-401E-89B3-FA1F9A44E253}.Debug|x64.Build.0 = Debug|Any CPU
		{C2CC463B-9F69-401E-89B3-FA1F9A44E253}.Debug|x86.ActiveCfg = Debug|Any CPU
		{C2CC463B-9F69-401E-89B3-FA1F9A44E253}.Debug|x86.Build.0 = Debug|Any CPU
		{C2CC463B-9F69-401E-89B3-FA1F9A44E253}.Release|Any CPU.ActiveCfg = Release|Any CPU
		{C2CC463B-9F69-401E-89B3-FA1F9A44E253}.Release|Any CPU.Build.0 = Release|Any CPU
		{C2CC463B-9F69-401E-89B3-FA1F9A44E253}.Release|x64.ActiveCfg = Release|Any CPU
		{C2CC463B-9F69-401E-89B3-FA1F9A44E253}.Release|x64.Build.0 = Release|Any CPU
		{C2CC463B-9F69-401E-89B3-FA1F9A44E253}.Release|x86.ActiveCfg = Release|Any CPU
		{C2CC463B-9F69-401E-89B3-FA1F9A44E253}.Release|x86.Build.0 = Release|Any CPU
		{989A83CC-B864-4A75-8BF3-5EDA99203A86}.CodeAnalysis|Any CPU.ActiveCfg = Cover|Any CPU
		{989A83CC-B864-4A75-8BF3-5EDA99203A86}.CodeAnalysis|Any CPU.Build.0 = Cover|Any CPU
		{989A83CC-B864-4A75-8BF3-5EDA99203A86}.CodeAnalysis|x64.ActiveCfg = Cover|x64
		{989A83CC-B864-4A75-8BF3-5EDA99203A86}.CodeAnalysis|x64.Build.0 = Cover|x64
		{989A83CC-B864-4A75-8BF3-5EDA99203A86}.CodeAnalysis|x86.ActiveCfg = Cover|x86
		{989A83CC-B864-4A75-8BF3-5EDA99203A86}.CodeAnalysis|x86.Build.0 = Cover|x86
		{989A83CC-B864-4A75-8BF3-5EDA99203A86}.Cover|Any CPU.ActiveCfg = Cover|Any CPU
		{989A83CC-B864-4A75-8BF3-5EDA99203A86}.Cover|Any CPU.Build.0 = Cover|Any CPU
		{989A83CC-B864-4A75-8BF3-5EDA99203A86}.Cover|x64.ActiveCfg = Cover|x64
		{989A83CC-B864-4A75-8BF3-5EDA99203A86}.Cover|x64.Build.0 = Cover|x64
		{989A83CC-B864-4A75-8BF3-5EDA99203A86}.Cover|x86.ActiveCfg = Cover|x86
		{989A83CC-B864-4A75-8BF3-5EDA99203A86}.Cover|x86.Build.0 = Cover|x86
		{989A83CC-B864-4A75-8BF3-5EDA99203A86}.Debug|Any CPU.ActiveCfg = Debug|Any CPU
		{989A83CC-B864-4A75-8BF3-5EDA99203A86}.Debug|Any CPU.Build.0 = Debug|Any CPU
		{989A83CC-B864-4A75-8BF3-5EDA99203A86}.Debug|x64.ActiveCfg = Debug|x64
		{989A83CC-B864-4A75-8BF3-5EDA99203A86}.Debug|x64.Build.0 = Debug|x64
		{989A83CC-B864-4A75-8BF3-5EDA99203A86}.Debug|x86.ActiveCfg = Debug|x86
		{989A83CC-B864-4A75-8BF3-5EDA99203A86}.Debug|x86.Build.0 = Debug|x86
		{989A83CC-B864-4A75-8BF3-5EDA99203A86}.Release|Any CPU.ActiveCfg = Release|Any CPU
		{989A83CC-B864-4A75-8BF3-5EDA99203A86}.Release|Any CPU.Build.0 = Release|Any CPU
		{989A83CC-B864-4A75-8BF3-5EDA99203A86}.Release|x64.ActiveCfg = Release|x64
		{989A83CC-B864-4A75-8BF3-5EDA99203A86}.Release|x64.Build.0 = Release|x64
		{989A83CC-B864-4A75-8BF3-5EDA99203A86}.Release|x86.ActiveCfg = Release|x86
		{989A83CC-B864-4A75-8BF3-5EDA99203A86}.Release|x86.Build.0 = Release|x86
		{7D921888-FE03-4C3F-80FE-2F624505461C}.CodeAnalysis|Any CPU.ActiveCfg = Cover|Any CPU
		{7D921888-FE03-4C3F-80FE-2F624505461C}.CodeAnalysis|Any CPU.Build.0 = Cover|Any CPU
		{7D921888-FE03-4C3F-80FE-2F624505461C}.CodeAnalysis|x64.ActiveCfg = Cover|x64
		{7D921888-FE03-4C3F-80FE-2F624505461C}.CodeAnalysis|x64.Build.0 = Cover|x64
		{7D921888-FE03-4C3F-80FE-2F624505461C}.CodeAnalysis|x86.ActiveCfg = Cover|x86
		{7D921888-FE03-4C3F-80FE-2F624505461C}.CodeAnalysis|x86.Build.0 = Cover|x86
		{7D921888-FE03-4C3F-80FE-2F624505461C}.Cover|Any CPU.ActiveCfg = Cover|Any CPU
		{7D921888-FE03-4C3F-80FE-2F624505461C}.Cover|Any CPU.Build.0 = Cover|Any CPU
		{7D921888-FE03-4C3F-80FE-2F624505461C}.Cover|x64.ActiveCfg = Cover|x64
		{7D921888-FE03-4C3F-80FE-2F624505461C}.Cover|x64.Build.0 = Cover|x64
		{7D921888-FE03-4C3F-80FE-2F624505461C}.Cover|x86.ActiveCfg = Cover|x86
		{7D921888-FE03-4C3F-80FE-2F624505461C}.Cover|x86.Build.0 = Cover|x86
		{7D921888-FE03-4C3F-80FE-2F624505461C}.Debug|Any CPU.ActiveCfg = Debug|Any CPU
		{7D921888-FE03-4C3F-80FE-2F624505461C}.Debug|Any CPU.Build.0 = Debug|Any CPU
		{7D921888-FE03-4C3F-80FE-2F624505461C}.Debug|x64.ActiveCfg = Debug|x64
		{7D921888-FE03-4C3F-80FE-2F624505461C}.Debug|x64.Build.0 = Debug|x64
		{7D921888-FE03-4C3F-80FE-2F624505461C}.Debug|x86.ActiveCfg = Debug|x86
		{7D921888-FE03-4C3F-80FE-2F624505461C}.Debug|x86.Build.0 = Debug|x86
		{7D921888-FE03-4C3F-80FE-2F624505461C}.Release|Any CPU.ActiveCfg = Release|Any CPU
		{7D921888-FE03-4C3F-80FE-2F624505461C}.Release|Any CPU.Build.0 = Release|Any CPU
		{7D921888-FE03-4C3F-80FE-2F624505461C}.Release|x64.ActiveCfg = Release|x64
		{7D921888-FE03-4C3F-80FE-2F624505461C}.Release|x64.Build.0 = Release|x64
		{7D921888-FE03-4C3F-80FE-2F624505461C}.Release|x86.ActiveCfg = Release|x86
		{7D921888-FE03-4C3F-80FE-2F624505461C}.Release|x86.Build.0 = Release|x86
		{5D921888-FE03-4C3F-40FE-2F624505461D}.CodeAnalysis|Any CPU.ActiveCfg = Cover|Any CPU
		{5D921888-FE03-4C3F-40FE-2F624505461D}.CodeAnalysis|Any CPU.Build.0 = Cover|Any CPU
		{5D921888-FE03-4C3F-40FE-2F624505461D}.CodeAnalysis|x64.ActiveCfg = Cover|x64
		{5D921888-FE03-4C3F-40FE-2F624505461D}.CodeAnalysis|x64.Build.0 = Cover|x64
		{5D921888-FE03-4C3F-40FE-2F624505461D}.CodeAnalysis|x86.ActiveCfg = Cover|x86
		{5D921888-FE03-4C3F-40FE-2F624505461D}.CodeAnalysis|x86.Build.0 = Cover|x86
		{5D921888-FE03-4C3F-40FE-2F624505461D}.Cover|Any CPU.ActiveCfg = Cover|Any CPU
		{5D921888-FE03-4C3F-40FE-2F624505461D}.Cover|Any CPU.Build.0 = Cover|Any CPU
		{5D921888-FE03-4C3F-40FE-2F624505461D}.Cover|x64.ActiveCfg = Cover|x64
		{5D921888-FE03-4C3F-40FE-2F624505461D}.Cover|x64.Build.0 = Cover|x64
		{5D921888-FE03-4C3F-40FE-2F624505461D}.Cover|x86.ActiveCfg = Cover|x86
		{5D921888-FE03-4C3F-40FE-2F624505461D}.Cover|x86.Build.0 = Cover|x86
		{5D921888-FE03-4C3F-40FE-2F624505461D}.Debug|Any CPU.ActiveCfg = Debug|Any CPU
		{5D921888-FE03-4C3F-40FE-2F624505461D}.Debug|Any CPU.Build.0 = Debug|Any CPU
		{5D921888-FE03-4C3F-40FE-2F624505461D}.Debug|x64.ActiveCfg = Debug|x64
		{5D921888-FE03-4C3F-40FE-2F624505461D}.Debug|x64.Build.0 = Debug|x64
		{5D921888-FE03-4C3F-40FE-2F624505461D}.Debug|x86.ActiveCfg = Debug|x86
		{5D921888-FE03-4C3F-40FE-2F624505461D}.Debug|x86.Build.0 = Debug|x86
		{5D921888-FE03-4C3F-40FE-2F624505461D}.Release|Any CPU.ActiveCfg = Release|Any CPU
		{5D921888-FE03-4C3F-40FE-2F624505461D}.Release|Any CPU.Build.0 = Release|Any CPU
		{5D921888-FE03-4C3F-40FE-2F624505461D}.Release|x64.ActiveCfg = Release|x64
		{5D921888-FE03-4C3F-40FE-2F624505461D}.Release|x64.Build.0 = Release|x64
		{5D921888-FE03-4C3F-40FE-2F624505461D}.Release|x86.ActiveCfg = Release|x86
		{5D921888-FE03-4C3F-40FE-2F624505461D}.Release|x86.Build.0 = Release|x86
		{D23E28F1-CCD0-43E0-8C0D-36731EC91318}.CodeAnalysis|Any CPU.ActiveCfg = CodeAnalysis|Any CPU
		{D23E28F1-CCD0-43E0-8C0D-36731EC91318}.CodeAnalysis|Any CPU.Build.0 = CodeAnalysis|Any CPU
		{D23E28F1-CCD0-43E0-8C0D-36731EC91318}.CodeAnalysis|x64.ActiveCfg = CodeAnalysis|Any CPU
		{D23E28F1-CCD0-43E0-8C0D-36731EC91318}.CodeAnalysis|x64.Build.0 = CodeAnalysis|Any CPU
		{D23E28F1-CCD0-43E0-8C0D-36731EC91318}.CodeAnalysis|x86.ActiveCfg = CodeAnalysis|Any CPU
		{D23E28F1-CCD0-43E0-8C0D-36731EC91318}.CodeAnalysis|x86.Build.0 = CodeAnalysis|Any CPU
		{D23E28F1-CCD0-43E0-8C0D-36731EC91318}.Cover|Any CPU.ActiveCfg = CodeAnalysis|Any CPU
		{D23E28F1-CCD0-43E0-8C0D-36731EC91318}.Cover|Any CPU.Build.0 = CodeAnalysis|Any CPU
		{D23E28F1-CCD0-43E0-8C0D-36731EC91318}.Cover|x64.ActiveCfg = CodeAnalysis|Any CPU
		{D23E28F1-CCD0-43E0-8C0D-36731EC91318}.Cover|x64.Build.0 = CodeAnalysis|Any CPU
		{D23E28F1-CCD0-43E0-8C0D-36731EC91318}.Cover|x86.ActiveCfg = CodeAnalysis|Any CPU
		{D23E28F1-CCD0-43E0-8C0D-36731EC91318}.Cover|x86.Build.0 = CodeAnalysis|Any CPU
		{D23E28F1-CCD0-43E0-8C0D-36731EC91318}.Debug|Any CPU.ActiveCfg = Debug|Any CPU
		{D23E28F1-CCD0-43E0-8C0D-36731EC91318}.Debug|Any CPU.Build.0 = Debug|Any CPU
		{D23E28F1-CCD0-43E0-8C0D-36731EC91318}.Debug|x64.ActiveCfg = Debug|Any CPU
		{D23E28F1-CCD0-43E0-8C0D-36731EC91318}.Debug|x64.Build.0 = Debug|Any CPU
		{D23E28F1-CCD0-43E0-8C0D-36731EC91318}.Debug|x86.ActiveCfg = Debug|Any CPU
		{D23E28F1-CCD0-43E0-8C0D-36731EC91318}.Debug|x86.Build.0 = Debug|Any CPU
		{D23E28F1-CCD0-43E0-8C0D-36731EC91318}.Release|Any CPU.ActiveCfg = Release|Any CPU
		{D23E28F1-CCD0-43E0-8C0D-36731EC91318}.Release|Any CPU.Build.0 = Release|Any CPU
		{D23E28F1-CCD0-43E0-8C0D-36731EC91318}.Release|x64.ActiveCfg = Release|Any CPU
		{D23E28F1-CCD0-43E0-8C0D-36731EC91318}.Release|x64.Build.0 = Release|Any CPU
		{D23E28F1-CCD0-43E0-8C0D-36731EC91318}.Release|x86.ActiveCfg = Release|Any CPU
		{D23E28F1-CCD0-43E0-8C0D-36731EC91318}.Release|x86.Build.0 = Release|Any CPU
		{FCCC4CB7-BAF7-4A57-9F89-E5766FE536C0}.CodeAnalysis|Any CPU.ActiveCfg = CodeAnalysis|Any CPU
		{FCCC4CB7-BAF7-4A57-9F89-E5766FE536C0}.CodeAnalysis|Any CPU.Build.0 = CodeAnalysis|Any CPU
		{FCCC4CB7-BAF7-4A57-9F89-E5766FE536C0}.CodeAnalysis|x64.ActiveCfg = CodeAnalysis|Any CPU
		{FCCC4CB7-BAF7-4A57-9F89-E5766FE536C0}.CodeAnalysis|x64.Build.0 = CodeAnalysis|Any CPU
		{FCCC4CB7-BAF7-4A57-9F89-E5766FE536C0}.CodeAnalysis|x86.ActiveCfg = CodeAnalysis|Any CPU
		{FCCC4CB7-BAF7-4A57-9F89-E5766FE536C0}.CodeAnalysis|x86.Build.0 = CodeAnalysis|Any CPU
		{FCCC4CB7-BAF7-4A57-9F89-E5766FE536C0}.Cover|Any CPU.ActiveCfg = CodeAnalysis|Any CPU
		{FCCC4CB7-BAF7-4A57-9F89-E5766FE536C0}.Cover|Any CPU.Build.0 = CodeAnalysis|Any CPU
		{FCCC4CB7-BAF7-4A57-9F89-E5766FE536C0}.Cover|x64.ActiveCfg = CodeAnalysis|Any CPU
		{FCCC4CB7-BAF7-4A57-9F89-E5766FE536C0}.Cover|x64.Build.0 = CodeAnalysis|Any CPU
		{FCCC4CB7-BAF7-4A57-9F89-E5766FE536C0}.Cover|x86.ActiveCfg = CodeAnalysis|Any CPU
		{FCCC4CB7-BAF7-4A57-9F89-E5766FE536C0}.Cover|x86.Build.0 = CodeAnalysis|Any CPU
		{FCCC4CB7-BAF7-4A57-9F89-E5766FE536C0}.Debug|Any CPU.ActiveCfg = Debug|Any CPU
		{FCCC4CB7-BAF7-4A57-9F89-E5766FE536C0}.Debug|Any CPU.Build.0 = Debug|Any CPU
		{FCCC4CB7-BAF7-4A57-9F89-E5766FE536C0}.Debug|x64.ActiveCfg = Debug|Any CPU
		{FCCC4CB7-BAF7-4A57-9F89-E5766FE536C0}.Debug|x64.Build.0 = Debug|Any CPU
		{FCCC4CB7-BAF7-4A57-9F89-E5766FE536C0}.Debug|x86.ActiveCfg = Debug|Any CPU
		{FCCC4CB7-BAF7-4A57-9F89-E5766FE536C0}.Debug|x86.Build.0 = Debug|Any CPU
		{FCCC4CB7-BAF7-4A57-9F89-E5766FE536C0}.Release|Any CPU.ActiveCfg = Release|Any CPU
		{FCCC4CB7-BAF7-4A57-9F89-E5766FE536C0}.Release|Any CPU.Build.0 = Release|Any CPU
		{FCCC4CB7-BAF7-4A57-9F89-E5766FE536C0}.Release|x64.ActiveCfg = Release|Any CPU
		{FCCC4CB7-BAF7-4A57-9F89-E5766FE536C0}.Release|x64.Build.0 = Release|Any CPU
		{FCCC4CB7-BAF7-4A57-9F89-E5766FE536C0}.Release|x86.ActiveCfg = Release|Any CPU
		{FCCC4CB7-BAF7-4A57-9F89-E5766FE536C0}.Release|x86.Build.0 = Release|Any CPU
		{66EFD03D-95B7-4C7E-83AC-1A8BD6C12612}.CodeAnalysis|Any CPU.ActiveCfg = CodeAnalysis|Any CPU
		{66EFD03D-95B7-4C7E-83AC-1A8BD6C12612}.CodeAnalysis|Any CPU.Build.0 = CodeAnalysis|Any CPU
		{66EFD03D-95B7-4C7E-83AC-1A8BD6C12612}.CodeAnalysis|x64.ActiveCfg = CodeAnalysis|Any CPU
		{66EFD03D-95B7-4C7E-83AC-1A8BD6C12612}.CodeAnalysis|x64.Build.0 = CodeAnalysis|Any CPU
		{66EFD03D-95B7-4C7E-83AC-1A8BD6C12612}.CodeAnalysis|x86.ActiveCfg = CodeAnalysis|Any CPU
		{66EFD03D-95B7-4C7E-83AC-1A8BD6C12612}.CodeAnalysis|x86.Build.0 = CodeAnalysis|Any CPU
		{66EFD03D-95B7-4C7E-83AC-1A8BD6C12612}.Cover|Any CPU.ActiveCfg = CodeAnalysis|Any CPU
		{66EFD03D-95B7-4C7E-83AC-1A8BD6C12612}.Cover|Any CPU.Build.0 = CodeAnalysis|Any CPU
		{66EFD03D-95B7-4C7E-83AC-1A8BD6C12612}.Cover|x64.ActiveCfg = CodeAnalysis|Any CPU
		{66EFD03D-95B7-4C7E-83AC-1A8BD6C12612}.Cover|x64.Build.0 = CodeAnalysis|Any CPU
		{66EFD03D-95B7-4C7E-83AC-1A8BD6C12612}.Cover|x86.ActiveCfg = CodeAnalysis|Any CPU
		{66EFD03D-95B7-4C7E-83AC-1A8BD6C12612}.Cover|x86.Build.0 = CodeAnalysis|Any CPU
		{66EFD03D-95B7-4C7E-83AC-1A8BD6C12612}.Debug|Any CPU.ActiveCfg = Debug|Any CPU
		{66EFD03D-95B7-4C7E-83AC-1A8BD6C12612}.Debug|Any CPU.Build.0 = Debug|Any CPU
		{66EFD03D-95B7-4C7E-83AC-1A8BD6C12612}.Debug|x64.ActiveCfg = Debug|Any CPU
		{66EFD03D-95B7-4C7E-83AC-1A8BD6C12612}.Debug|x64.Build.0 = Debug|Any CPU
		{66EFD03D-95B7-4C7E-83AC-1A8BD6C12612}.Debug|x86.ActiveCfg = Debug|Any CPU
		{66EFD03D-95B7-4C7E-83AC-1A8BD6C12612}.Debug|x86.Build.0 = Debug|Any CPU
		{66EFD03D-95B7-4C7E-83AC-1A8BD6C12612}.Release|Any CPU.ActiveCfg = Release|Any CPU
		{66EFD03D-95B7-4C7E-83AC-1A8BD6C12612}.Release|Any CPU.Build.0 = Release|Any CPU
		{66EFD03D-95B7-4C7E-83AC-1A8BD6C12612}.Release|x64.ActiveCfg = Release|Any CPU
		{66EFD03D-95B7-4C7E-83AC-1A8BD6C12612}.Release|x64.Build.0 = Release|Any CPU
		{66EFD03D-95B7-4C7E-83AC-1A8BD6C12612}.Release|x86.ActiveCfg = Release|Any CPU
		{66EFD03D-95B7-4C7E-83AC-1A8BD6C12612}.Release|x86.Build.0 = Release|Any CPU
		{D1567C63-4A0D-4E18-A14E-79699B9BFFFF}.CodeAnalysis|Any CPU.ActiveCfg = Cover|Any CPU
		{D1567C63-4A0D-4E18-A14E-79699B9BFFFF}.CodeAnalysis|Any CPU.Build.0 = Cover|Any CPU
		{D1567C63-4A0D-4E18-A14E-79699B9BFFFF}.CodeAnalysis|x64.ActiveCfg = Cover|x64
		{D1567C63-4A0D-4E18-A14E-79699B9BFFFF}.CodeAnalysis|x64.Build.0 = Cover|x64
		{D1567C63-4A0D-4E18-A14E-79699B9BFFFF}.CodeAnalysis|x86.ActiveCfg = Cover|x86
		{D1567C63-4A0D-4E18-A14E-79699B9BFFFF}.CodeAnalysis|x86.Build.0 = Cover|x86
		{D1567C63-4A0D-4E18-A14E-79699B9BFFFF}.Cover|Any CPU.ActiveCfg = Cover|Any CPU
		{D1567C63-4A0D-4E18-A14E-79699B9BFFFF}.Cover|Any CPU.Build.0 = Cover|Any CPU
		{D1567C63-4A0D-4E18-A14E-79699B9BFFFF}.Cover|x64.ActiveCfg = Cover|x64
		{D1567C63-4A0D-4E18-A14E-79699B9BFFFF}.Cover|x64.Build.0 = Cover|x64
		{D1567C63-4A0D-4E18-A14E-79699B9BFFFF}.Cover|x86.ActiveCfg = Cover|x86
		{D1567C63-4A0D-4E18-A14E-79699B9BFFFF}.Cover|x86.Build.0 = Cover|x86
		{D1567C63-4A0D-4E18-A14E-79699B9BFFFF}.Debug|Any CPU.ActiveCfg = Debug|Any CPU
		{D1567C63-4A0D-4E18-A14E-79699B9BFFFF}.Debug|Any CPU.Build.0 = Debug|Any CPU
		{D1567C63-4A0D-4E18-A14E-79699B9BFFFF}.Debug|x64.ActiveCfg = Debug|x64
		{D1567C63-4A0D-4E18-A14E-79699B9BFFFF}.Debug|x64.Build.0 = Debug|x64
		{D1567C63-4A0D-4E18-A14E-79699B9BFFFF}.Debug|x86.ActiveCfg = Debug|x86
		{D1567C63-4A0D-4E18-A14E-79699B9BFFFF}.Debug|x86.Build.0 = Debug|x86
		{D1567C63-4A0D-4E18-A14E-79699B9BFFFF}.Release|Any CPU.ActiveCfg = Release|Any CPU
		{D1567C63-4A0D-4E18-A14E-79699B9BFFFF}.Release|Any CPU.Build.0 = Release|Any CPU
		{D1567C63-4A0D-4E18-A14E-79699B9BFFFF}.Release|x64.ActiveCfg = Release|x64
		{D1567C63-4A0D-4E18-A14E-79699B9BFFFF}.Release|x64.Build.0 = Release|x64
		{D1567C63-4A0D-4E18-A14E-79699B9BFFFF}.Release|x86.ActiveCfg = Release|x86
		{D1567C63-4A0D-4E18-A14E-79699B9BFFFF}.Release|x86.Build.0 = Release|x86
	EndGlobalSection
	GlobalSection(SolutionProperties) = preSolution
		HideSolutionNode = FALSE
	EndGlobalSection
	GlobalSection(NestedProjects) = preSolution
		{D5E947EB-03CB-4D04-8937-FF2131BB1F04} = {DC013D33-01F8-497B-9E53-B110A62F6463}
		{3F748477-9CDD-485C-A885-1FEC14A24331} = {D5E947EB-03CB-4D04-8937-FF2131BB1F04}
		{F1BEAB8D-82D4-4BBB-A5C6-BA0E6872E508} = {3F748477-9CDD-485C-A885-1FEC14A24331}
		{8C1F84BA-3888-4FC5-A286-506A11C54463} = {D5E947EB-03CB-4D04-8937-FF2131BB1F04}
		{5A10C8BB-5CA0-4D41-A731-45CD29A30D34} = {8C1F84BA-3888-4FC5-A286-506A11C54463}
		{B15A5064-F0D2-480C-A51E-3430A8360827} = {8C1F84BA-3888-4FC5-A286-506A11C54463}
		{0355FEC8-17CF-44B4-9D24-685266A349FB} = {D5E947EB-03CB-4D04-8937-FF2131BB1F04}
		{F7EC910E-17CE-4579-84C5-36D3777B3218} = {0355FEC8-17CF-44B4-9D24-685266A349FB}
		{432208D4-54DF-453E-96AE-CB7721461030} = {D5E947EB-03CB-4D04-8937-FF2131BB1F04}
		{186F667E-54E5-4B57-9998-21D74CB77C24} = {432208D4-54DF-453E-96AE-CB7721461030}
		{552DD8A7-2F3A-4D0F-B623-B7D832C6C62B} = {DC013D33-01F8-497B-9E53-B110A62F6463}
		{D1F0FA28-73A1-4202-807B-DCAF5FFEDC2F} = {552DD8A7-2F3A-4D0F-B623-B7D832C6C62B}
		{E136CA13-ECD1-4565-B183-A48F78570DE3} = {D5E947EB-03CB-4D04-8937-FF2131BB1F04}
		{BCE769AD-2D64-4EAD-B83D-1328621CF6E6} = {E136CA13-ECD1-4565-B183-A48F78570DE3}
		{4AC28EC2-FBCF-44CA-A922-0B257F55DE0D} = {552DD8A7-2F3A-4D0F-B623-B7D832C6C62B}
		{C5FDAD47-4449-42FC-904F-C7FEBD0F4DB7} = {4AC28EC2-FBCF-44CA-A922-0B257F55DE0D}
		{B379640E-9064-438D-8DA5-6F7B394C2C46} = {4AC28EC2-FBCF-44CA-A922-0B257F55DE0D}
		{31FE1F5B-7CD8-48F1-9CE3-4E57A0066440} = {552DD8A7-2F3A-4D0F-B623-B7D832C6C62B}
		{1629B189-52CE-4450-8377-7A9503C98C74} = {552DD8A7-2F3A-4D0F-B623-B7D832C6C62B}
		{04B29D57-8004-45FF-8C41-C49E0F20707C} = {552DD8A7-2F3A-4D0F-B623-B7D832C6C62B}
		{C2CC463B-9F69-401E-89B3-FA1F9A44E253} = {552DD8A7-2F3A-4D0F-B623-B7D832C6C62B}
		{989A83CC-B864-4A75-8BF3-5EDA99203A86} = {1BCDC2B5-41C1-4D1E-9C55-D83DEEEE6C29}
		{7D921888-FE03-4C3F-80FE-2F624505461C} = {1BCDC2B5-41C1-4D1E-9C55-D83DEEEE6C29}
		{5D921888-FE03-4C3F-40FE-2F624505461D} = {1BCDC2B5-41C1-4D1E-9C55-D83DEEEE6C29}
		{37602CEE-9596-4A1B-B987-097368F47293} = {4D1C4AB5-0407-4D17-BEBD-7E82D1E4FF45}
		{930DD223-DF23-4C4A-B63A-C68983CD0F41} = {4D1C4AB5-0407-4D17-BEBD-7E82D1E4FF45}
		{D23E28F1-CCD0-43E0-8C0D-36731EC91318} = {37602CEE-9596-4A1B-B987-097368F47293}
		{FCCC4CB7-BAF7-4A57-9F89-E5766FE536C0} = {930DD223-DF23-4C4A-B63A-C68983CD0F41}
		{66EFD03D-95B7-4C7E-83AC-1A8BD6C12612} = {930DD223-DF23-4C4A-B63A-C68983CD0F41}
		{D1567C63-4A0D-4E18-A14E-79699B9BFFFF} = {1BCDC2B5-41C1-4D1E-9C55-D83DEEEE6C29}
	EndGlobalSection
EndGlobal
