
Microsoft Visual Studio Solution File, Format Version 12.00
# Visual Studio 15
VisualStudioVersion = 15.0.25928.0
MinimumVisualStudioVersion = 10.0.40219.1
Project("{2150E333-8FDC-42A3-9474-1A3956D46DE8}") = "src", "src", "{3E55571F-8E8F-448A-ACE8-63849EE0871F}"
EndProject
Project("{2150E333-8FDC-42A3-9474-1A3956D46DE8}") = "Solution Items", "Solution Items", "{E02A56F8-1F9A-4988-A929-D10582529C21}"
	ProjectSection(SolutionItems) = preProject
		global.json = global.json
		NuGet.Config = NuGet.Config
	EndProjectSection
EndProject
Project("{2150E333-8FDC-42A3-9474-1A3956D46DE8}") = "test", "test", "{CB7EBE84-3A72-454A-BDFF-C2A604A98C11}"
EndProject
Project("{2150E333-8FDC-42A3-9474-1A3956D46DE8}") = "samples", "samples", "{CDB37674-D801-412C-9B1A-2103A114D41B}"
EndProject
Project("{2150E333-8FDC-42A3-9474-1A3956D46DE8}") = "tools", "tools", "{31922483-4CE7-4B02-88E4-EAF27D5E941B}"
EndProject
Project("{9A19103F-16F7-4668-BE54-9A1E7A4F7556}") = "Microsoft.AspNetCore.OData", "src\Microsoft.AspNetCore.OData\Microsoft.AspNetCore.OData.csproj", "{00B09D3A-B5E7-48CE-A6C5-C2B24819ABD7}"
EndProject
Project("{9A19103F-16F7-4668-BE54-9A1E7A4F7556}") = "Microsoft.AspNetCore.OData.Test", "test\Microsoft.AspNetCore.OData.Test\Microsoft.AspNetCore.OData.Test.csproj", "{627551A9-FC3B-4782-AFB0-5E23516DEB5F}"
EndProject
Project("{9A19103F-16F7-4668-BE54-9A1E7A4F7556}") = "ResxGenerator", "tools\ResxGenerator\ResxGenerator.csproj", "{FE735084-619A-4BF9-AEDE-309DB08F4536}"
EndProject
Project("{9A19103F-16F7-4668-BE54-9A1E7A4F7556}") = "ODataSample.Web", "samples\ODataSample.Web\ODataSample.Web.csproj", "{CD74805B-6C20-45E5-BB5C-56468BE71DAA}"
EndProject
Global
	GlobalSection(SolutionConfigurationPlatforms) = preSolution
		Debug|Any CPU = Debug|Any CPU
		Debug|x64 = Debug|x64
		Debug|x86 = Debug|x86
		Release|Any CPU = Release|Any CPU
		Release|x64 = Release|x64
		Release|x86 = Release|x86
	EndGlobalSection
	GlobalSection(ProjectConfigurationPlatforms) = postSolution
		{00B09D3A-B5E7-48CE-A6C5-C2B24819ABD7}.Debug|Any CPU.ActiveCfg = Debug|Any CPU
		{00B09D3A-B5E7-48CE-A6C5-C2B24819ABD7}.Debug|Any CPU.Build.0 = Debug|Any CPU
		{00B09D3A-B5E7-48CE-A6C5-C2B24819ABD7}.Debug|x64.ActiveCfg = Debug|x64
		{00B09D3A-B5E7-48CE-A6C5-C2B24819ABD7}.Debug|x64.Build.0 = Debug|x64
		{00B09D3A-B5E7-48CE-A6C5-C2B24819ABD7}.Debug|x86.ActiveCfg = Debug|x86
		{00B09D3A-B5E7-48CE-A6C5-C2B24819ABD7}.Debug|x86.Build.0 = Debug|x86
		{00B09D3A-B5E7-48CE-A6C5-C2B24819ABD7}.Release|Any CPU.ActiveCfg = Release|Any CPU
		{00B09D3A-B5E7-48CE-A6C5-C2B24819ABD7}.Release|Any CPU.Build.0 = Release|Any CPU
		{00B09D3A-B5E7-48CE-A6C5-C2B24819ABD7}.Release|x64.ActiveCfg = Release|x64
		{00B09D3A-B5E7-48CE-A6C5-C2B24819ABD7}.Release|x64.Build.0 = Release|x64
		{00B09D3A-B5E7-48CE-A6C5-C2B24819ABD7}.Release|x86.ActiveCfg = Release|x86
		{00B09D3A-B5E7-48CE-A6C5-C2B24819ABD7}.Release|x86.Build.0 = Release|x86
		{627551A9-FC3B-4782-AFB0-5E23516DEB5F}.Debug|Any CPU.ActiveCfg = Debug|Any CPU
		{627551A9-FC3B-4782-AFB0-5E23516DEB5F}.Debug|Any CPU.Build.0 = Debug|Any CPU
		{627551A9-FC3B-4782-AFB0-5E23516DEB5F}.Debug|x64.ActiveCfg = Debug|x64
		{627551A9-FC3B-4782-AFB0-5E23516DEB5F}.Debug|x64.Build.0 = Debug|x64
		{627551A9-FC3B-4782-AFB0-5E23516DEB5F}.Debug|x86.ActiveCfg = Debug|x86
		{627551A9-FC3B-4782-AFB0-5E23516DEB5F}.Debug|x86.Build.0 = Debug|x86
		{627551A9-FC3B-4782-AFB0-5E23516DEB5F}.Release|Any CPU.ActiveCfg = Release|Any CPU
		{627551A9-FC3B-4782-AFB0-5E23516DEB5F}.Release|Any CPU.Build.0 = Release|Any CPU
		{627551A9-FC3B-4782-AFB0-5E23516DEB5F}.Release|x64.ActiveCfg = Release|x64
		{627551A9-FC3B-4782-AFB0-5E23516DEB5F}.Release|x64.Build.0 = Release|x64
		{627551A9-FC3B-4782-AFB0-5E23516DEB5F}.Release|x86.ActiveCfg = Release|x86
		{627551A9-FC3B-4782-AFB0-5E23516DEB5F}.Release|x86.Build.0 = Release|x86
		{FE735084-619A-4BF9-AEDE-309DB08F4536}.Debug|Any CPU.ActiveCfg = Debug|Any CPU
		{FE735084-619A-4BF9-AEDE-309DB08F4536}.Debug|Any CPU.Build.0 = Debug|Any CPU
		{FE735084-619A-4BF9-AEDE-309DB08F4536}.Debug|x64.ActiveCfg = Debug|x64
		{FE735084-619A-4BF9-AEDE-309DB08F4536}.Debug|x64.Build.0 = Debug|x64
		{FE735084-619A-4BF9-AEDE-309DB08F4536}.Debug|x86.ActiveCfg = Debug|x86
		{FE735084-619A-4BF9-AEDE-309DB08F4536}.Debug|x86.Build.0 = Debug|x86
		{FE735084-619A-4BF9-AEDE-309DB08F4536}.Release|Any CPU.ActiveCfg = Release|Any CPU
		{FE735084-619A-4BF9-AEDE-309DB08F4536}.Release|Any CPU.Build.0 = Release|Any CPU
		{FE735084-619A-4BF9-AEDE-309DB08F4536}.Release|x64.ActiveCfg = Release|x64
		{FE735084-619A-4BF9-AEDE-309DB08F4536}.Release|x64.Build.0 = Release|x64
		{FE735084-619A-4BF9-AEDE-309DB08F4536}.Release|x86.ActiveCfg = Release|x86
		{FE735084-619A-4BF9-AEDE-309DB08F4536}.Release|x86.Build.0 = Release|x86
		{CD74805B-6C20-45E5-BB5C-56468BE71DAA}.Debug|Any CPU.ActiveCfg = Debug|Any CPU
		{CD74805B-6C20-45E5-BB5C-56468BE71DAA}.Debug|Any CPU.Build.0 = Debug|Any CPU
		{CD74805B-6C20-45E5-BB5C-56468BE71DAA}.Debug|x64.ActiveCfg = Debug|x64
		{CD74805B-6C20-45E5-BB5C-56468BE71DAA}.Debug|x64.Build.0 = Debug|x64
		{CD74805B-6C20-45E5-BB5C-56468BE71DAA}.Debug|x86.ActiveCfg = Debug|x86
		{CD74805B-6C20-45E5-BB5C-56468BE71DAA}.Debug|x86.Build.0 = Debug|x86
		{CD74805B-6C20-45E5-BB5C-56468BE71DAA}.Release|Any CPU.ActiveCfg = Release|Any CPU
		{CD74805B-6C20-45E5-BB5C-56468BE71DAA}.Release|Any CPU.Build.0 = Release|Any CPU
		{CD74805B-6C20-45E5-BB5C-56468BE71DAA}.Release|x64.ActiveCfg = Release|x64
		{CD74805B-6C20-45E5-BB5C-56468BE71DAA}.Release|x64.Build.0 = Release|x64
		{CD74805B-6C20-45E5-BB5C-56468BE71DAA}.Release|x86.ActiveCfg = Release|x86
		{CD74805B-6C20-45E5-BB5C-56468BE71DAA}.Release|x86.Build.0 = Release|x86
	EndGlobalSection
	GlobalSection(SolutionProperties) = preSolution
		HideSolutionNode = FALSE
	EndGlobalSection
	GlobalSection(NestedProjects) = preSolution
		{00B09D3A-B5E7-48CE-A6C5-C2B24819ABD7} = {3E55571F-8E8F-448A-ACE8-63849EE0871F}
		{627551A9-FC3B-4782-AFB0-5E23516DEB5F} = {CB7EBE84-3A72-454A-BDFF-C2A604A98C11}
		{FE735084-619A-4BF9-AEDE-309DB08F4536} = {31922483-4CE7-4B02-88E4-EAF27D5E941B}
		{CD74805B-6C20-45E5-BB5C-56468BE71DAA} = {CDB37674-D801-412C-9B1A-2103A114D41B}
	EndGlobalSection
EndGlobal
