
Microsoft Visual Studio Solution File, Format Version 12.00
# Visual Studio Version 16
VisualStudioVersion = 16.0.29324.140
MinimumVisualStudioVersion = 10.0.40219.1
Project("{FAE04EC0-301F-11D3-BF4B-00C04F79EFBC}") = "WebApiPerformance.Service", "..\test\PerfTest\WebApiPerformance.Service\WebApiPerformance.Service.csproj", "{F7B5A5D5-0B2F-493B-94B2-039B881FD4D3}"
EndProject
Project("{2150E333-8FDC-42A3-9474-1A3956D46DE8}") = ".nuget", ".nuget", "{0C3B5E95-47F3-42FE-AFBD-9FA823808470}"
	ProjectSection(SolutionItems) = preProject
		.nuget\packages.config = .nuget\packages.config
	EndProjectSection
EndProject
Project("{FAE04EC0-301F-11D3-BF4B-00C04F79EFBC}") = "WebApiPerformance.Test", "..\test\PerfTest\WebApiPerformance.Test\WebApiPerformance.Test.csproj", "{5C4C506B-9BFE-429D-A48C-77CEC613877A}"
EndProject
Project("{FAE04EC0-301F-11D3-BF4B-00C04F79EFBC}") = "Microsoft.AspNet.OData", "..\src\Microsoft.AspNet.OData\Microsoft.AspNet.OData.csproj", "{A6F9775D-F7E2-424E-8363-79644A73038F}"
EndProject
Project("{D954291E-2A0B-460D-934E-DC6B0785DB48}") = "Microsoft.AspNet.OData.Shared", "..\src\Microsoft.AspNet.OData.Shared\Microsoft.AspNet.OData.Shared.shproj", "{B6B951B6-C3F0-4B8E-8955-E039145E7DEC}"
EndProject
Global
	GlobalSection(SharedMSBuildProjectFiles) = preSolution
		..\src\Microsoft.AspNet.OData.Shared\Microsoft.AspNet.OData.Shared.projitems*{a6f9775d-f7e2-424e-8363-79644a73038f}*SharedItemsImports = 4
		..\src\Microsoft.AspNet.OData.Shared\Microsoft.AspNet.OData.Shared.projitems*{b6b951b6-c3f0-4b8e-8955-e039145e7dec}*SharedItemsImports = 13
	EndGlobalSection
	GlobalSection(SolutionConfigurationPlatforms) = preSolution
		CodeAnalysis|Any CPU = CodeAnalysis|Any CPU
		Debug|Any CPU = Debug|Any CPU
		Release|Any CPU = Release|Any CPU
	EndGlobalSection
	GlobalSection(ProjectConfigurationPlatforms) = postSolution
		{F7B5A5D5-0B2F-493B-94B2-039B881FD4D3}.CodeAnalysis|Any CPU.ActiveCfg = Debug|Any CPU
		{F7B5A5D5-0B2F-493B-94B2-039B881FD4D3}.CodeAnalysis|Any CPU.Build.0 = Debug|Any CPU
		{F7B5A5D5-0B2F-493B-94B2-039B881FD4D3}.Debug|Any CPU.ActiveCfg = Debug|Any CPU
		{F7B5A5D5-0B2F-493B-94B2-039B881FD4D3}.Debug|Any CPU.Build.0 = Debug|Any CPU
		{F7B5A5D5-0B2F-493B-94B2-039B881FD4D3}.Release|Any CPU.ActiveCfg = Debug|Any CPU
		{F7B5A5D5-0B2F-493B-94B2-039B881FD4D3}.Release|Any CPU.Build.0 = Debug|Any CPU
		{5C4C506B-9BFE-429D-A48C-77CEC613877A}.CodeAnalysis|Any CPU.ActiveCfg = Release|Any CPU
		{5C4C506B-9BFE-429D-A48C-77CEC613877A}.CodeAnalysis|Any CPU.Build.0 = Release|Any CPU
		{5C4C506B-9BFE-429D-A48C-77CEC613877A}.Debug|Any CPU.ActiveCfg = Release|Any CPU
		{5C4C506B-9BFE-429D-A48C-77CEC613877A}.Debug|Any CPU.Build.0 = Release|Any CPU
		{5C4C506B-9BFE-429D-A48C-77CEC613877A}.Release|Any CPU.ActiveCfg = Release|Any CPU
		{5C4C506B-9BFE-429D-A48C-77CEC613877A}.Release|Any CPU.Build.0 = Release|Any CPU
		{A6F9775D-F7E2-424E-8363-79644A73038F}.CodeAnalysis|Any CPU.ActiveCfg = CodeAnalysis|Any CPU
		{A6F9775D-F7E2-424E-8363-79644A73038F}.CodeAnalysis|Any CPU.Build.0 = CodeAnalysis|Any CPU
		{A6F9775D-F7E2-424E-8363-79644A73038F}.Debug|Any CPU.ActiveCfg = Debug|Any CPU
		{A6F9775D-F7E2-424E-8363-79644A73038F}.Debug|Any CPU.Build.0 = Debug|Any CPU
		{A6F9775D-F7E2-424E-8363-79644A73038F}.Release|Any CPU.ActiveCfg = Release|Any CPU
		{A6F9775D-F7E2-424E-8363-79644A73038F}.Release|Any CPU.Build.0 = Release|Any CPU
	EndGlobalSection
	GlobalSection(SolutionProperties) = preSolution
		HideSolutionNode = FALSE
	EndGlobalSection
	GlobalSection(ExtensibilityGlobals) = postSolution
		SolutionGuid = {7B10CC02-1465-42B8-B1C9-72C9DEBF3F76}
	EndGlobalSection
EndGlobal
