
Microsoft Visual Studio Solution File, Format Version 12.00
# Visual Studio 14
VisualStudioVersion = 14.0.25402.0
MinimumVisualStudioVersion = 10.0.40219.1
Project("{2150E333-8FDC-42A3-9474-1A3956D46DE8}") = "src", "src", "{A9836F9E-6DB3-4D9F-ADCA-CF42D8C8BA93}"
EndProject
Project("{2150E333-8FDC-42A3-9474-1A3956D46DE8}") = "test", "test", "{C40883CD-366D-4534-8B58-3EA0D13136DF}"
EndProject
Project("{FAE04EC0-301F-11D3-BF4B-00C04F79EFBC}") = "System.Web.OData", "..\src\System.Web.OData\System.Web.OData.csproj", "{D23E28F1-CCD0-43E0-8C0D-36731EC91318}"
EndProject
Project("{FAE04EC0-301F-11D3-BF4B-00C04F79EFBC}") = "Microsoft.TestCommon", "..\test\UnitTest\Microsoft.TestCommon\Microsoft.TestCommon.csproj", "{FCCC4CB7-BAF7-4A57-9F89-E5766FE536C0}"
EndProject
Project("{FAE04EC0-301F-11D3-BF4B-00C04F79EFBC}") = "System.Web.OData.Test", "..\test\UnitTest\System.Web.OData.Test\System.Web.OData.Test.csproj", "{66EFD03D-95B7-4C7E-83AC-1A8BD6C12612}"
EndProject
Project("{FAE04EC0-301F-11D3-BF4B-00C04F79EFBC}") = "Microsoft.OData.Core", "..\..\odata.net\src\Microsoft.OData.Core\Microsoft.OData.Core.csproj", "{989A83CC-B864-4A75-8BF3-5EDA99203A86}"
EndProject
Project("{FAE04EC0-301F-11D3-BF4B-00C04F79EFBC}") = "Microsoft.OData.Edm", "..\..\odata.net\src\Microsoft.OData.Edm\Microsoft.OData.Edm.csproj", "{7D921888-FE03-4C3F-80FE-2F624505461C}"
EndProject
Project("{FAE04EC0-301F-11D3-BF4B-00C04F79EFBC}") = "Microsoft.Spatial", "..\..\odata.net\src\Microsoft.Spatial\Microsoft.Spatial.csproj", "{5D921888-FE03-4C3F-40FE-2F624505461D}"
EndProject
Global
	GlobalSection(SolutionConfigurationPlatforms) = preSolution
		CodeAnalysis|Any CPU = CodeAnalysis|Any CPU
		CodeAnalysis|x64 = CodeAnalysis|x64
		CodeAnalysis|x86 = CodeAnalysis|x86
		Cover|Any CPU = Cover|Any CPU
		Cover|x64 = Cover|x64
		Cover|x86 = Cover|x86
		Debug|Any CPU = Debug|Any CPU
		Debug|x64 = Debug|x64
		Debug|x86 = Debug|x86
		Release|Any CPU = Release|Any CPU
		Release|x64 = Release|x64
		Release|x86 = Release|x86
	EndGlobalSection
	GlobalSection(ProjectConfigurationPlatforms) = postSolution
		{D23E28F1-CCD0-43E0-8C0D-36731EC91318}.CodeAnalysis|Any CPU.ActiveCfg = CodeAnalysis|Any CPU
		{D23E28F1-CCD0-43E0-8C0D-36731EC91318}.CodeAnalysis|Any CPU.Build.0 = CodeAnalysis|Any CPU
		{D23E28F1-CCD0-43E0-8C0D-36731EC91318}.CodeAnalysis|x64.ActiveCfg = CodeAnalysis|Any CPU
		{D23E28F1-CCD0-43E0-8C0D-36731EC91318}.CodeAnalysis|x86.ActiveCfg = CodeAnalysis|Any CPU
		{D23E28F1-CCD0-43E0-8C0D-36731EC91318}.Cover|Any CPU.ActiveCfg = CodeAnalysis|Any CPU
		{D23E28F1-CCD0-43E0-8C0D-36731EC91318}.Cover|Any CPU.Build.0 = CodeAnalysis|Any CPU
		{D23E28F1-CCD0-43E0-8C0D-36731EC91318}.Cover|x64.ActiveCfg = CodeAnalysis|Any CPU
		{D23E28F1-CCD0-43E0-8C0D-36731EC91318}.Cover|x86.ActiveCfg = CodeAnalysis|Any CPU
		{D23E28F1-CCD0-43E0-8C0D-36731EC91318}.Debug|Any CPU.ActiveCfg = Debug|Any CPU
		{D23E28F1-CCD0-43E0-8C0D-36731EC91318}.Debug|Any CPU.Build.0 = Debug|Any CPU
		{D23E28F1-CCD0-43E0-8C0D-36731EC91318}.Debug|x64.ActiveCfg = Debug|Any CPU
		{D23E28F1-CCD0-43E0-8C0D-36731EC91318}.Debug|x86.ActiveCfg = Debug|Any CPU
		{D23E28F1-CCD0-43E0-8C0D-36731EC91318}.Release|Any CPU.ActiveCfg = Release|Any CPU
		{D23E28F1-CCD0-43E0-8C0D-36731EC91318}.Release|Any CPU.Build.0 = Release|Any CPU
		{D23E28F1-CCD0-43E0-8C0D-36731EC91318}.Release|x64.ActiveCfg = Release|Any CPU
		{D23E28F1-CCD0-43E0-8C0D-36731EC91318}.Release|x86.ActiveCfg = Release|Any CPU
		{FCCC4CB7-BAF7-4A57-9F89-E5766FE536C0}.CodeAnalysis|Any CPU.ActiveCfg = CodeAnalysis|Any CPU
		{FCCC4CB7-BAF7-4A57-9F89-E5766FE536C0}.CodeAnalysis|Any CPU.Build.0 = CodeAnalysis|Any CPU
		{FCCC4CB7-BAF7-4A57-9F89-E5766FE536C0}.CodeAnalysis|x64.ActiveCfg = CodeAnalysis|Any CPU
		{FCCC4CB7-BAF7-4A57-9F89-E5766FE536C0}.CodeAnalysis|x86.ActiveCfg = CodeAnalysis|Any CPU
		{FCCC4CB7-BAF7-4A57-9F89-E5766FE536C0}.Cover|Any CPU.ActiveCfg = CodeAnalysis|Any CPU
		{FCCC4CB7-BAF7-4A57-9F89-E5766FE536C0}.Cover|Any CPU.Build.0 = CodeAnalysis|Any CPU
		{FCCC4CB7-BAF7-4A57-9F89-E5766FE536C0}.Cover|x64.ActiveCfg = CodeAnalysis|Any CPU
		{FCCC4CB7-BAF7-4A57-9F89-E5766FE536C0}.Cover|x86.ActiveCfg = CodeAnalysis|Any CPU
		{FCCC4CB7-BAF7-4A57-9F89-E5766FE536C0}.Debug|Any CPU.ActiveCfg = Debug|Any CPU
		{FCCC4CB7-BAF7-4A57-9F89-E5766FE536C0}.Debug|Any CPU.Build.0 = Debug|Any CPU
		{FCCC4CB7-BAF7-4A57-9F89-E5766FE536C0}.Debug|x64.ActiveCfg = Debug|Any CPU
		{FCCC4CB7-BAF7-4A57-9F89-E5766FE536C0}.Debug|x86.ActiveCfg = Debug|Any CPU
		{FCCC4CB7-BAF7-4A57-9F89-E5766FE536C0}.Release|Any CPU.ActiveCfg = Release|Any CPU
		{FCCC4CB7-BAF7-4A57-9F89-E5766FE536C0}.Release|Any CPU.Build.0 = Release|Any CPU
		{FCCC4CB7-BAF7-4A57-9F89-E5766FE536C0}.Release|x64.ActiveCfg = Release|Any CPU
		{FCCC4CB7-BAF7-4A57-9F89-E5766FE536C0}.Release|x86.ActiveCfg = Release|Any CPU
		{66EFD03D-95B7-4C7E-83AC-1A8BD6C12612}.CodeAnalysis|Any CPU.ActiveCfg = CodeAnalysis|Any CPU
		{66EFD03D-95B7-4C7E-83AC-1A8BD6C12612}.CodeAnalysis|Any CPU.Build.0 = CodeAnalysis|Any CPU
		{66EFD03D-95B7-4C7E-83AC-1A8BD6C12612}.CodeAnalysis|x64.ActiveCfg = CodeAnalysis|Any CPU
		{66EFD03D-95B7-4C7E-83AC-1A8BD6C12612}.CodeAnalysis|x86.ActiveCfg = CodeAnalysis|Any CPU
		{66EFD03D-95B7-4C7E-83AC-1A8BD6C12612}.Cover|Any CPU.ActiveCfg = CodeAnalysis|Any CPU
		{66EFD03D-95B7-4C7E-83AC-1A8BD6C12612}.Cover|Any CPU.Build.0 = CodeAnalysis|Any CPU
		{66EFD03D-95B7-4C7E-83AC-1A8BD6C12612}.Cover|x64.ActiveCfg = CodeAnalysis|Any CPU
		{66EFD03D-95B7-4C7E-83AC-1A8BD6C12612}.Cover|x86.ActiveCfg = CodeAnalysis|Any CPU
		{66EFD03D-95B7-4C7E-83AC-1A8BD6C12612}.Debug|Any CPU.ActiveCfg = Debug|Any CPU
		{66EFD03D-95B7-4C7E-83AC-1A8BD6C12612}.Debug|Any CPU.Build.0 = Debug|Any CPU
		{66EFD03D-95B7-4C7E-83AC-1A8BD6C12612}.Debug|x64.ActiveCfg = Debug|Any CPU
		{66EFD03D-95B7-4C7E-83AC-1A8BD6C12612}.Debug|x86.ActiveCfg = Debug|Any CPU
		{66EFD03D-95B7-4C7E-83AC-1A8BD6C12612}.Release|Any CPU.ActiveCfg = Release|Any CPU
		{66EFD03D-95B7-4C7E-83AC-1A8BD6C12612}.Release|Any CPU.Build.0 = Release|Any CPU
		{66EFD03D-95B7-4C7E-83AC-1A8BD6C12612}.Release|x64.ActiveCfg = Release|Any CPU
		{66EFD03D-95B7-4C7E-83AC-1A8BD6C12612}.Release|x86.ActiveCfg = Release|Any CPU
		{989A83CC-B864-4A75-8BF3-5EDA99203A86}.CodeAnalysis|Any CPU.ActiveCfg = Cover|Any CPU
		{989A83CC-B864-4A75-8BF3-5EDA99203A86}.CodeAnalysis|Any CPU.Build.0 = Cover|Any CPU
		{989A83CC-B864-4A75-8BF3-5EDA99203A86}.CodeAnalysis|x64.ActiveCfg = Cover|x64
		{989A83CC-B864-4A75-8BF3-5EDA99203A86}.CodeAnalysis|x64.Build.0 = Cover|x64
		{989A83CC-B864-4A75-8BF3-5EDA99203A86}.CodeAnalysis|x86.ActiveCfg = Cover|x86
		{989A83CC-B864-4A75-8BF3-5EDA99203A86}.CodeAnalysis|x86.Build.0 = Cover|x86
		{989A83CC-B864-4A75-8BF3-5EDA99203A86}.Cover|Any CPU.ActiveCfg = Cover|Any CPU
		{989A83CC-B864-4A75-8BF3-5EDA99203A86}.Cover|Any CPU.Build.0 = Cover|Any CPU
		{989A83CC-B864-4A75-8BF3-5EDA99203A86}.Cover|x64.ActiveCfg = Cover|x64
		{989A83CC-B864-4A75-8BF3-5EDA99203A86}.Cover|x64.Build.0 = Cover|x64
		{989A83CC-B864-4A75-8BF3-5EDA99203A86}.Cover|x86.ActiveCfg = Cover|x86
		{989A83CC-B864-4A75-8BF3-5EDA99203A86}.Cover|x86.Build.0 = Cover|x86
		{989A83CC-B864-4A75-8BF3-5EDA99203A86}.Debug|Any CPU.ActiveCfg = Debug|Any CPU
		{989A83CC-B864-4A75-8BF3-5EDA99203A86}.Debug|Any CPU.Build.0 = Debug|Any CPU
		{989A83CC-B864-4A75-8BF3-5EDA99203A86}.Debug|x64.ActiveCfg = Debug|x64
		{989A83CC-B864-4A75-8BF3-5EDA99203A86}.Debug|x64.Build.0 = Debug|x64
		{989A83CC-B864-4A75-8BF3-5EDA99203A86}.Debug|x86.ActiveCfg = Debug|x86
		{989A83CC-B864-4A75-8BF3-5EDA99203A86}.Debug|x86.Build.0 = Debug|x86
		{989A83CC-B864-4A75-8BF3-5EDA99203A86}.Release|Any CPU.ActiveCfg = Release|Any CPU
		{989A83CC-B864-4A75-8BF3-5EDA99203A86}.Release|Any CPU.Build.0 = Release|Any CPU
		{989A83CC-B864-4A75-8BF3-5EDA99203A86}.Release|x64.ActiveCfg = Release|x64
		{989A83CC-B864-4A75-8BF3-5EDA99203A86}.Release|x64.Build.0 = Release|x64
		{989A83CC-B864-4A75-8BF3-5EDA99203A86}.Release|x86.ActiveCfg = Release|x86
		{989A83CC-B864-4A75-8BF3-5EDA99203A86}.Release|x86.Build.0 = Release|x86
		{7D921888-FE03-4C3F-80FE-2F624505461C}.CodeAnalysis|Any CPU.ActiveCfg = Cover|Any CPU
		{7D921888-FE03-4C3F-80FE-2F624505461C}.CodeAnalysis|Any CPU.Build.0 = Cover|Any CPU
		{7D921888-FE03-4C3F-80FE-2F624505461C}.CodeAnalysis|x64.ActiveCfg = Cover|x64
		{7D921888-FE03-4C3F-80FE-2F624505461C}.CodeAnalysis|x64.Build.0 = Cover|x64
		{7D921888-FE03-4C3F-80FE-2F624505461C}.CodeAnalysis|x86.ActiveCfg = Cover|x86
		{7D921888-FE03-4C3F-80FE-2F624505461C}.CodeAnalysis|x86.Build.0 = Cover|x86
		{7D921888-FE03-4C3F-80FE-2F624505461C}.Cover|Any CPU.ActiveCfg = Cover|Any CPU
		{7D921888-FE03-4C3F-80FE-2F624505461C}.Cover|Any CPU.Build.0 = Cover|Any CPU
		{7D921888-FE03-4C3F-80FE-2F624505461C}.Cover|x64.ActiveCfg = Cover|x64
		{7D921888-FE03-4C3F-80FE-2F624505461C}.Cover|x64.Build.0 = Cover|x64
		{7D921888-FE03-4C3F-80FE-2F624505461C}.Cover|x86.ActiveCfg = Cover|x86
		{7D921888-FE03-4C3F-80FE-2F624505461C}.Cover|x86.Build.0 = Cover|x86
		{7D921888-FE03-4C3F-80FE-2F624505461C}.Debug|Any CPU.ActiveCfg = Debug|Any CPU
		{7D921888-FE03-4C3F-80FE-2F624505461C}.Debug|Any CPU.Build.0 = Debug|Any CPU
		{7D921888-FE03-4C3F-80FE-2F624505461C}.Debug|x64.ActiveCfg = Debug|x64
		{7D921888-FE03-4C3F-80FE-2F624505461C}.Debug|x64.Build.0 = Debug|x64
		{7D921888-FE03-4C3F-80FE-2F624505461C}.Debug|x86.ActiveCfg = Debug|x86
		{7D921888-FE03-4C3F-80FE-2F624505461C}.Debug|x86.Build.0 = Debug|x86
		{7D921888-FE03-4C3F-80FE-2F624505461C}.Release|Any CPU.ActiveCfg = Release|Any CPU
		{7D921888-FE03-4C3F-80FE-2F624505461C}.Release|Any CPU.Build.0 = Release|Any CPU
		{7D921888-FE03-4C3F-80FE-2F624505461C}.Release|x64.ActiveCfg = Release|x64
		{7D921888-FE03-4C3F-80FE-2F624505461C}.Release|x64.Build.0 = Release|x64
		{7D921888-FE03-4C3F-80FE-2F624505461C}.Release|x86.ActiveCfg = Release|x86
		{7D921888-FE03-4C3F-80FE-2F624505461C}.Release|x86.Build.0 = Release|x86
		{5D921888-FE03-4C3F-40FE-2F624505461D}.CodeAnalysis|Any CPU.ActiveCfg = Cover|Any CPU
		{5D921888-FE03-4C3F-40FE-2F624505461D}.CodeAnalysis|Any CPU.Build.0 = Cover|Any CPU
		{5D921888-FE03-4C3F-40FE-2F624505461D}.CodeAnalysis|x64.ActiveCfg = Cover|x64
		{5D921888-FE03-4C3F-40FE-2F624505461D}.CodeAnalysis|x64.Build.0 = Cover|x64
		{5D921888-FE03-4C3F-40FE-2F624505461D}.CodeAnalysis|x86.ActiveCfg = Cover|x86
		{5D921888-FE03-4C3F-40FE-2F624505461D}.CodeAnalysis|x86.Build.0 = Cover|x86
		{5D921888-FE03-4C3F-40FE-2F624505461D}.Cover|Any CPU.ActiveCfg = Cover|Any CPU
		{5D921888-FE03-4C3F-40FE-2F624505461D}.Cover|Any CPU.Build.0 = Cover|Any CPU
		{5D921888-FE03-4C3F-40FE-2F624505461D}.Cover|x64.ActiveCfg = Cover|x64
		{5D921888-FE03-4C3F-40FE-2F624505461D}.Cover|x64.Build.0 = Cover|x64
		{5D921888-FE03-4C3F-40FE-2F624505461D}.Cover|x86.ActiveCfg = Cover|x86
		{5D921888-FE03-4C3F-40FE-2F624505461D}.Cover|x86.Build.0 = Cover|x86
		{5D921888-FE03-4C3F-40FE-2F624505461D}.Debug|Any CPU.ActiveCfg = Debug|Any CPU
		{5D921888-FE03-4C3F-40FE-2F624505461D}.Debug|Any CPU.Build.0 = Debug|Any CPU
		{5D921888-FE03-4C3F-40FE-2F624505461D}.Debug|x64.ActiveCfg = Debug|x64
		{5D921888-FE03-4C3F-40FE-2F624505461D}.Debug|x64.Build.0 = Debug|x64
		{5D921888-FE03-4C3F-40FE-2F624505461D}.Debug|x86.ActiveCfg = Debug|x86
		{5D921888-FE03-4C3F-40FE-2F624505461D}.Debug|x86.Build.0 = Debug|x86
		{5D921888-FE03-4C3F-40FE-2F624505461D}.Release|Any CPU.ActiveCfg = Release|Any CPU
		{5D921888-FE03-4C3F-40FE-2F624505461D}.Release|Any CPU.Build.0 = Release|Any CPU
		{5D921888-FE03-4C3F-40FE-2F624505461D}.Release|x64.ActiveCfg = Release|x64
		{5D921888-FE03-4C3F-40FE-2F624505461D}.Release|x64.Build.0 = Release|x64
		{5D921888-FE03-4C3F-40FE-2F624505461D}.Release|x86.ActiveCfg = Release|x86
		{5D921888-FE03-4C3F-40FE-2F624505461D}.Release|x86.Build.0 = Release|x86
	EndGlobalSection
	GlobalSection(SolutionProperties) = preSolution
		HideSolutionNode = FALSE
	EndGlobalSection
	GlobalSection(NestedProjects) = preSolution
		{D23E28F1-CCD0-43E0-8C0D-36731EC91318} = {A9836F9E-6DB3-4D9F-ADCA-CF42D8C8BA93}
		{FCCC4CB7-BAF7-4A57-9F89-E5766FE536C0} = {C40883CD-366D-4534-8B58-3EA0D13136DF}
		{66EFD03D-95B7-4C7E-83AC-1A8BD6C12612} = {C40883CD-366D-4534-8B58-3EA0D13136DF}
		{989A83CC-B864-4A75-8BF3-5EDA99203A86} = {A9836F9E-6DB3-4D9F-ADCA-CF42D8C8BA93}
		{7D921888-FE03-4C3F-80FE-2F624505461C} = {A9836F9E-6DB3-4D9F-ADCA-CF42D8C8BA93}
		{5D921888-FE03-4C3F-40FE-2F624505461D} = {A9836F9E-6DB3-4D9F-ADCA-CF42D8C8BA93}
	EndGlobalSection
EndGlobal
