
Microsoft Visual Studio Solution File, Format Version 12.00
# Visual Studio 14
VisualStudioVersion = 14.0.25402.0
MinimumVisualStudioVersion = 10.0.40219.1
Project("{2150E333-8FDC-42A3-9474-1A3956D46DE8}") = "base", "base", "{C015197B-27D3-499F-9A31-63E9E7D58F58}"
EndProject
Project("{2150E333-8FDC-42A3-9474-1A3956D46DE8}") = "test", "test", "{DD61AE62-B084-4A8C-AE1E-615A62BA645D}"
EndProject
Project("{FAE04EC0-301F-11D3-BF4B-00C04F79EFBC}") = "WebStack.QA.Test.OData", "..\test\E2ETest\WebStack.QA.Test.OData\WebStack.QA.Test.OData.csproj", "{5516EA5D-350A-447A-9399-61A22A9C4F4B}"
	ProjectSection(ProjectDependencies) = postProject
		{D23E28F1-CCD0-43E0-8C0D-36731EC91318} = {D23E28F1-CCD0-43E0-8C0D-36731EC91318}
	EndProjectSection
EndProject
Project("{FAE04EC0-301F-11D3-BF4B-00C04F79EFBC}") = "Nuwa", "..\test\E2ETest\Nuwa\Nuwa.csproj", "{A0A7A1E8-AF58-4BC8-A547-91D1DB9680CC}"
EndProject
Project("{FAE04EC0-301F-11D3-BF4B-00C04F79EFBC}") = "Nuwa.WebStack", "..\test\E2ETest\Nuwa.WebStack\Nuwa.WebStack.csproj", "{45AA91B6-8657-4676-B441-5F325170B8B6}"
EndProject
Project("{FAE04EC0-301F-11D3-BF4B-00C04F79EFBC}") = "WebStack.QA.Common", "..\test\E2ETest\Common\WebStack.QA.Common.csproj", "{A71A9BE1-93A6-487E-98EB-9550C7401C12}"
EndProject
Project("{FAE04EC0-301F-11D3-BF4B-00C04F79EFBC}") = "WebStack.QA.Instancing", "..\test\E2ETest\WebStack.QA.Instancing\WebStack.QA.Instancing.csproj", "{FAC5C560-6EE4-441A-B7F4-8B21951C35E0}"
EndProject
Project("{FAE04EC0-301F-11D3-BF4B-00C04F79EFBC}") = "WebStack.QA.Share", "..\test\E2ETest\WebStack.QA.Share\WebStack.QA.Share.csproj", "{1D7E43C6-399C-4D06-9F5B-00241324B4D1}"
EndProject
Project("{2150E333-8FDC-42A3-9474-1A3956D46DE8}") = "src", "src", "{F4C937D2-3BD0-4F6B-B75F-A526A7FD978B}"
EndProject
Project("{FAE04EC0-301F-11D3-BF4B-00C04F79EFBC}") = "System.Web.OData", "..\src\System.Web.OData\System.Web.OData.csproj", "{D23E28F1-CCD0-43E0-8C0D-36731EC91318}"
EndProject
Project("{2150E333-8FDC-42A3-9474-1A3956D46DE8}") = ".nuget", ".nuget", "{2EB8D1F9-C505-4FA8-8D1C-F167B5B1AB8E}"
	ProjectSection(SolutionItems) = preProject
		.nuget\packages.config = .nuget\packages.config
	EndProjectSection
EndProject
Project("{FAE04EC0-301F-11D3-BF4B-00C04F79EFBC}") = "Microsoft.Spatial", "..\..\odata.net\src\Microsoft.Spatial\Microsoft.Spatial.csproj", "{5D921888-FE03-4C3F-40FE-2F624505461D}"
EndProject
Project("{FAE04EC0-301F-11D3-BF4B-00C04F79EFBC}") = "Microsoft.OData.Core", "..\..\odata.net\src\Microsoft.OData.Core\Microsoft.OData.Core.csproj", "{989A83CC-B864-4A75-8BF3-5EDA99203A86}"
EndProject
Project("{FAE04EC0-301F-11D3-BF4B-00C04F79EFBC}") = "Microsoft.OData.Client", "..\..\odata.net\src\Microsoft.OData.Client\Microsoft.OData.Client.csproj", "{D1567C63-4A0D-4E18-A14E-79699B9BFFFF}"
EndProject
Project("{FAE04EC0-301F-11D3-BF4B-00C04F79EFBC}") = "Microsoft.OData.Edm", "..\..\odata.net\src\Microsoft.OData.Edm\Microsoft.OData.Edm.csproj", "{7D921888-FE03-4C3F-80FE-2F624505461C}"
EndProject
Global
	GlobalSection(SolutionConfigurationPlatforms) = preSolution
		CodeAnalysis|Any CPU = CodeAnalysis|Any CPU
		CodeAnalysis|Mixed Platforms = CodeAnalysis|Mixed Platforms
		CodeAnalysis|x64 = CodeAnalysis|x64
		CodeAnalysis|x86 = CodeAnalysis|x86
		CodeCoverage|Any CPU = CodeCoverage|Any CPU
		CodeCoverage|Mixed Platforms = CodeCoverage|Mixed Platforms
		CodeCoverage|x64 = CodeCoverage|x64
		CodeCoverage|x86 = CodeCoverage|x86
		Cover|Any CPU = Cover|Any CPU
		Cover|Mixed Platforms = Cover|Mixed Platforms
		Cover|x64 = Cover|x64
		Cover|x86 = Cover|x86
		Debug|Any CPU = Debug|Any CPU
		Debug|Mixed Platforms = Debug|Mixed Platforms
		Debug|x64 = Debug|x64
		Debug|x86 = Debug|x86
		Release|Any CPU = Release|Any CPU
		Release|Mixed Platforms = Release|Mixed Platforms
		Release|x64 = Release|x64
		Release|x86 = Release|x86
	EndGlobalSection
	GlobalSection(ProjectConfigurationPlatforms) = postSolution
		{5516EA5D-350A-447A-9399-61A22A9C4F4B}.CodeAnalysis|Any CPU.ActiveCfg = Release|Any CPU
		{5516EA5D-350A-447A-9399-61A22A9C4F4B}.CodeAnalysis|Any CPU.Build.0 = Release|Any CPU
		{5516EA5D-350A-447A-9399-61A22A9C4F4B}.CodeAnalysis|Mixed Platforms.ActiveCfg = Release|Any CPU
		{5516EA5D-350A-447A-9399-61A22A9C4F4B}.CodeAnalysis|Mixed Platforms.Build.0 = Release|Any CPU
		{5516EA5D-350A-447A-9399-61A22A9C4F4B}.CodeAnalysis|x64.ActiveCfg = Debug|Any CPU
		{5516EA5D-350A-447A-9399-61A22A9C4F4B}.CodeAnalysis|x64.Build.0 = Debug|Any CPU
		{5516EA5D-350A-447A-9399-61A22A9C4F4B}.CodeAnalysis|x86.ActiveCfg = Release|Any CPU
		{5516EA5D-350A-447A-9399-61A22A9C4F4B}.CodeCoverage|Any CPU.ActiveCfg = Release|Any CPU
		{5516EA5D-350A-447A-9399-61A22A9C4F4B}.CodeCoverage|Any CPU.Build.0 = Release|Any CPU
		{5516EA5D-350A-447A-9399-61A22A9C4F4B}.CodeCoverage|Mixed Platforms.ActiveCfg = Release|Any CPU
		{5516EA5D-350A-447A-9399-61A22A9C4F4B}.CodeCoverage|Mixed Platforms.Build.0 = Release|Any CPU
		{5516EA5D-350A-447A-9399-61A22A9C4F4B}.CodeCoverage|x64.ActiveCfg = Debug|Any CPU
		{5516EA5D-350A-447A-9399-61A22A9C4F4B}.CodeCoverage|x64.Build.0 = Debug|Any CPU
		{5516EA5D-350A-447A-9399-61A22A9C4F4B}.CodeCoverage|x86.ActiveCfg = Release|Any CPU
		{5516EA5D-350A-447A-9399-61A22A9C4F4B}.Cover|Any CPU.ActiveCfg = Debug|Any CPU
		{5516EA5D-350A-447A-9399-61A22A9C4F4B}.Cover|Any CPU.Build.0 = Debug|Any CPU
		{5516EA5D-350A-447A-9399-61A22A9C4F4B}.Cover|Mixed Platforms.ActiveCfg = Debug|Any CPU
		{5516EA5D-350A-447A-9399-61A22A9C4F4B}.Cover|Mixed Platforms.Build.0 = Debug|Any CPU
		{5516EA5D-350A-447A-9399-61A22A9C4F4B}.Cover|x64.ActiveCfg = Debug|Any CPU
		{5516EA5D-350A-447A-9399-61A22A9C4F4B}.Cover|x64.Build.0 = Debug|Any CPU
		{5516EA5D-350A-447A-9399-61A22A9C4F4B}.Cover|x86.ActiveCfg = Debug|Any CPU
		{5516EA5D-350A-447A-9399-61A22A9C4F4B}.Cover|x86.Build.0 = Debug|Any CPU
		{5516EA5D-350A-447A-9399-61A22A9C4F4B}.Debug|Any CPU.ActiveCfg = Debug|Any CPU
		{5516EA5D-350A-447A-9399-61A22A9C4F4B}.Debug|Any CPU.Build.0 = Debug|Any CPU
		{5516EA5D-350A-447A-9399-61A22A9C4F4B}.Debug|Mixed Platforms.ActiveCfg = Debug|Any CPU
		{5516EA5D-350A-447A-9399-61A22A9C4F4B}.Debug|Mixed Platforms.Build.0 = Debug|Any CPU
		{5516EA5D-350A-447A-9399-61A22A9C4F4B}.Debug|x64.ActiveCfg = Debug|Any CPU
		{5516EA5D-350A-447A-9399-61A22A9C4F4B}.Debug|x64.Build.0 = Debug|Any CPU
		{5516EA5D-350A-447A-9399-61A22A9C4F4B}.Debug|x86.ActiveCfg = Debug|Any CPU
		{5516EA5D-350A-447A-9399-61A22A9C4F4B}.Release|Any CPU.ActiveCfg = Release|Any CPU
		{5516EA5D-350A-447A-9399-61A22A9C4F4B}.Release|Any CPU.Build.0 = Release|Any CPU
		{5516EA5D-350A-447A-9399-61A22A9C4F4B}.Release|Mixed Platforms.ActiveCfg = Release|Any CPU
		{5516EA5D-350A-447A-9399-61A22A9C4F4B}.Release|Mixed Platforms.Build.0 = Release|Any CPU
		{5516EA5D-350A-447A-9399-61A22A9C4F4B}.Release|x64.ActiveCfg = Release|Any CPU
		{5516EA5D-350A-447A-9399-61A22A9C4F4B}.Release|x64.Build.0 = Release|Any CPU
		{5516EA5D-350A-447A-9399-61A22A9C4F4B}.Release|x86.ActiveCfg = Release|Any CPU
		{A0A7A1E8-AF58-4BC8-A547-91D1DB9680CC}.CodeAnalysis|Any CPU.ActiveCfg = Release|Any CPU
		{A0A7A1E8-AF58-4BC8-A547-91D1DB9680CC}.CodeAnalysis|Any CPU.Build.0 = Release|Any CPU
		{A0A7A1E8-AF58-4BC8-A547-91D1DB9680CC}.CodeAnalysis|Mixed Platforms.ActiveCfg = Release|Any CPU
		{A0A7A1E8-AF58-4BC8-A547-91D1DB9680CC}.CodeAnalysis|Mixed Platforms.Build.0 = Release|Any CPU
		{A0A7A1E8-AF58-4BC8-A547-91D1DB9680CC}.CodeAnalysis|x64.ActiveCfg = Debug|Any CPU
		{A0A7A1E8-AF58-4BC8-A547-91D1DB9680CC}.CodeAnalysis|x64.Build.0 = Debug|Any CPU
		{A0A7A1E8-AF58-4BC8-A547-91D1DB9680CC}.CodeAnalysis|x86.ActiveCfg = Release|Any CPU
		{A0A7A1E8-AF58-4BC8-A547-91D1DB9680CC}.CodeCoverage|Any CPU.ActiveCfg = Release|Any CPU
		{A0A7A1E8-AF58-4BC8-A547-91D1DB9680CC}.CodeCoverage|Any CPU.Build.0 = Release|Any CPU
		{A0A7A1E8-AF58-4BC8-A547-91D1DB9680CC}.CodeCoverage|Mixed Platforms.ActiveCfg = Release|Any CPU
		{A0A7A1E8-AF58-4BC8-A547-91D1DB9680CC}.CodeCoverage|Mixed Platforms.Build.0 = Release|Any CPU
		{A0A7A1E8-AF58-4BC8-A547-91D1DB9680CC}.CodeCoverage|x64.ActiveCfg = Debug|Any CPU
		{A0A7A1E8-AF58-4BC8-A547-91D1DB9680CC}.CodeCoverage|x64.Build.0 = Debug|Any CPU
		{A0A7A1E8-AF58-4BC8-A547-91D1DB9680CC}.CodeCoverage|x86.ActiveCfg = Release|Any CPU
		{A0A7A1E8-AF58-4BC8-A547-91D1DB9680CC}.Cover|Any CPU.ActiveCfg = Debug|Any CPU
		{A0A7A1E8-AF58-4BC8-A547-91D1DB9680CC}.Cover|Any CPU.Build.0 = Debug|Any CPU
		{A0A7A1E8-AF58-4BC8-A547-91D1DB9680CC}.Cover|Mixed Platforms.ActiveCfg = Debug|Any CPU
		{A0A7A1E8-AF58-4BC8-A547-91D1DB9680CC}.Cover|Mixed Platforms.Build.0 = Debug|Any CPU
		{A0A7A1E8-AF58-4BC8-A547-91D1DB9680CC}.Cover|x64.ActiveCfg = Debug|Any CPU
		{A0A7A1E8-AF58-4BC8-A547-91D1DB9680CC}.Cover|x64.Build.0 = Debug|Any CPU
		{A0A7A1E8-AF58-4BC8-A547-91D1DB9680CC}.Cover|x86.ActiveCfg = Debug|Any CPU
		{A0A7A1E8-AF58-4BC8-A547-91D1DB9680CC}.Cover|x86.Build.0 = Debug|Any CPU
		{A0A7A1E8-AF58-4BC8-A547-91D1DB9680CC}.Debug|Any CPU.ActiveCfg = Debug|Any CPU
		{A0A7A1E8-AF58-4BC8-A547-91D1DB9680CC}.Debug|Any CPU.Build.0 = Debug|Any CPU
		{A0A7A1E8-AF58-4BC8-A547-91D1DB9680CC}.Debug|Mixed Platforms.ActiveCfg = Debug|Any CPU
		{A0A7A1E8-AF58-4BC8-A547-91D1DB9680CC}.Debug|Mixed Platforms.Build.0 = Debug|Any CPU
		{A0A7A1E8-AF58-4BC8-A547-91D1DB9680CC}.Debug|x64.ActiveCfg = Debug|Any CPU
		{A0A7A1E8-AF58-4BC8-A547-91D1DB9680CC}.Debug|x64.Build.0 = Debug|Any CPU
		{A0A7A1E8-AF58-4BC8-A547-91D1DB9680CC}.Debug|x86.ActiveCfg = Debug|Any CPU
		{A0A7A1E8-AF58-4BC8-A547-91D1DB9680CC}.Release|Any CPU.ActiveCfg = Release|Any CPU
		{A0A7A1E8-AF58-4BC8-A547-91D1DB9680CC}.Release|Any CPU.Build.0 = Release|Any CPU
		{A0A7A1E8-AF58-4BC8-A547-91D1DB9680CC}.Release|Mixed Platforms.ActiveCfg = Release|Any CPU
		{A0A7A1E8-AF58-4BC8-A547-91D1DB9680CC}.Release|Mixed Platforms.Build.0 = Release|Any CPU
		{A0A7A1E8-AF58-4BC8-A547-91D1DB9680CC}.Release|x64.ActiveCfg = Release|Any CPU
		{A0A7A1E8-AF58-4BC8-A547-91D1DB9680CC}.Release|x64.Build.0 = Release|Any CPU
		{A0A7A1E8-AF58-4BC8-A547-91D1DB9680CC}.Release|x86.ActiveCfg = Release|Any CPU
		{45AA91B6-8657-4676-B441-5F325170B8B6}.CodeAnalysis|Any CPU.ActiveCfg = Release|Any CPU
		{45AA91B6-8657-4676-B441-5F325170B8B6}.CodeAnalysis|Any CPU.Build.0 = Release|Any CPU
		{45AA91B6-8657-4676-B441-5F325170B8B6}.CodeAnalysis|Mixed Platforms.ActiveCfg = Release|Any CPU
		{45AA91B6-8657-4676-B441-5F325170B8B6}.CodeAnalysis|Mixed Platforms.Build.0 = Release|Any CPU
		{45AA91B6-8657-4676-B441-5F325170B8B6}.CodeAnalysis|x64.ActiveCfg = Debug|Any CPU
		{45AA91B6-8657-4676-B441-5F325170B8B6}.CodeAnalysis|x64.Build.0 = Debug|Any CPU
		{45AA91B6-8657-4676-B441-5F325170B8B6}.CodeAnalysis|x86.ActiveCfg = Release|Any CPU
		{45AA91B6-8657-4676-B441-5F325170B8B6}.CodeCoverage|Any CPU.ActiveCfg = Release|Any CPU
		{45AA91B6-8657-4676-B441-5F325170B8B6}.CodeCoverage|Any CPU.Build.0 = Release|Any CPU
		{45AA91B6-8657-4676-B441-5F325170B8B6}.CodeCoverage|Mixed Platforms.ActiveCfg = Release|Any CPU
		{45AA91B6-8657-4676-B441-5F325170B8B6}.CodeCoverage|Mixed Platforms.Build.0 = Release|Any CPU
		{45AA91B6-8657-4676-B441-5F325170B8B6}.CodeCoverage|x64.ActiveCfg = Debug|Any CPU
		{45AA91B6-8657-4676-B441-5F325170B8B6}.CodeCoverage|x64.Build.0 = Debug|Any CPU
		{45AA91B6-8657-4676-B441-5F325170B8B6}.CodeCoverage|x86.ActiveCfg = Release|Any CPU
		{45AA91B6-8657-4676-B441-5F325170B8B6}.Cover|Any CPU.ActiveCfg = Debug|Any CPU
		{45AA91B6-8657-4676-B441-5F325170B8B6}.Cover|Any CPU.Build.0 = Debug|Any CPU
		{45AA91B6-8657-4676-B441-5F325170B8B6}.Cover|Mixed Platforms.ActiveCfg = Debug|Any CPU
		{45AA91B6-8657-4676-B441-5F325170B8B6}.Cover|Mixed Platforms.Build.0 = Debug|Any CPU
		{45AA91B6-8657-4676-B441-5F325170B8B6}.Cover|x64.ActiveCfg = Debug|Any CPU
		{45AA91B6-8657-4676-B441-5F325170B8B6}.Cover|x64.Build.0 = Debug|Any CPU
		{45AA91B6-8657-4676-B441-5F325170B8B6}.Cover|x86.ActiveCfg = Debug|Any CPU
		{45AA91B6-8657-4676-B441-5F325170B8B6}.Cover|x86.Build.0 = Debug|Any CPU
		{45AA91B6-8657-4676-B441-5F325170B8B6}.Debug|Any CPU.ActiveCfg = Debug|Any CPU
		{45AA91B6-8657-4676-B441-5F325170B8B6}.Debug|Any CPU.Build.0 = Debug|Any CPU
		{45AA91B6-8657-4676-B441-5F325170B8B6}.Debug|Mixed Platforms.ActiveCfg = Debug|Any CPU
		{45AA91B6-8657-4676-B441-5F325170B8B6}.Debug|Mixed Platforms.Build.0 = Debug|Any CPU
		{45AA91B6-8657-4676-B441-5F325170B8B6}.Debug|x64.ActiveCfg = Debug|Any CPU
		{45AA91B6-8657-4676-B441-5F325170B8B6}.Debug|x64.Build.0 = Debug|Any CPU
		{45AA91B6-8657-4676-B441-5F325170B8B6}.Debug|x86.ActiveCfg = Debug|Any CPU
		{45AA91B6-8657-4676-B441-5F325170B8B6}.Release|Any CPU.ActiveCfg = Release|Any CPU
		{45AA91B6-8657-4676-B441-5F325170B8B6}.Release|Any CPU.Build.0 = Release|Any CPU
		{45AA91B6-8657-4676-B441-5F325170B8B6}.Release|Mixed Platforms.ActiveCfg = Release|Any CPU
		{45AA91B6-8657-4676-B441-5F325170B8B6}.Release|Mixed Platforms.Build.0 = Release|Any CPU
		{45AA91B6-8657-4676-B441-5F325170B8B6}.Release|x64.ActiveCfg = Release|Any CPU
		{45AA91B6-8657-4676-B441-5F325170B8B6}.Release|x64.Build.0 = Release|Any CPU
		{45AA91B6-8657-4676-B441-5F325170B8B6}.Release|x86.ActiveCfg = Release|Any CPU
		{A71A9BE1-93A6-487E-98EB-9550C7401C12}.CodeAnalysis|Any CPU.ActiveCfg = Release|Any CPU
		{A71A9BE1-93A6-487E-98EB-9550C7401C12}.CodeAnalysis|Any CPU.Build.0 = Release|Any CPU
		{A71A9BE1-93A6-487E-98EB-9550C7401C12}.CodeAnalysis|Mixed Platforms.ActiveCfg = Release|Any CPU
		{A71A9BE1-93A6-487E-98EB-9550C7401C12}.CodeAnalysis|Mixed Platforms.Build.0 = Release|Any CPU
		{A71A9BE1-93A6-487E-98EB-9550C7401C12}.CodeAnalysis|x64.ActiveCfg = Debug|Any CPU
		{A71A9BE1-93A6-487E-98EB-9550C7401C12}.CodeAnalysis|x64.Build.0 = Debug|Any CPU
		{A71A9BE1-93A6-487E-98EB-9550C7401C12}.CodeAnalysis|x86.ActiveCfg = Release|Any CPU
		{A71A9BE1-93A6-487E-98EB-9550C7401C12}.CodeCoverage|Any CPU.ActiveCfg = Release|Any CPU
		{A71A9BE1-93A6-487E-98EB-9550C7401C12}.CodeCoverage|Any CPU.Build.0 = Release|Any CPU
		{A71A9BE1-93A6-487E-98EB-9550C7401C12}.CodeCoverage|Mixed Platforms.ActiveCfg = Release|Any CPU
		{A71A9BE1-93A6-487E-98EB-9550C7401C12}.CodeCoverage|Mixed Platforms.Build.0 = Release|Any CPU
		{A71A9BE1-93A6-487E-98EB-9550C7401C12}.CodeCoverage|x64.ActiveCfg = Debug|Any CPU
		{A71A9BE1-93A6-487E-98EB-9550C7401C12}.CodeCoverage|x64.Build.0 = Debug|Any CPU
		{A71A9BE1-93A6-487E-98EB-9550C7401C12}.CodeCoverage|x86.ActiveCfg = Release|Any CPU
		{A71A9BE1-93A6-487E-98EB-9550C7401C12}.Cover|Any CPU.ActiveCfg = Debug|Any CPU
		{A71A9BE1-93A6-487E-98EB-9550C7401C12}.Cover|Any CPU.Build.0 = Debug|Any CPU
		{A71A9BE1-93A6-487E-98EB-9550C7401C12}.Cover|Mixed Platforms.ActiveCfg = Debug|Any CPU
		{A71A9BE1-93A6-487E-98EB-9550C7401C12}.Cover|Mixed Platforms.Build.0 = Debug|Any CPU
		{A71A9BE1-93A6-487E-98EB-9550C7401C12}.Cover|x64.ActiveCfg = Debug|Any CPU
		{A71A9BE1-93A6-487E-98EB-9550C7401C12}.Cover|x64.Build.0 = Debug|Any CPU
		{A71A9BE1-93A6-487E-98EB-9550C7401C12}.Cover|x86.ActiveCfg = Debug|Any CPU
		{A71A9BE1-93A6-487E-98EB-9550C7401C12}.Cover|x86.Build.0 = Debug|Any CPU
		{A71A9BE1-93A6-487E-98EB-9550C7401C12}.Debug|Any CPU.ActiveCfg = Debug|Any CPU
		{A71A9BE1-93A6-487E-98EB-9550C7401C12}.Debug|Any CPU.Build.0 = Debug|Any CPU
		{A71A9BE1-93A6-487E-98EB-9550C7401C12}.Debug|Mixed Platforms.ActiveCfg = Debug|Any CPU
		{A71A9BE1-93A6-487E-98EB-9550C7401C12}.Debug|Mixed Platforms.Build.0 = Debug|Any CPU
		{A71A9BE1-93A6-487E-98EB-9550C7401C12}.Debug|x64.ActiveCfg = Debug|Any CPU
		{A71A9BE1-93A6-487E-98EB-9550C7401C12}.Debug|x64.Build.0 = Debug|Any CPU
		{A71A9BE1-93A6-487E-98EB-9550C7401C12}.Debug|x86.ActiveCfg = Debug|Any CPU
		{A71A9BE1-93A6-487E-98EB-9550C7401C12}.Release|Any CPU.ActiveCfg = Release|Any CPU
		{A71A9BE1-93A6-487E-98EB-9550C7401C12}.Release|Any CPU.Build.0 = Release|Any CPU
		{A71A9BE1-93A6-487E-98EB-9550C7401C12}.Release|Mixed Platforms.ActiveCfg = Release|Any CPU
		{A71A9BE1-93A6-487E-98EB-9550C7401C12}.Release|Mixed Platforms.Build.0 = Release|Any CPU
		{A71A9BE1-93A6-487E-98EB-9550C7401C12}.Release|x64.ActiveCfg = Release|Any CPU
		{A71A9BE1-93A6-487E-98EB-9550C7401C12}.Release|x64.Build.0 = Release|Any CPU
		{A71A9BE1-93A6-487E-98EB-9550C7401C12}.Release|x86.ActiveCfg = Release|Any CPU
		{FAC5C560-6EE4-441A-B7F4-8B21951C35E0}.CodeAnalysis|Any CPU.ActiveCfg = Release|Any CPU
		{FAC5C560-6EE4-441A-B7F4-8B21951C35E0}.CodeAnalysis|Any CPU.Build.0 = Release|Any CPU
		{FAC5C560-6EE4-441A-B7F4-8B21951C35E0}.CodeAnalysis|Mixed Platforms.ActiveCfg = Release|Any CPU
		{FAC5C560-6EE4-441A-B7F4-8B21951C35E0}.CodeAnalysis|Mixed Platforms.Build.0 = Release|Any CPU
		{FAC5C560-6EE4-441A-B7F4-8B21951C35E0}.CodeAnalysis|x64.ActiveCfg = Debug|Any CPU
		{FAC5C560-6EE4-441A-B7F4-8B21951C35E0}.CodeAnalysis|x64.Build.0 = Debug|Any CPU
		{FAC5C560-6EE4-441A-B7F4-8B21951C35E0}.CodeAnalysis|x86.ActiveCfg = Release|Any CPU
		{FAC5C560-6EE4-441A-B7F4-8B21951C35E0}.CodeCoverage|Any CPU.ActiveCfg = Release|Any CPU
		{FAC5C560-6EE4-441A-B7F4-8B21951C35E0}.CodeCoverage|Any CPU.Build.0 = Release|Any CPU
		{FAC5C560-6EE4-441A-B7F4-8B21951C35E0}.CodeCoverage|Mixed Platforms.ActiveCfg = Release|Any CPU
		{FAC5C560-6EE4-441A-B7F4-8B21951C35E0}.CodeCoverage|Mixed Platforms.Build.0 = Release|Any CPU
		{FAC5C560-6EE4-441A-B7F4-8B21951C35E0}.CodeCoverage|x64.ActiveCfg = Debug|Any CPU
		{FAC5C560-6EE4-441A-B7F4-8B21951C35E0}.CodeCoverage|x64.Build.0 = Debug|Any CPU
		{FAC5C560-6EE4-441A-B7F4-8B21951C35E0}.CodeCoverage|x86.ActiveCfg = Release|Any CPU
		{FAC5C560-6EE4-441A-B7F4-8B21951C35E0}.Cover|Any CPU.ActiveCfg = Debug|Any CPU
		{FAC5C560-6EE4-441A-B7F4-8B21951C35E0}.Cover|Any CPU.Build.0 = Debug|Any CPU
		{FAC5C560-6EE4-441A-B7F4-8B21951C35E0}.Cover|Mixed Platforms.ActiveCfg = Debug|Any CPU
		{FAC5C560-6EE4-441A-B7F4-8B21951C35E0}.Cover|Mixed Platforms.Build.0 = Debug|Any CPU
		{FAC5C560-6EE4-441A-B7F4-8B21951C35E0}.Cover|x64.ActiveCfg = Debug|Any CPU
		{FAC5C560-6EE4-441A-B7F4-8B21951C35E0}.Cover|x64.Build.0 = Debug|Any CPU
		{FAC5C560-6EE4-441A-B7F4-8B21951C35E0}.Cover|x86.ActiveCfg = Debug|Any CPU
		{FAC5C560-6EE4-441A-B7F4-8B21951C35E0}.Cover|x86.Build.0 = Debug|Any CPU
		{FAC5C560-6EE4-441A-B7F4-8B21951C35E0}.Debug|Any CPU.ActiveCfg = Debug|Any CPU
		{FAC5C560-6EE4-441A-B7F4-8B21951C35E0}.Debug|Any CPU.Build.0 = Debug|Any CPU
		{FAC5C560-6EE4-441A-B7F4-8B21951C35E0}.Debug|Mixed Platforms.ActiveCfg = Debug|Any CPU
		{FAC5C560-6EE4-441A-B7F4-8B21951C35E0}.Debug|Mixed Platforms.Build.0 = Debug|Any CPU
		{FAC5C560-6EE4-441A-B7F4-8B21951C35E0}.Debug|x64.ActiveCfg = Debug|Any CPU
		{FAC5C560-6EE4-441A-B7F4-8B21951C35E0}.Debug|x64.Build.0 = Debug|Any CPU
		{FAC5C560-6EE4-441A-B7F4-8B21951C35E0}.Debug|x86.ActiveCfg = Debug|Any CPU
		{FAC5C560-6EE4-441A-B7F4-8B21951C35E0}.Release|Any CPU.ActiveCfg = Release|Any CPU
		{FAC5C560-6EE4-441A-B7F4-8B21951C35E0}.Release|Any CPU.Build.0 = Release|Any CPU
		{FAC5C560-6EE4-441A-B7F4-8B21951C35E0}.Release|Mixed Platforms.ActiveCfg = Release|Any CPU
		{FAC5C560-6EE4-441A-B7F4-8B21951C35E0}.Release|Mixed Platforms.Build.0 = Release|Any CPU
		{FAC5C560-6EE4-441A-B7F4-8B21951C35E0}.Release|x64.ActiveCfg = Release|Any CPU
		{FAC5C560-6EE4-441A-B7F4-8B21951C35E0}.Release|x64.Build.0 = Release|Any CPU
		{FAC5C560-6EE4-441A-B7F4-8B21951C35E0}.Release|x86.ActiveCfg = Release|Any CPU
		{1D7E43C6-399C-4D06-9F5B-00241324B4D1}.CodeAnalysis|Any CPU.ActiveCfg = Release|Any CPU
		{1D7E43C6-399C-4D06-9F5B-00241324B4D1}.CodeAnalysis|Any CPU.Build.0 = Release|Any CPU
		{1D7E43C6-399C-4D06-9F5B-00241324B4D1}.CodeAnalysis|Mixed Platforms.ActiveCfg = Release|Any CPU
		{1D7E43C6-399C-4D06-9F5B-00241324B4D1}.CodeAnalysis|Mixed Platforms.Build.0 = Release|Any CPU
		{1D7E43C6-399C-4D06-9F5B-00241324B4D1}.CodeAnalysis|x64.ActiveCfg = Debug|Any CPU
		{1D7E43C6-399C-4D06-9F5B-00241324B4D1}.CodeAnalysis|x64.Build.0 = Debug|Any CPU
		{1D7E43C6-399C-4D06-9F5B-00241324B4D1}.CodeAnalysis|x86.ActiveCfg = Release|Any CPU
		{1D7E43C6-399C-4D06-9F5B-00241324B4D1}.CodeCoverage|Any CPU.ActiveCfg = Release|Any CPU
		{1D7E43C6-399C-4D06-9F5B-00241324B4D1}.CodeCoverage|Any CPU.Build.0 = Release|Any CPU
		{1D7E43C6-399C-4D06-9F5B-00241324B4D1}.CodeCoverage|Mixed Platforms.ActiveCfg = Release|Any CPU
		{1D7E43C6-399C-4D06-9F5B-00241324B4D1}.CodeCoverage|Mixed Platforms.Build.0 = Release|Any CPU
		{1D7E43C6-399C-4D06-9F5B-00241324B4D1}.CodeCoverage|x64.ActiveCfg = Debug|Any CPU
		{1D7E43C6-399C-4D06-9F5B-00241324B4D1}.CodeCoverage|x64.Build.0 = Debug|Any CPU
		{1D7E43C6-399C-4D06-9F5B-00241324B4D1}.CodeCoverage|x86.ActiveCfg = Release|Any CPU
		{1D7E43C6-399C-4D06-9F5B-00241324B4D1}.Cover|Any CPU.ActiveCfg = Debug|Any CPU
		{1D7E43C6-399C-4D06-9F5B-00241324B4D1}.Cover|Any CPU.Build.0 = Debug|Any CPU
		{1D7E43C6-399C-4D06-9F5B-00241324B4D1}.Cover|Mixed Platforms.ActiveCfg = Debug|Any CPU
		{1D7E43C6-399C-4D06-9F5B-00241324B4D1}.Cover|Mixed Platforms.Build.0 = Debug|Any CPU
		{1D7E43C6-399C-4D06-9F5B-00241324B4D1}.Cover|x64.ActiveCfg = Debug|Any CPU
		{1D7E43C6-399C-4D06-9F5B-00241324B4D1}.Cover|x64.Build.0 = Debug|Any CPU
		{1D7E43C6-399C-4D06-9F5B-00241324B4D1}.Cover|x86.ActiveCfg = Debug|Any CPU
		{1D7E43C6-399C-4D06-9F5B-00241324B4D1}.Cover|x86.Build.0 = Debug|Any CPU
		{1D7E43C6-399C-4D06-9F5B-00241324B4D1}.Debug|Any CPU.ActiveCfg = Debug|Any CPU
		{1D7E43C6-399C-4D06-9F5B-00241324B4D1}.Debug|Any CPU.Build.0 = Debug|Any CPU
		{1D7E43C6-399C-4D06-9F5B-00241324B4D1}.Debug|Mixed Platforms.ActiveCfg = Debug|Any CPU
		{1D7E43C6-399C-4D06-9F5B-00241324B4D1}.Debug|Mixed Platforms.Build.0 = Debug|Any CPU
		{1D7E43C6-399C-4D06-9F5B-00241324B4D1}.Debug|x64.ActiveCfg = Debug|Any CPU
		{1D7E43C6-399C-4D06-9F5B-00241324B4D1}.Debug|x64.Build.0 = Debug|Any CPU
		{1D7E43C6-399C-4D06-9F5B-00241324B4D1}.Debug|x86.ActiveCfg = Debug|Any CPU
		{1D7E43C6-399C-4D06-9F5B-00241324B4D1}.Release|Any CPU.ActiveCfg = Release|Any CPU
		{1D7E43C6-399C-4D06-9F5B-00241324B4D1}.Release|Any CPU.Build.0 = Release|Any CPU
		{1D7E43C6-399C-4D06-9F5B-00241324B4D1}.Release|Mixed Platforms.ActiveCfg = Release|Any CPU
		{1D7E43C6-399C-4D06-9F5B-00241324B4D1}.Release|Mixed Platforms.Build.0 = Release|Any CPU
		{1D7E43C6-399C-4D06-9F5B-00241324B4D1}.Release|x64.ActiveCfg = Release|Any CPU
		{1D7E43C6-399C-4D06-9F5B-00241324B4D1}.Release|x64.Build.0 = Release|Any CPU
		{1D7E43C6-399C-4D06-9F5B-00241324B4D1}.Release|x86.ActiveCfg = Release|Any CPU
		{D23E28F1-CCD0-43E0-8C0D-36731EC91318}.CodeAnalysis|Any CPU.ActiveCfg = CodeAnalysis|Any CPU
		{D23E28F1-CCD0-43E0-8C0D-36731EC91318}.CodeAnalysis|Any CPU.Build.0 = CodeAnalysis|Any CPU
		{D23E28F1-CCD0-43E0-8C0D-36731EC91318}.CodeAnalysis|Mixed Platforms.ActiveCfg = CodeAnalysis|Any CPU
		{D23E28F1-CCD0-43E0-8C0D-36731EC91318}.CodeAnalysis|Mixed Platforms.Build.0 = CodeAnalysis|Any CPU
		{D23E28F1-CCD0-43E0-8C0D-36731EC91318}.CodeAnalysis|x64.ActiveCfg = CodeAnalysis|Any CPU
		{D23E28F1-CCD0-43E0-8C0D-36731EC91318}.CodeAnalysis|x64.Build.0 = CodeAnalysis|Any CPU
		{D23E28F1-CCD0-43E0-8C0D-36731EC91318}.CodeAnalysis|x86.ActiveCfg = CodeAnalysis|Any CPU
		{D23E28F1-CCD0-43E0-8C0D-36731EC91318}.CodeCoverage|Any CPU.ActiveCfg = CodeAnalysis|Any CPU
		{D23E28F1-CCD0-43E0-8C0D-36731EC91318}.CodeCoverage|Any CPU.Build.0 = CodeAnalysis|Any CPU
		{D23E28F1-CCD0-43E0-8C0D-36731EC91318}.CodeCoverage|Mixed Platforms.ActiveCfg = CodeAnalysis|Any CPU
		{D23E28F1-CCD0-43E0-8C0D-36731EC91318}.CodeCoverage|Mixed Platforms.Build.0 = CodeAnalysis|Any CPU
		{D23E28F1-CCD0-43E0-8C0D-36731EC91318}.CodeCoverage|x64.ActiveCfg = CodeAnalysis|Any CPU
		{D23E28F1-CCD0-43E0-8C0D-36731EC91318}.CodeCoverage|x64.Build.0 = CodeAnalysis|Any CPU
		{D23E28F1-CCD0-43E0-8C0D-36731EC91318}.CodeCoverage|x86.ActiveCfg = CodeAnalysis|Any CPU
		{D23E28F1-CCD0-43E0-8C0D-36731EC91318}.Cover|Any CPU.ActiveCfg = CodeAnalysis|Any CPU
		{D23E28F1-CCD0-43E0-8C0D-36731EC91318}.Cover|Any CPU.Build.0 = CodeAnalysis|Any CPU
		{D23E28F1-CCD0-43E0-8C0D-36731EC91318}.Cover|Mixed Platforms.ActiveCfg = CodeAnalysis|Any CPU
		{D23E28F1-CCD0-43E0-8C0D-36731EC91318}.Cover|Mixed Platforms.Build.0 = CodeAnalysis|Any CPU
		{D23E28F1-CCD0-43E0-8C0D-36731EC91318}.Cover|x64.ActiveCfg = CodeAnalysis|Any CPU
		{D23E28F1-CCD0-43E0-8C0D-36731EC91318}.Cover|x64.Build.0 = CodeAnalysis|Any CPU
		{D23E28F1-CCD0-43E0-8C0D-36731EC91318}.Cover|x86.ActiveCfg = CodeAnalysis|Any CPU
		{D23E28F1-CCD0-43E0-8C0D-36731EC91318}.Cover|x86.Build.0 = CodeAnalysis|Any CPU
		{D23E28F1-CCD0-43E0-8C0D-36731EC91318}.Debug|Any CPU.ActiveCfg = Debug|Any CPU
		{D23E28F1-CCD0-43E0-8C0D-36731EC91318}.Debug|Any CPU.Build.0 = Debug|Any CPU
		{D23E28F1-CCD0-43E0-8C0D-36731EC91318}.Debug|Mixed Platforms.ActiveCfg = Debug|Any CPU
		{D23E28F1-CCD0-43E0-8C0D-36731EC91318}.Debug|Mixed Platforms.Build.0 = Debug|Any CPU
		{D23E28F1-CCD0-43E0-8C0D-36731EC91318}.Debug|x64.ActiveCfg = Debug|Any CPU
		{D23E28F1-CCD0-43E0-8C0D-36731EC91318}.Debug|x64.Build.0 = Debug|Any CPU
		{D23E28F1-CCD0-43E0-8C0D-36731EC91318}.Debug|x86.ActiveCfg = Debug|Any CPU
		{D23E28F1-CCD0-43E0-8C0D-36731EC91318}.Release|Any CPU.ActiveCfg = Release|Any CPU
		{D23E28F1-CCD0-43E0-8C0D-36731EC91318}.Release|Any CPU.Build.0 = Release|Any CPU
		{D23E28F1-CCD0-43E0-8C0D-36731EC91318}.Release|Mixed Platforms.ActiveCfg = Release|Any CPU
		{D23E28F1-CCD0-43E0-8C0D-36731EC91318}.Release|Mixed Platforms.Build.0 = Release|Any CPU
		{D23E28F1-CCD0-43E0-8C0D-36731EC91318}.Release|x64.ActiveCfg = Release|Any CPU
		{D23E28F1-CCD0-43E0-8C0D-36731EC91318}.Release|x64.Build.0 = Release|Any CPU
		{D23E28F1-CCD0-43E0-8C0D-36731EC91318}.Release|x86.ActiveCfg = Release|Any CPU
		{CF73AAA7-ACE9-4C91-AFA5-5EC1DF18FEEE}.CodeAnalysis|Any CPU.ActiveCfg = CodeAnalysis|Any CPU
		{CF73AAA7-ACE9-4C91-AFA5-5EC1DF18FEEE}.CodeAnalysis|Any CPU.Build.0 = CodeAnalysis|Any CPU
		{CF73AAA7-ACE9-4C91-AFA5-5EC1DF18FEEE}.CodeAnalysis|Mixed Platforms.ActiveCfg = CodeAnalysis|Any CPU
		{CF73AAA7-ACE9-4C91-AFA5-5EC1DF18FEEE}.CodeAnalysis|Mixed Platforms.Build.0 = CodeAnalysis|Any CPU
		{CF73AAA7-ACE9-4C91-AFA5-5EC1DF18FEEE}.CodeAnalysis|x64.ActiveCfg = CodeAnalysis|Any CPU
		{CF73AAA7-ACE9-4C91-AFA5-5EC1DF18FEEE}.CodeAnalysis|x86.ActiveCfg = CodeAnalysis|Any CPU
		{CF73AAA7-ACE9-4C91-AFA5-5EC1DF18FEEE}.CodeCoverage|Any CPU.ActiveCfg = CodeAnalysis|Any CPU
		{CF73AAA7-ACE9-4C91-AFA5-5EC1DF18FEEE}.CodeCoverage|Any CPU.Build.0 = CodeAnalysis|Any CPU
		{CF73AAA7-ACE9-4C91-AFA5-5EC1DF18FEEE}.CodeCoverage|Mixed Platforms.ActiveCfg = CodeAnalysis|Any CPU
		{CF73AAA7-ACE9-4C91-AFA5-5EC1DF18FEEE}.CodeCoverage|Mixed Platforms.Build.0 = CodeAnalysis|Any CPU
		{CF73AAA7-ACE9-4C91-AFA5-5EC1DF18FEEE}.CodeCoverage|x64.ActiveCfg = CodeAnalysis|Any CPU
		{CF73AAA7-ACE9-4C91-AFA5-5EC1DF18FEEE}.CodeCoverage|x86.ActiveCfg = CodeAnalysis|Any CPU
		{CF73AAA7-ACE9-4C91-AFA5-5EC1DF18FEEE}.Cover|Any CPU.ActiveCfg = CodeAnalysis|Any CPU
		{CF73AAA7-ACE9-4C91-AFA5-5EC1DF18FEEE}.Cover|Mixed Platforms.ActiveCfg = CodeAnalysis|Any CPU
		{CF73AAA7-ACE9-4C91-AFA5-5EC1DF18FEEE}.Cover|x64.ActiveCfg = CodeAnalysis|Any CPU
		{CF73AAA7-ACE9-4C91-AFA5-5EC1DF18FEEE}.Cover|x86.ActiveCfg = CodeAnalysis|Any CPU
		{CF73AAA7-ACE9-4C91-AFA5-5EC1DF18FEEE}.Debug|Any CPU.ActiveCfg = Debug|Any CPU
		{CF73AAA7-ACE9-4C91-AFA5-5EC1DF18FEEE}.Debug|Any CPU.Build.0 = Debug|Any CPU
		{CF73AAA7-ACE9-4C91-AFA5-5EC1DF18FEEE}.Debug|Mixed Platforms.ActiveCfg = Debug|Any CPU
		{CF73AAA7-ACE9-4C91-AFA5-5EC1DF18FEEE}.Debug|Mixed Platforms.Build.0 = Debug|Any CPU
		{CF73AAA7-ACE9-4C91-AFA5-5EC1DF18FEEE}.Debug|x64.ActiveCfg = Debug|Any CPU
		{CF73AAA7-ACE9-4C91-AFA5-5EC1DF18FEEE}.Debug|x86.ActiveCfg = Debug|Any CPU
		{CF73AAA7-ACE9-4C91-AFA5-5EC1DF18FEEE}.Release|Any CPU.ActiveCfg = Release|Any CPU
		{CF73AAA7-ACE9-4C91-AFA5-5EC1DF18FEEE}.Release|Any CPU.Build.0 = Release|Any CPU
		{CF73AAA7-ACE9-4C91-AFA5-5EC1DF18FEEE}.Release|Mixed Platforms.ActiveCfg = Release|Any CPU
		{CF73AAA7-ACE9-4C91-AFA5-5EC1DF18FEEE}.Release|Mixed Platforms.Build.0 = Release|Any CPU
		{CF73AAA7-ACE9-4C91-AFA5-5EC1DF18FEEE}.Release|x64.ActiveCfg = Release|Any CPU
		{CF73AAA7-ACE9-4C91-AFA5-5EC1DF18FEEE}.Release|x86.ActiveCfg = Release|Any CPU
		{5D921888-FE03-4C3F-40FE-2F624505461D}.CodeAnalysis|Any CPU.ActiveCfg = Cover|Any CPU
		{5D921888-FE03-4C3F-40FE-2F624505461D}.CodeAnalysis|Any CPU.Build.0 = Cover|Any CPU
		{5D921888-FE03-4C3F-40FE-2F624505461D}.CodeAnalysis|Mixed Platforms.ActiveCfg = Cover|x86
		{5D921888-FE03-4C3F-40FE-2F624505461D}.CodeAnalysis|Mixed Platforms.Build.0 = Cover|x86
		{5D921888-FE03-4C3F-40FE-2F624505461D}.CodeAnalysis|x64.ActiveCfg = Cover|x64
		{5D921888-FE03-4C3F-40FE-2F624505461D}.CodeAnalysis|x64.Build.0 = Cover|x64
		{5D921888-FE03-4C3F-40FE-2F624505461D}.CodeAnalysis|x86.ActiveCfg = Cover|x86
		{5D921888-FE03-4C3F-40FE-2F624505461D}.CodeAnalysis|x86.Build.0 = Cover|x86
		{5D921888-FE03-4C3F-40FE-2F624505461D}.CodeCoverage|Any CPU.ActiveCfg = Cover|Any CPU
		{5D921888-FE03-4C3F-40FE-2F624505461D}.CodeCoverage|Any CPU.Build.0 = Cover|Any CPU
		{5D921888-FE03-4C3F-40FE-2F624505461D}.CodeCoverage|Mixed Platforms.ActiveCfg = Cover|x86
		{5D921888-FE03-4C3F-40FE-2F624505461D}.CodeCoverage|Mixed Platforms.Build.0 = Cover|x86
		{5D921888-FE03-4C3F-40FE-2F624505461D}.CodeCoverage|x64.ActiveCfg = Cover|x64
		{5D921888-FE03-4C3F-40FE-2F624505461D}.CodeCoverage|x64.Build.0 = Cover|x64
		{5D921888-FE03-4C3F-40FE-2F624505461D}.CodeCoverage|x86.ActiveCfg = Cover|x86
		{5D921888-FE03-4C3F-40FE-2F624505461D}.CodeCoverage|x86.Build.0 = Cover|x86
		{5D921888-FE03-4C3F-40FE-2F624505461D}.Cover|Any CPU.ActiveCfg = Cover|Any CPU
		{5D921888-FE03-4C3F-40FE-2F624505461D}.Cover|Any CPU.Build.0 = Cover|Any CPU
		{5D921888-FE03-4C3F-40FE-2F624505461D}.Cover|Mixed Platforms.ActiveCfg = Cover|x86
		{5D921888-FE03-4C3F-40FE-2F624505461D}.Cover|Mixed Platforms.Build.0 = Cover|x86
		{5D921888-FE03-4C3F-40FE-2F624505461D}.Cover|x64.ActiveCfg = Cover|x64
		{5D921888-FE03-4C3F-40FE-2F624505461D}.Cover|x64.Build.0 = Cover|x64
		{5D921888-FE03-4C3F-40FE-2F624505461D}.Cover|x86.ActiveCfg = Cover|x86
		{5D921888-FE03-4C3F-40FE-2F624505461D}.Cover|x86.Build.0 = Cover|x86
		{5D921888-FE03-4C3F-40FE-2F624505461D}.Debug|Any CPU.ActiveCfg = Debug|Any CPU
		{5D921888-FE03-4C3F-40FE-2F624505461D}.Debug|Any CPU.Build.0 = Debug|Any CPU
		{5D921888-FE03-4C3F-40FE-2F624505461D}.Debug|Mixed Platforms.ActiveCfg = Debug|x86
		{5D921888-FE03-4C3F-40FE-2F624505461D}.Debug|Mixed Platforms.Build.0 = Debug|x86
		{5D921888-FE03-4C3F-40FE-2F624505461D}.Debug|x64.ActiveCfg = Debug|x64
		{5D921888-FE03-4C3F-40FE-2F624505461D}.Debug|x64.Build.0 = Debug|x64
		{5D921888-FE03-4C3F-40FE-2F624505461D}.Debug|x86.ActiveCfg = Debug|x86
		{5D921888-FE03-4C3F-40FE-2F624505461D}.Debug|x86.Build.0 = Debug|x86
		{5D921888-FE03-4C3F-40FE-2F624505461D}.Release|Any CPU.ActiveCfg = Release|Any CPU
		{5D921888-FE03-4C3F-40FE-2F624505461D}.Release|Any CPU.Build.0 = Release|Any CPU
		{5D921888-FE03-4C3F-40FE-2F624505461D}.Release|Mixed Platforms.ActiveCfg = Release|x86
		{5D921888-FE03-4C3F-40FE-2F624505461D}.Release|Mixed Platforms.Build.0 = Release|x86
		{5D921888-FE03-4C3F-40FE-2F624505461D}.Release|x64.ActiveCfg = Release|x64
		{5D921888-FE03-4C3F-40FE-2F624505461D}.Release|x64.Build.0 = Release|x64
		{5D921888-FE03-4C3F-40FE-2F624505461D}.Release|x86.ActiveCfg = Release|x86
		{5D921888-FE03-4C3F-40FE-2F624505461D}.Release|x86.Build.0 = Release|x86
		{989A83CC-B864-4A75-8BF3-5EDA99203A86}.CodeAnalysis|Any CPU.ActiveCfg = Cover|Any CPU
		{989A83CC-B864-4A75-8BF3-5EDA99203A86}.CodeAnalysis|Any CPU.Build.0 = Cover|Any CPU
		{989A83CC-B864-4A75-8BF3-5EDA99203A86}.CodeAnalysis|Mixed Platforms.ActiveCfg = Cover|x86
		{989A83CC-B864-4A75-8BF3-5EDA99203A86}.CodeAnalysis|Mixed Platforms.Build.0 = Cover|x86
		{989A83CC-B864-4A75-8BF3-5EDA99203A86}.CodeAnalysis|x64.ActiveCfg = Cover|x64
		{989A83CC-B864-4A75-8BF3-5EDA99203A86}.CodeAnalysis|x64.Build.0 = Cover|x64
		{989A83CC-B864-4A75-8BF3-5EDA99203A86}.CodeAnalysis|x86.ActiveCfg = Cover|x86
		{989A83CC-B864-4A75-8BF3-5EDA99203A86}.CodeAnalysis|x86.Build.0 = Cover|x86
		{989A83CC-B864-4A75-8BF3-5EDA99203A86}.CodeCoverage|Any CPU.ActiveCfg = Cover|Any CPU
		{989A83CC-B864-4A75-8BF3-5EDA99203A86}.CodeCoverage|Any CPU.Build.0 = Cover|Any CPU
		{989A83CC-B864-4A75-8BF3-5EDA99203A86}.CodeCoverage|Mixed Platforms.ActiveCfg = Cover|x86
		{989A83CC-B864-4A75-8BF3-5EDA99203A86}.CodeCoverage|Mixed Platforms.Build.0 = Cover|x86
		{989A83CC-B864-4A75-8BF3-5EDA99203A86}.CodeCoverage|x64.ActiveCfg = Cover|x64
		{989A83CC-B864-4A75-8BF3-5EDA99203A86}.CodeCoverage|x64.Build.0 = Cover|x64
		{989A83CC-B864-4A75-8BF3-5EDA99203A86}.CodeCoverage|x86.ActiveCfg = Cover|x86
		{989A83CC-B864-4A75-8BF3-5EDA99203A86}.CodeCoverage|x86.Build.0 = Cover|x86
		{989A83CC-B864-4A75-8BF3-5EDA99203A86}.Cover|Any CPU.ActiveCfg = Cover|Any CPU
		{989A83CC-B864-4A75-8BF3-5EDA99203A86}.Cover|Any CPU.Build.0 = Cover|Any CPU
		{989A83CC-B864-4A75-8BF3-5EDA99203A86}.Cover|Mixed Platforms.ActiveCfg = Cover|x86
		{989A83CC-B864-4A75-8BF3-5EDA99203A86}.Cover|Mixed Platforms.Build.0 = Cover|x86
		{989A83CC-B864-4A75-8BF3-5EDA99203A86}.Cover|x64.ActiveCfg = Cover|x64
		{989A83CC-B864-4A75-8BF3-5EDA99203A86}.Cover|x64.Build.0 = Cover|x64
		{989A83CC-B864-4A75-8BF3-5EDA99203A86}.Cover|x86.ActiveCfg = Cover|x86
		{989A83CC-B864-4A75-8BF3-5EDA99203A86}.Cover|x86.Build.0 = Cover|x86
		{989A83CC-B864-4A75-8BF3-5EDA99203A86}.Debug|Any CPU.ActiveCfg = Debug|Any CPU
		{989A83CC-B864-4A75-8BF3-5EDA99203A86}.Debug|Any CPU.Build.0 = Debug|Any CPU
		{989A83CC-B864-4A75-8BF3-5EDA99203A86}.Debug|Mixed Platforms.ActiveCfg = Debug|x86
		{989A83CC-B864-4A75-8BF3-5EDA99203A86}.Debug|Mixed Platforms.Build.0 = Debug|x86
		{989A83CC-B864-4A75-8BF3-5EDA99203A86}.Debug|x64.ActiveCfg = Debug|x64
		{989A83CC-B864-4A75-8BF3-5EDA99203A86}.Debug|x64.Build.0 = Debug|x64
		{989A83CC-B864-4A75-8BF3-5EDA99203A86}.Debug|x86.ActiveCfg = Debug|x86
		{989A83CC-B864-4A75-8BF3-5EDA99203A86}.Debug|x86.Build.0 = Debug|x86
		{989A83CC-B864-4A75-8BF3-5EDA99203A86}.Release|Any CPU.ActiveCfg = Release|Any CPU
		{989A83CC-B864-4A75-8BF3-5EDA99203A86}.Release|Any CPU.Build.0 = Release|Any CPU
		{989A83CC-B864-4A75-8BF3-5EDA99203A86}.Release|Mixed Platforms.ActiveCfg = Release|x86
		{989A83CC-B864-4A75-8BF3-5EDA99203A86}.Release|Mixed Platforms.Build.0 = Release|x86
		{989A83CC-B864-4A75-8BF3-5EDA99203A86}.Release|x64.ActiveCfg = Release|x64
		{989A83CC-B864-4A75-8BF3-5EDA99203A86}.Release|x64.Build.0 = Release|x64
		{989A83CC-B864-4A75-8BF3-5EDA99203A86}.Release|x86.ActiveCfg = Release|x86
		{989A83CC-B864-4A75-8BF3-5EDA99203A86}.Release|x86.Build.0 = Release|x86
		{D1567C63-4A0D-4E18-A14E-79699B9BFFFF}.CodeAnalysis|Any CPU.ActiveCfg = Cover|Any CPU
		{D1567C63-4A0D-4E18-A14E-79699B9BFFFF}.CodeAnalysis|Any CPU.Build.0 = Cover|Any CPU
		{D1567C63-4A0D-4E18-A14E-79699B9BFFFF}.CodeAnalysis|Mixed Platforms.ActiveCfg = Cover|x86
		{D1567C63-4A0D-4E18-A14E-79699B9BFFFF}.CodeAnalysis|Mixed Platforms.Build.0 = Cover|x86
		{D1567C63-4A0D-4E18-A14E-79699B9BFFFF}.CodeAnalysis|x64.ActiveCfg = Cover|x64
		{D1567C63-4A0D-4E18-A14E-79699B9BFFFF}.CodeAnalysis|x64.Build.0 = Cover|x64
		{D1567C63-4A0D-4E18-A14E-79699B9BFFFF}.CodeAnalysis|x86.ActiveCfg = Cover|x86
		{D1567C63-4A0D-4E18-A14E-79699B9BFFFF}.CodeAnalysis|x86.Build.0 = Cover|x86
		{D1567C63-4A0D-4E18-A14E-79699B9BFFFF}.CodeCoverage|Any CPU.ActiveCfg = Cover|Any CPU
		{D1567C63-4A0D-4E18-A14E-79699B9BFFFF}.CodeCoverage|Any CPU.Build.0 = Cover|Any CPU
		{D1567C63-4A0D-4E18-A14E-79699B9BFFFF}.CodeCoverage|Mixed Platforms.ActiveCfg = Cover|x86
		{D1567C63-4A0D-4E18-A14E-79699B9BFFFF}.CodeCoverage|Mixed Platforms.Build.0 = Cover|x86
		{D1567C63-4A0D-4E18-A14E-79699B9BFFFF}.CodeCoverage|x64.ActiveCfg = Cover|x64
		{D1567C63-4A0D-4E18-A14E-79699B9BFFFF}.CodeCoverage|x64.Build.0 = Cover|x64
		{D1567C63-4A0D-4E18-A14E-79699B9BFFFF}.CodeCoverage|x86.ActiveCfg = Cover|x86
		{D1567C63-4A0D-4E18-A14E-79699B9BFFFF}.CodeCoverage|x86.Build.0 = Cover|x86
		{D1567C63-4A0D-4E18-A14E-79699B9BFFFF}.Cover|Any CPU.ActiveCfg = Cover|Any CPU
		{D1567C63-4A0D-4E18-A14E-79699B9BFFFF}.Cover|Any CPU.Build.0 = Cover|Any CPU
		{D1567C63-4A0D-4E18-A14E-79699B9BFFFF}.Cover|Mixed Platforms.ActiveCfg = Cover|x86
		{D1567C63-4A0D-4E18-A14E-79699B9BFFFF}.Cover|Mixed Platforms.Build.0 = Cover|x86
		{D1567C63-4A0D-4E18-A14E-79699B9BFFFF}.Cover|x64.ActiveCfg = Cover|x64
		{D1567C63-4A0D-4E18-A14E-79699B9BFFFF}.Cover|x64.Build.0 = Cover|x64
		{D1567C63-4A0D-4E18-A14E-79699B9BFFFF}.Cover|x86.ActiveCfg = Cover|x86
		{D1567C63-4A0D-4E18-A14E-79699B9BFFFF}.Cover|x86.Build.0 = Cover|x86
		{D1567C63-4A0D-4E18-A14E-79699B9BFFFF}.Debug|Any CPU.ActiveCfg = Debug|Any CPU
		{D1567C63-4A0D-4E18-A14E-79699B9BFFFF}.Debug|Any CPU.Build.0 = Debug|Any CPU
		{D1567C63-4A0D-4E18-A14E-79699B9BFFFF}.Debug|Mixed Platforms.ActiveCfg = Debug|x86
		{D1567C63-4A0D-4E18-A14E-79699B9BFFFF}.Debug|Mixed Platforms.Build.0 = Debug|x86
		{D1567C63-4A0D-4E18-A14E-79699B9BFFFF}.Debug|x64.ActiveCfg = Debug|x64
		{D1567C63-4A0D-4E18-A14E-79699B9BFFFF}.Debug|x64.Build.0 = Debug|x64
		{D1567C63-4A0D-4E18-A14E-79699B9BFFFF}.Debug|x86.ActiveCfg = Debug|x86
		{D1567C63-4A0D-4E18-A14E-79699B9BFFFF}.Debug|x86.Build.0 = Debug|x86
		{D1567C63-4A0D-4E18-A14E-79699B9BFFFF}.Release|Any CPU.ActiveCfg = Release|Any CPU
		{D1567C63-4A0D-4E18-A14E-79699B9BFFFF}.Release|Any CPU.Build.0 = Release|Any CPU
		{D1567C63-4A0D-4E18-A14E-79699B9BFFFF}.Release|Mixed Platforms.ActiveCfg = Release|x86
		{D1567C63-4A0D-4E18-A14E-79699B9BFFFF}.Release|Mixed Platforms.Build.0 = Release|x86
		{D1567C63-4A0D-4E18-A14E-79699B9BFFFF}.Release|x64.ActiveCfg = Release|x64
		{D1567C63-4A0D-4E18-A14E-79699B9BFFFF}.Release|x64.Build.0 = Release|x64
		{D1567C63-4A0D-4E18-A14E-79699B9BFFFF}.Release|x86.ActiveCfg = Release|x86
		{D1567C63-4A0D-4E18-A14E-79699B9BFFFF}.Release|x86.Build.0 = Release|x86
		{7D921888-FE03-4C3F-80FE-2F624505461C}.CodeAnalysis|Any CPU.ActiveCfg = Cover|Any CPU
		{7D921888-FE03-4C3F-80FE-2F624505461C}.CodeAnalysis|Any CPU.Build.0 = Cover|Any CPU
		{7D921888-FE03-4C3F-80FE-2F624505461C}.CodeAnalysis|Mixed Platforms.ActiveCfg = Cover|x86
		{7D921888-FE03-4C3F-80FE-2F624505461C}.CodeAnalysis|Mixed Platforms.Build.0 = Cover|x86
		{7D921888-FE03-4C3F-80FE-2F624505461C}.CodeAnalysis|x64.ActiveCfg = Cover|x64
		{7D921888-FE03-4C3F-80FE-2F624505461C}.CodeAnalysis|x64.Build.0 = Cover|x64
		{7D921888-FE03-4C3F-80FE-2F624505461C}.CodeAnalysis|x86.ActiveCfg = Cover|x86
		{7D921888-FE03-4C3F-80FE-2F624505461C}.CodeAnalysis|x86.Build.0 = Cover|x86
		{7D921888-FE03-4C3F-80FE-2F624505461C}.CodeCoverage|Any CPU.ActiveCfg = Cover|Any CPU
		{7D921888-FE03-4C3F-80FE-2F624505461C}.CodeCoverage|Any CPU.Build.0 = Cover|Any CPU
		{7D921888-FE03-4C3F-80FE-2F624505461C}.CodeCoverage|Mixed Platforms.ActiveCfg = Cover|x86
		{7D921888-FE03-4C3F-80FE-2F624505461C}.CodeCoverage|Mixed Platforms.Build.0 = Cover|x86
		{7D921888-FE03-4C3F-80FE-2F624505461C}.CodeCoverage|x64.ActiveCfg = Cover|x64
		{7D921888-FE03-4C3F-80FE-2F624505461C}.CodeCoverage|x64.Build.0 = Cover|x64
		{7D921888-FE03-4C3F-80FE-2F624505461C}.CodeCoverage|x86.ActiveCfg = Cover|x86
		{7D921888-FE03-4C3F-80FE-2F624505461C}.CodeCoverage|x86.Build.0 = Cover|x86
		{7D921888-FE03-4C3F-80FE-2F624505461C}.Cover|Any CPU.ActiveCfg = Cover|Any CPU
		{7D921888-FE03-4C3F-80FE-2F624505461C}.Cover|Any CPU.Build.0 = Cover|Any CPU
		{7D921888-FE03-4C3F-80FE-2F624505461C}.Cover|Mixed Platforms.ActiveCfg = Cover|x86
		{7D921888-FE03-4C3F-80FE-2F624505461C}.Cover|Mixed Platforms.Build.0 = Cover|x86
		{7D921888-FE03-4C3F-80FE-2F624505461C}.Cover|x64.ActiveCfg = Cover|x64
		{7D921888-FE03-4C3F-80FE-2F624505461C}.Cover|x64.Build.0 = Cover|x64
		{7D921888-FE03-4C3F-80FE-2F624505461C}.Cover|x86.ActiveCfg = Cover|x86
		{7D921888-FE03-4C3F-80FE-2F624505461C}.Cover|x86.Build.0 = Cover|x86
		{7D921888-FE03-4C3F-80FE-2F624505461C}.Debug|Any CPU.ActiveCfg = Debug|Any CPU
		{7D921888-FE03-4C3F-80FE-2F624505461C}.Debug|Any CPU.Build.0 = Debug|Any CPU
		{7D921888-FE03-4C3F-80FE-2F624505461C}.Debug|Mixed Platforms.ActiveCfg = Debug|x86
		{7D921888-FE03-4C3F-80FE-2F624505461C}.Debug|Mixed Platforms.Build.0 = Debug|x86
		{7D921888-FE03-4C3F-80FE-2F624505461C}.Debug|x64.ActiveCfg = Debug|x64
		{7D921888-FE03-4C3F-80FE-2F624505461C}.Debug|x64.Build.0 = Debug|x64
		{7D921888-FE03-4C3F-80FE-2F624505461C}.Debug|x86.ActiveCfg = Debug|x86
		{7D921888-FE03-4C3F-80FE-2F624505461C}.Debug|x86.Build.0 = Debug|x86
		{7D921888-FE03-4C3F-80FE-2F624505461C}.Release|Any CPU.ActiveCfg = Release|Any CPU
		{7D921888-FE03-4C3F-80FE-2F624505461C}.Release|Any CPU.Build.0 = Release|Any CPU
		{7D921888-FE03-4C3F-80FE-2F624505461C}.Release|Mixed Platforms.ActiveCfg = Release|x86
		{7D921888-FE03-4C3F-80FE-2F624505461C}.Release|Mixed Platforms.Build.0 = Release|x86
		{7D921888-FE03-4C3F-80FE-2F624505461C}.Release|x64.ActiveCfg = Release|x64
		{7D921888-FE03-4C3F-80FE-2F624505461C}.Release|x64.Build.0 = Release|x64
		{7D921888-FE03-4C3F-80FE-2F624505461C}.Release|x86.ActiveCfg = Release|x86
		{7D921888-FE03-4C3F-80FE-2F624505461C}.Release|x86.Build.0 = Release|x86
	EndGlobalSection
	GlobalSection(SolutionProperties) = preSolution
		HideSolutionNode = FALSE
	EndGlobalSection
	GlobalSection(NestedProjects) = preSolution
		{5516EA5D-350A-447A-9399-61A22A9C4F4B} = {DD61AE62-B084-4A8C-AE1E-615A62BA645D}
		{A0A7A1E8-AF58-4BC8-A547-91D1DB9680CC} = {C015197B-27D3-499F-9A31-63E9E7D58F58}
		{45AA91B6-8657-4676-B441-5F325170B8B6} = {C015197B-27D3-499F-9A31-63E9E7D58F58}
		{A71A9BE1-93A6-487E-98EB-9550C7401C12} = {C015197B-27D3-499F-9A31-63E9E7D58F58}
		{FAC5C560-6EE4-441A-B7F4-8B21951C35E0} = {C015197B-27D3-499F-9A31-63E9E7D58F58}
		{1D7E43C6-399C-4D06-9F5B-00241324B4D1} = {C015197B-27D3-499F-9A31-63E9E7D58F58}
		{D23E28F1-CCD0-43E0-8C0D-36731EC91318} = {F4C937D2-3BD0-4F6B-B75F-A526A7FD978B}
		{CF73AAA7-ACE9-4C91-AFA5-5EC1DF18FEEE} = {F4C937D2-3BD0-4F6B-B75F-A526A7FD978B}
		{5D921888-FE03-4C3F-40FE-2F624505461D} = {F4C937D2-3BD0-4F6B-B75F-A526A7FD978B}
		{989A83CC-B864-4A75-8BF3-5EDA99203A86} = {F4C937D2-3BD0-4F6B-B75F-A526A7FD978B}
		{D1567C63-4A0D-4E18-A14E-79699B9BFFFF} = {F4C937D2-3BD0-4F6B-B75F-A526A7FD978B}
		{7D921888-FE03-4C3F-80FE-2F624505461C} = {F4C937D2-3BD0-4F6B-B75F-A526A7FD978B}
	EndGlobalSection
EndGlobal
